// !$*UTF8*$!
{
	archiveVersion = 1;
	classes = {
	};
	objectVersion = 46;
	objects = {

/* Begin PBXBuildFile section */
		1D3623260D0F684500981E51 /* HundredMillion_AppDelegate.m in Sources */ = {isa = PBXBuildFile; fileRef = 1D3623250D0F684500981E51 /* HundredMillion_AppDelegate.m */; };
		1D60589B0D05DD56006BFB54 /* main.m in Sources */ = {isa = PBXBuildFile; fileRef = 29B97316FDCFA39411CA2CEA /* main.m */; };
		28AD733F0D9D9553002E5188 /* MainWindow.xib in Resources */ = {isa = PBXBuildFile; fileRef = 28AD733E0D9D9553002E5188 /* MainWindow.xib */; };
		5A4E63C7169928580075456C /* MBProgressHUD.m in Sources */ = {isa = PBXBuildFile; fileRef = 5A4E63C1169928580075456C /* MBProgressHUD.m */; };
		5A4E63C8169928580075456C /* SVProgressHUD.bundle in Resources */ = {isa = PBXBuildFile; fileRef = 5A4E63C2169928580075456C /* SVProgressHUD.bundle */; };
		5A4E63C9169928580075456C /* SVProgressHUD.m in Sources */ = {isa = PBXBuildFile; fileRef = 5A4E63C4169928580075456C /* SVProgressHUD.m */; settings = {COMPILER_FLAGS = "-fobjc-arc"; }; };
		5A4E63CA169928580075456C /* WatingWindow.m in Sources */ = {isa = PBXBuildFile; fileRef = 5A4E63C6169928580075456C /* WatingWindow.m */; };
		5A5E6A101758C42400F5DD9E /* MKAnnotationView+WebCache.m in Sources */ = {isa = PBXBuildFile; fileRef = 5A5E69F81758C42400F5DD9E /* MKAnnotationView+WebCache.m */; };
		5A5E6A111758C42400F5DD9E /* NSData+GIF.m in Sources */ = {isa = PBXBuildFile; fileRef = 5A5E69FA1758C42400F5DD9E /* NSData+GIF.m */; };
		5A5E6A121758C42400F5DD9E /* SDImageCache.m in Sources */ = {isa = PBXBuildFile; fileRef = 5A5E69FC1758C42400F5DD9E /* SDImageCache.m */; };
		5A5E6A131758C42400F5DD9E /* SDWebImageCompat.m in Sources */ = {isa = PBXBuildFile; fileRef = 5A5E69FE1758C42400F5DD9E /* SDWebImageCompat.m */; };
		5A5E6A141758C42400F5DD9E /* SDWebImageDecoder.m in Sources */ = {isa = PBXBuildFile; fileRef = 5A5E6A001758C42400F5DD9E /* SDWebImageDecoder.m */; };
		5A5E6A151758C42400F5DD9E /* SDWebImageDownloader.m in Sources */ = {isa = PBXBuildFile; fileRef = 5A5E6A021758C42400F5DD9E /* SDWebImageDownloader.m */; };
		5A5E6A161758C42400F5DD9E /* SDWebImageDownloaderOperation.m in Sources */ = {isa = PBXBuildFile; fileRef = 5A5E6A041758C42400F5DD9E /* SDWebImageDownloaderOperation.m */; };
		5A5E6A171758C42400F5DD9E /* SDWebImageManager.m in Sources */ = {isa = PBXBuildFile; fileRef = 5A5E6A061758C42400F5DD9E /* SDWebImageManager.m */; };
		5A5E6A181758C42400F5DD9E /* SDWebImagePrefetcher.m in Sources */ = {isa = PBXBuildFile; fileRef = 5A5E6A091758C42400F5DD9E /* SDWebImagePrefetcher.m */; };
		5A5E6A191758C42400F5DD9E /* UIButton+WebCache.m in Sources */ = {isa = PBXBuildFile; fileRef = 5A5E6A0B1758C42400F5DD9E /* UIButton+WebCache.m */; };
		5A5E6A1A1758C42400F5DD9E /* UIImage+GIF.m in Sources */ = {isa = PBXBuildFile; fileRef = 5A5E6A0D1758C42400F5DD9E /* UIImage+GIF.m */; };
		5A5E6A1B1758C42400F5DD9E /* UIImageView+WebCache.m in Sources */ = {isa = PBXBuildFile; fileRef = 5A5E6A0F1758C42400F5DD9E /* UIImageView+WebCache.m */; };
		B7BC703D153D01AD005E85E2 /* NSObject+SBJSON.m in Sources */ = {isa = PBXBuildFile; fileRef = B7BC7016153D01AD005E85E2 /* NSObject+SBJSON.m */; };
		B7BC703E153D01AD005E85E2 /* NSString+SBJSON.m in Sources */ = {isa = PBXBuildFile; fileRef = B7BC7018153D01AD005E85E2 /* NSString+SBJSON.m */; };
		B7BC703F153D01AD005E85E2 /* SBJSON.m in Sources */ = {isa = PBXBuildFile; fileRef = B7BC701A153D01AD005E85E2 /* SBJSON.m */; };
		B7BC7040153D01AD005E85E2 /* SBJsonBase.m in Sources */ = {isa = PBXBuildFile; fileRef = B7BC701C153D01AD005E85E2 /* SBJsonBase.m */; };
		B7BC7041153D01AD005E85E2 /* SBJsonParser.m in Sources */ = {isa = PBXBuildFile; fileRef = B7BC701E153D01AD005E85E2 /* SBJsonParser.m */; };
		B7BC7042153D01AD005E85E2 /* SBJsonStreamWriter.m in Sources */ = {isa = PBXBuildFile; fileRef = B7BC7020153D01AD005E85E2 /* SBJsonStreamWriter.m */; };
		B7BC7043153D01AD005E85E2 /* SBJsonWriter.m in Sources */ = {isa = PBXBuildFile; fileRef = B7BC7022153D01AD005E85E2 /* SBJsonWriter.m */; };
		B7BC7046153D01AD005E85E2 /* WSCustomMethod.m in Sources */ = {isa = PBXBuildFile; fileRef = B7BC702A153D01AD005E85E2 /* WSCustomMethod.m */; };
		B7BC7047153D01AD005E85E2 /* WSUserMethod.m in Sources */ = {isa = PBXBuildFile; fileRef = B7BC702C153D01AD005E85E2 /* WSUserMethod.m */; };
		B7BC706F153D01B5005E85E2 /* NSDataAdditions.m in Sources */ = {isa = PBXBuildFile; fileRef = B7BC704B153D01B5005E85E2 /* NSDataAdditions.m */; };
		B7BC7070153D01B5005E85E2 /* NSDictionaryAdditions.m in Sources */ = {isa = PBXBuildFile; fileRef = B7BC704D153D01B5005E85E2 /* NSDictionaryAdditions.m */; };
		B7BC7071153D01B5005E85E2 /* NSStringAdditions.m in Sources */ = {isa = PBXBuildFile; fileRef = B7BC704F153D01B5005E85E2 /* NSStringAdditions.m */; };
		B7BC7072153D01B5005E85E2 /* UIColorAdditions.m in Sources */ = {isa = PBXBuildFile; fileRef = B7BC7051153D01B5005E85E2 /* UIColorAdditions.m */; };
		B7BC7073153D01B5005E85E2 /* UIFontAdditions.m in Sources */ = {isa = PBXBuildFile; fileRef = B7BC7053153D01B5005E85E2 /* UIFontAdditions.m */; };
		B7BC7074153D01B5005E85E2 /* UIImage+Alpha.m in Sources */ = {isa = PBXBuildFile; fileRef = B7BC7055153D01B5005E85E2 /* UIImage+Alpha.m */; };
		B7BC7075153D01B5005E85E2 /* UIImage+Resize.m in Sources */ = {isa = PBXBuildFile; fileRef = B7BC7057153D01B5005E85E2 /* UIImage+Resize.m */; };
		B7BC7076153D01B5005E85E2 /* UIImage+RoundedCorner.m in Sources */ = {isa = PBXBuildFile; fileRef = B7BC7059153D01B5005E85E2 /* UIImage+RoundedCorner.m */; };
		B7BC7077153D01B5005E85E2 /* UIImage-Extensions.m in Sources */ = {isa = PBXBuildFile; fileRef = B7BC705B153D01B5005E85E2 /* UIImage-Extensions.m */; };
		B7BC7078153D01B5005E85E2 /* UITextViewAdditions.m in Sources */ = {isa = PBXBuildFile; fileRef = B7BC705D153D01B5005E85E2 /* UITextViewAdditions.m */; };
		B7BC7079153D01B5005E85E2 /* UIView+Hierarchy.m in Sources */ = {isa = PBXBuildFile; fileRef = B7BC705F153D01B5005E85E2 /* UIView+Hierarchy.m */; };
		B7BC707A153D01B5005E85E2 /* UIViewAdditions.m in Sources */ = {isa = PBXBuildFile; fileRef = B7BC7061153D01B5005E85E2 /* UIViewAdditions.m */; };
		B7BC707B153D01B5005E85E2 /* AFItemView.m in Sources */ = {isa = PBXBuildFile; fileRef = B7BC7064153D01B5005E85E2 /* AFItemView.m */; };
		B7BC707C153D01B5005E85E2 /* AFOpenFlowView.m in Sources */ = {isa = PBXBuildFile; fileRef = B7BC7067153D01B5005E85E2 /* AFOpenFlowView.m */; };
		B7BC707D153D01B5005E85E2 /* AFUIImageReflection.m in Sources */ = {isa = PBXBuildFile; fileRef = B7BC7069153D01B5005E85E2 /* AFUIImageReflection.m */; };
		B7BC707E153D01B5005E85E2 /* EGORefreshTableHeaderView.m in Sources */ = {isa = PBXBuildFile; fileRef = B7BC706C153D01B5005E85E2 /* EGORefreshTableHeaderView.m */; };
		B7BC707F153D01B5005E85E2 /* ToolsObject.m in Sources */ = {isa = PBXBuildFile; fileRef = B7BC706E153D01B5005E85E2 /* ToolsObject.m */; };
		B7BC7225153D0223005E85E2 /* CoreTelephony.framework in Frameworks */ = {isa = PBXBuildFile; fileRef = B7BC7217153D0223005E85E2 /* CoreTelephony.framework */; };
		B7BC7226153D0223005E85E2 /* libsqlite3.0.dylib in Frameworks */ = {isa = PBXBuildFile; fileRef = B7BC7218153D0223005E85E2 /* libsqlite3.0.dylib */; };
		B7BC7227153D0223005E85E2 /* MessageUI.framework in Frameworks */ = {isa = PBXBuildFile; fileRef = B7BC7219153D0223005E85E2 /* MessageUI.framework */; };
		B7BC7228153D0223005E85E2 /* libz.dylib in Frameworks */ = {isa = PBXBuildFile; fileRef = B7BC721A153D0223005E85E2 /* libz.dylib */; };
		B7BC7229153D0223005E85E2 /* Security.framework in Frameworks */ = {isa = PBXBuildFile; fileRef = B7BC721B153D0223005E85E2 /* Security.framework */; };
		B7BC722A153D0223005E85E2 /* CFNetwork.framework in Frameworks */ = {isa = PBXBuildFile; fileRef = B7BC721C153D0223005E85E2 /* CFNetwork.framework */; };
		B7BC722B153D0223005E85E2 /* QuartzCore.framework in Frameworks */ = {isa = PBXBuildFile; fileRef = B7BC721D153D0223005E85E2 /* QuartzCore.framework */; };
		B7BC722C153D0223005E85E2 /* MobileCoreServices.framework in Frameworks */ = {isa = PBXBuildFile; fileRef = B7BC721E153D0223005E85E2 /* MobileCoreServices.framework */; };
		B7BC722D153D0223005E85E2 /* SystemConfiguration.framework in Frameworks */ = {isa = PBXBuildFile; fileRef = B7BC721F153D0223005E85E2 /* SystemConfiguration.framework */; };
		B7BC722E153D0223005E85E2 /* UIKit.framework in Frameworks */ = {isa = PBXBuildFile; fileRef = B7BC7220153D0223005E85E2 /* UIKit.framework */; };
		B7BC722F153D0223005E85E2 /* CoreGraphics.framework in Frameworks */ = {isa = PBXBuildFile; fileRef = B7BC7221153D0223005E85E2 /* CoreGraphics.framework */; };
		B7BC7230153D0223005E85E2 /* UIKit.framework in Frameworks */ = {isa = PBXBuildFile; fileRef = B7BC7222153D0223005E85E2 /* UIKit.framework */; };
		B7BC7231153D0223005E85E2 /* CoreGraphics.framework in Frameworks */ = {isa = PBXBuildFile; fileRef = B7BC7223153D0223005E85E2 /* CoreGraphics.framework */; };
		B7BC7232153D0223005E85E2 /* Foundation.framework in Frameworks */ = {isa = PBXBuildFile; fileRef = B7BC7224153D0223005E85E2 /* Foundation.framework */; };
		B7BC7245153D023B005E85E2 /* GlobalPointer.m in Sources */ = {isa = PBXBuildFile; fileRef = B7BC723E153D023B005E85E2 /* GlobalPointer.m */; };
		B7BC7246153D023B005E85E2 /* UserInfoSave.m in Sources */ = {isa = PBXBuildFile; fileRef = B7BC7242153D023B005E85E2 /* UserInfoSave.m */; };
		B7BC7247153D023B005E85E2 /* WelcomView.m in Sources */ = {isa = PBXBuildFile; fileRef = B7BC7244153D023B005E85E2 /* WelcomView.m */; };
		B7BC7258153D0253005E85E2 /* BaseViewController.m in Sources */ = {isa = PBXBuildFile; fileRef = B7BC724A153D0253005E85E2 /* BaseViewController.m */; };
		B7BC725C153D0253005E85E2 /* BaseTableModel.m in Sources */ = {isa = PBXBuildFile; fileRef = B7BC7252153D0253005E85E2 /* BaseTableModel.m */; };
		B7BC725D153D0253005E85E2 /* TableCellModel.m in Sources */ = {isa = PBXBuildFile; fileRef = B7BC7254153D0253005E85E2 /* TableCellModel.m */; };
		B7BC725F153D0253005E85E2 /* TableViewModel.xib in Resources */ = {isa = PBXBuildFile; fileRef = B7BC7257153D0253005E85E2 /* TableViewModel.xib */; };
		B7BC72AA153D0375005E85E2 /* OperationView.m in Sources */ = {isa = PBXBuildFile; fileRef = B7BC72A9153D0375005E85E2 /* OperationView.m */; };
		B7BC738A153D0903005E85E2 /* TestViewController.m in Sources */ = {isa = PBXBuildFile; fileRef = B7BC7389153D0903005E85E2 /* TestViewController.m */; };
		B7BC7407153D0E84005E85E2 /* WebService.m in Sources */ = {isa = PBXBuildFile; fileRef = B7BC7406153D0E84005E85E2 /* WebService.m */; };
		B7BC7434153D0F29005E85E2 /* ASIAuthenticationDialog.m in Sources */ = {isa = PBXBuildFile; fileRef = B7BC741D153D0F29005E85E2 /* ASIAuthenticationDialog.m */; };
		B7BC7435153D0F29005E85E2 /* ASIDataCompressor.m in Sources */ = {isa = PBXBuildFile; fileRef = B7BC7420153D0F29005E85E2 /* ASIDataCompressor.m */; };
		B7BC7436153D0F29005E85E2 /* ASIDataDecompressor.m in Sources */ = {isa = PBXBuildFile; fileRef = B7BC7422153D0F29005E85E2 /* ASIDataDecompressor.m */; };
		B7BC7437153D0F29005E85E2 /* ASIDownloadCache.m in Sources */ = {isa = PBXBuildFile; fileRef = B7BC7424153D0F29005E85E2 /* ASIDownloadCache.m */; };
		B7BC7438153D0F29005E85E2 /* ASIFormDataRequest.m in Sources */ = {isa = PBXBuildFile; fileRef = B7BC7426153D0F29005E85E2 /* ASIFormDataRequest.m */; };
		B7BC7439153D0F29005E85E2 /* ASIHTTPRequest.m in Sources */ = {isa = PBXBuildFile; fileRef = B7BC7428153D0F29005E85E2 /* ASIHTTPRequest.m */; };
		B7BC743A153D0F29005E85E2 /* ASIInputStream.m in Sources */ = {isa = PBXBuildFile; fileRef = B7BC742C153D0F29005E85E2 /* ASIInputStream.m */; };
		B7BC743B153D0F29005E85E2 /* ASINetworkQueue.m in Sources */ = {isa = PBXBuildFile; fileRef = B7BC742E153D0F29005E85E2 /* ASINetworkQueue.m */; };
		B7BC743C153D0F29005E85E2 /* Reachability.m in Sources */ = {isa = PBXBuildFile; fileRef = B7BC7433153D0F29005E85E2 /* Reachability.m */; };
/* End PBXBuildFile section */

/* Begin PBXFileReference section */
		1D3623240D0F684500981E51 /* HundredMillion_AppDelegate.h */ = {isa = PBXFileReference; fileEncoding = 4; lastKnownFileType = sourcecode.c.h; path = HundredMillion_AppDelegate.h; sourceTree = "<group>"; };
		1D3623250D0F684500981E51 /* HundredMillion_AppDelegate.m */ = {isa = PBXFileReference; fileEncoding = 4; lastKnownFileType = sourcecode.c.objc; path = HundredMillion_AppDelegate.m; sourceTree = "<group>"; };
		1D6058910D05DD3D006BFB54 /* HundredMillion .app */ = {isa = PBXFileReference; explicitFileType = wrapper.application; includeInIndex = 0; path = "HundredMillion .app"; sourceTree = BUILT_PRODUCTS_DIR; };
		28AD733E0D9D9553002E5188 /* MainWindow.xib */ = {isa = PBXFileReference; lastKnownFileType = file.xib; path = MainWindow.xib; sourceTree = "<group>"; };
		29B97316FDCFA39411CA2CEA /* main.m */ = {isa = PBXFileReference; fileEncoding = 4; lastKnownFileType = sourcecode.c.objc; path = main.m; sourceTree = "<group>"; };
		32CA4F630368D1EE00C91783 /* HundredMillion__Prefix.pch */ = {isa = PBXFileReference; fileEncoding = 4; lastKnownFileType = sourcecode.c.h; path = HundredMillion__Prefix.pch; sourceTree = "<group>"; };
		5A4E63C0169928580075456C /* MBProgressHUD.h */ = {isa = PBXFileReference; fileEncoding = 4; lastKnownFileType = sourcecode.c.h; path = MBProgressHUD.h; sourceTree = "<group>"; };
		5A4E63C1169928580075456C /* MBProgressHUD.m */ = {isa = PBXFileReference; fileEncoding = 4; lastKnownFileType = sourcecode.c.objc; path = MBProgressHUD.m; sourceTree = "<group>"; };
		5A4E63C2169928580075456C /* SVProgressHUD.bundle */ = {isa = PBXFileReference; lastKnownFileType = "wrapper.plug-in"; path = SVProgressHUD.bundle; sourceTree = "<group>"; };
		5A4E63C3169928580075456C /* SVProgressHUD.h */ = {isa = PBXFileReference; fileEncoding = 4; lastKnownFileType = sourcecode.c.h; path = SVProgressHUD.h; sourceTree = "<group>"; };
		5A4E63C4169928580075456C /* SVProgressHUD.m */ = {isa = PBXFileReference; fileEncoding = 4; lastKnownFileType = sourcecode.c.objc; path = SVProgressHUD.m; sourceTree = "<group>"; };
		5A4E63C5169928580075456C /* WatingWindow.h */ = {isa = PBXFileReference; fileEncoding = 4; lastKnownFileType = sourcecode.c.h; path = WatingWindow.h; sourceTree = "<group>"; };
		5A4E63C6169928580075456C /* WatingWindow.m */ = {isa = PBXFileReference; fileEncoding = 4; lastKnownFileType = sourcecode.c.objc; path = WatingWindow.m; sourceTree = "<group>"; };
		5A5E69F11758BEAD00F5DD9E /* TableViewModel.h */ = {isa = PBXFileReference; lastKnownFileType = sourcecode.c.h; path = TableViewModel.h; sourceTree = "<group>"; };
		5A5E69F21758BEAE00F5DD9E /* TableViewModel.m */ = {isa = PBXFileReference; lastKnownFileType = sourcecode.c.objc; path = TableViewModel.m; sourceTree = "<group>"; };
		5A5E69F31758BF0D00F5DD9E /* QuickMethod.h */ = {isa = PBXFileReference; lastKnownFileType = sourcecode.c.h; path = QuickMethod.h; sourceTree = "<group>"; };
		5A5E69F41758BF0D00F5DD9E /* QuickMethod.m */ = {isa = PBXFileReference; lastKnownFileType = sourcecode.c.objc; path = QuickMethod.m; sourceTree = "<group>"; };
		5A5E69F51758BF4900F5DD9E /* FontSizeConfig.h */ = {isa = PBXFileReference; fileEncoding = 4; lastKnownFileType = sourcecode.c.h; path = FontSizeConfig.h; sourceTree = "<group>"; };
		5A5E69F71758C42400F5DD9E /* MKAnnotationView+WebCache.h */ = {isa = PBXFileReference; fileEncoding = 4; lastKnownFileType = sourcecode.c.h; path = "MKAnnotationView+WebCache.h"; sourceTree = "<group>"; };
		5A5E69F81758C42400F5DD9E /* MKAnnotationView+WebCache.m */ = {isa = PBXFileReference; fileEncoding = 4; lastKnownFileType = sourcecode.c.objc; path = "MKAnnotationView+WebCache.m"; sourceTree = "<group>"; };
		5A5E69F91758C42400F5DD9E /* NSData+GIF.h */ = {isa = PBXFileReference; fileEncoding = 4; lastKnownFileType = sourcecode.c.h; path = "NSData+GIF.h"; sourceTree = "<group>"; };
		5A5E69FA1758C42400F5DD9E /* NSData+GIF.m */ = {isa = PBXFileReference; fileEncoding = 4; lastKnownFileType = sourcecode.c.objc; path = "NSData+GIF.m"; sourceTree = "<group>"; };
		5A5E69FB1758C42400F5DD9E /* SDImageCache.h */ = {isa = PBXFileReference; fileEncoding = 4; lastKnownFileType = sourcecode.c.h; path = SDImageCache.h; sourceTree = "<group>"; };
		5A5E69FC1758C42400F5DD9E /* SDImageCache.m */ = {isa = PBXFileReference; fileEncoding = 4; lastKnownFileType = sourcecode.c.objc; path = SDImageCache.m; sourceTree = "<group>"; };
		5A5E69FD1758C42400F5DD9E /* SDWebImageCompat.h */ = {isa = PBXFileReference; fileEncoding = 4; lastKnownFileType = sourcecode.c.h; path = SDWebImageCompat.h; sourceTree = "<group>"; };
		5A5E69FE1758C42400F5DD9E /* SDWebImageCompat.m */ = {isa = PBXFileReference; fileEncoding = 4; lastKnownFileType = sourcecode.c.objc; path = SDWebImageCompat.m; sourceTree = "<group>"; };
		5A5E69FF1758C42400F5DD9E /* SDWebImageDecoder.h */ = {isa = PBXFileReference; fileEncoding = 4; lastKnownFileType = sourcecode.c.h; path = SDWebImageDecoder.h; sourceTree = "<group>"; };
		5A5E6A001758C42400F5DD9E /* SDWebImageDecoder.m */ = {isa = PBXFileReference; fileEncoding = 4; lastKnownFileType = sourcecode.c.objc; path = SDWebImageDecoder.m; sourceTree = "<group>"; };
		5A5E6A011758C42400F5DD9E /* SDWebImageDownloader.h */ = {isa = PBXFileReference; fileEncoding = 4; lastKnownFileType = sourcecode.c.h; path = SDWebImageDownloader.h; sourceTree = "<group>"; };
		5A5E6A021758C42400F5DD9E /* SDWebImageDownloader.m */ = {isa = PBXFileReference; fileEncoding = 4; lastKnownFileType = sourcecode.c.objc; path = SDWebImageDownloader.m; sourceTree = "<group>"; };
		5A5E6A031758C42400F5DD9E /* SDWebImageDownloaderOperation.h */ = {isa = PBXFileReference; fileEncoding = 4; lastKnownFileType = sourcecode.c.h; path = SDWebImageDownloaderOperation.h; sourceTree = "<group>"; };
		5A5E6A041758C42400F5DD9E /* SDWebImageDownloaderOperation.m */ = {isa = PBXFileReference; fileEncoding = 4; lastKnownFileType = sourcecode.c.objc; path = SDWebImageDownloaderOperation.m; sourceTree = "<group>"; };
		5A5E6A051758C42400F5DD9E /* SDWebImageManager.h */ = {isa = PBXFileReference; fileEncoding = 4; lastKnownFileType = sourcecode.c.h; path = SDWebImageManager.h; sourceTree = "<group>"; };
		5A5E6A061758C42400F5DD9E /* SDWebImageManager.m */ = {isa = PBXFileReference; fileEncoding = 4; lastKnownFileType = sourcecode.c.objc; path = SDWebImageManager.m; sourceTree = "<group>"; };
		5A5E6A071758C42400F5DD9E /* SDWebImageOperation.h */ = {isa = PBXFileReference; fileEncoding = 4; lastKnownFileType = sourcecode.c.h; path = SDWebImageOperation.h; sourceTree = "<group>"; };
		5A5E6A081758C42400F5DD9E /* SDWebImagePrefetcher.h */ = {isa = PBXFileReference; fileEncoding = 4; lastKnownFileType = sourcecode.c.h; path = SDWebImagePrefetcher.h; sourceTree = "<group>"; };
		5A5E6A091758C42400F5DD9E /* SDWebImagePrefetcher.m */ = {isa = PBXFileReference; fileEncoding = 4; lastKnownFileType = sourcecode.c.objc; path = SDWebImagePrefetcher.m; sourceTree = "<group>"; };
		5A5E6A0A1758C42400F5DD9E /* UIButton+WebCache.h */ = {isa = PBXFileReference; fileEncoding = 4; lastKnownFileType = sourcecode.c.h; path = "UIButton+WebCache.h"; sourceTree = "<group>"; };
		5A5E6A0B1758C42400F5DD9E /* UIButton+WebCache.m */ = {isa = PBXFileReference; fileEncoding = 4; lastKnownFileType = sourcecode.c.objc; path = "UIButton+WebCache.m"; sourceTree = "<group>"; };
		5A5E6A0C1758C42400F5DD9E /* UIImage+GIF.h */ = {isa = PBXFileReference; fileEncoding = 4; lastKnownFileType = sourcecode.c.h; path = "UIImage+GIF.h"; sourceTree = "<group>"; };
		5A5E6A0D1758C42400F5DD9E /* UIImage+GIF.m */ = {isa = PBXFileReference; fileEncoding = 4; lastKnownFileType = sourcecode.c.objc; path = "UIImage+GIF.m"; sourceTree = "<group>"; };
		5A5E6A0E1758C42400F5DD9E /* UIImageView+WebCache.h */ = {isa = PBXFileReference; fileEncoding = 4; lastKnownFileType = sourcecode.c.h; path = "UIImageView+WebCache.h"; sourceTree = "<group>"; };
		5A5E6A0F1758C42400F5DD9E /* UIImageView+WebCache.m */ = {isa = PBXFileReference; fileEncoding = 4; lastKnownFileType = sourcecode.c.objc; path = "UIImageView+WebCache.m"; sourceTree = "<group>"; };
		8D1107310486CEB800E47090 /* HundredMillion_-Info.plist */ = {isa = PBXFileReference; fileEncoding = 4; lastKnownFileType = text.plist.xml; path = "HundredMillion_-Info.plist"; plistStructureDefinitionIdentifier = "com.apple.xcode.plist.structure-definition.iphone.info-plist"; sourceTree = "<group>"; };
		B7BC7014153D01AD005E85E2 /* JSON.h */ = {isa = PBXFileReference; fileEncoding = 4; lastKnownFileType = sourcecode.c.h; path = JSON.h; sourceTree = "<group>"; };
		B7BC7015153D01AD005E85E2 /* NSObject+SBJSON.h */ = {isa = PBXFileReference; fileEncoding = 4; lastKnownFileType = sourcecode.c.h; path = "NSObject+SBJSON.h"; sourceTree = "<group>"; };
		B7BC7016153D01AD005E85E2 /* NSObject+SBJSON.m */ = {isa = PBXFileReference; fileEncoding = 4; lastKnownFileType = sourcecode.c.objc; path = "NSObject+SBJSON.m"; sourceTree = "<group>"; };
		B7BC7017153D01AD005E85E2 /* NSString+SBJSON.h */ = {isa = PBXFileReference; fileEncoding = 4; lastKnownFileType = sourcecode.c.h; path = "NSString+SBJSON.h"; sourceTree = "<group>"; };
		B7BC7018153D01AD005E85E2 /* NSString+SBJSON.m */ = {isa = PBXFileReference; fileEncoding = 4; lastKnownFileType = sourcecode.c.objc; path = "NSString+SBJSON.m"; sourceTree = "<group>"; };
		B7BC7019153D01AD005E85E2 /* SBJSON.h */ = {isa = PBXFileReference; fileEncoding = 4; lastKnownFileType = sourcecode.c.h; path = SBJSON.h; sourceTree = "<group>"; };
		B7BC701A153D01AD005E85E2 /* SBJSON.m */ = {isa = PBXFileReference; fileEncoding = 4; lastKnownFileType = sourcecode.c.objc; path = SBJSON.m; sourceTree = "<group>"; };
		B7BC701B153D01AD005E85E2 /* SBJsonBase.h */ = {isa = PBXFileReference; fileEncoding = 4; lastKnownFileType = sourcecode.c.h; path = SBJsonBase.h; sourceTree = "<group>"; };
		B7BC701C153D01AD005E85E2 /* SBJsonBase.m */ = {isa = PBXFileReference; fileEncoding = 4; lastKnownFileType = sourcecode.c.objc; path = SBJsonBase.m; sourceTree = "<group>"; };
		B7BC701D153D01AD005E85E2 /* SBJsonParser.h */ = {isa = PBXFileReference; fileEncoding = 4; lastKnownFileType = sourcecode.c.h; path = SBJsonParser.h; sourceTree = "<group>"; };
		B7BC701E153D01AD005E85E2 /* SBJsonParser.m */ = {isa = PBXFileReference; fileEncoding = 4; lastKnownFileType = sourcecode.c.objc; path = SBJsonParser.m; sourceTree = "<group>"; };
		B7BC701F153D01AD005E85E2 /* SBJsonStreamWriter.h */ = {isa = PBXFileReference; fileEncoding = 4; lastKnownFileType = sourcecode.c.h; path = SBJsonStreamWriter.h; sourceTree = "<group>"; };
		B7BC7020153D01AD005E85E2 /* SBJsonStreamWriter.m */ = {isa = PBXFileReference; fileEncoding = 4; lastKnownFileType = sourcecode.c.objc; path = SBJsonStreamWriter.m; sourceTree = "<group>"; };
		B7BC7021153D01AD005E85E2 /* SBJsonWriter.h */ = {isa = PBXFileReference; fileEncoding = 4; lastKnownFileType = sourcecode.c.h; path = SBJsonWriter.h; sourceTree = "<group>"; };
		B7BC7022153D01AD005E85E2 /* SBJsonWriter.m */ = {isa = PBXFileReference; fileEncoding = 4; lastKnownFileType = sourcecode.c.objc; path = SBJsonWriter.m; sourceTree = "<group>"; };
		B7BC7023153D01AD005E85E2 /* SBProxyForJson.h */ = {isa = PBXFileReference; fileEncoding = 4; lastKnownFileType = sourcecode.c.h; path = SBProxyForJson.h; sourceTree = "<group>"; };
		B7BC7024153D01AD005E85E2 /* NetURL.h */ = {isa = PBXFileReference; fileEncoding = 4; lastKnownFileType = sourcecode.c.h; path = NetURL.h; sourceTree = "<group>"; };
		B7BC7027153D01AD005E85E2 /* WebService.h */ = {isa = PBXFileReference; fileEncoding = 4; lastKnownFileType = sourcecode.c.h; path = WebService.h; sourceTree = "<group>"; };
		B7BC7029153D01AD005E85E2 /* WSCustomMethod.h */ = {isa = PBXFileReference; fileEncoding = 4; lastKnownFileType = sourcecode.c.h; path = WSCustomMethod.h; sourceTree = "<group>"; };
		B7BC702A153D01AD005E85E2 /* WSCustomMethod.m */ = {isa = PBXFileReference; fileEncoding = 4; lastKnownFileType = sourcecode.c.objc; path = WSCustomMethod.m; sourceTree = "<group>"; };
		B7BC702B153D01AD005E85E2 /* WSUserMethod.h */ = {isa = PBXFileReference; fileEncoding = 4; lastKnownFileType = sourcecode.c.h; path = WSUserMethod.h; sourceTree = "<group>"; };
		B7BC702C153D01AD005E85E2 /* WSUserMethod.m */ = {isa = PBXFileReference; fileEncoding = 4; lastKnownFileType = sourcecode.c.objc; path = WSUserMethod.m; sourceTree = "<group>"; };
		B7BC704A153D01B4005E85E2 /* NSDataAdditions.h */ = {isa = PBXFileReference; fileEncoding = 4; lastKnownFileType = sourcecode.c.h; path = NSDataAdditions.h; sourceTree = "<group>"; };
		B7BC704B153D01B5005E85E2 /* NSDataAdditions.m */ = {isa = PBXFileReference; fileEncoding = 4; lastKnownFileType = sourcecode.c.objc; path = NSDataAdditions.m; sourceTree = "<group>"; };
		B7BC704C153D01B5005E85E2 /* NSDictionaryAdditions.h */ = {isa = PBXFileReference; fileEncoding = 4; lastKnownFileType = sourcecode.c.h; path = NSDictionaryAdditions.h; sourceTree = "<group>"; };
		B7BC704D153D01B5005E85E2 /* NSDictionaryAdditions.m */ = {isa = PBXFileReference; fileEncoding = 4; lastKnownFileType = sourcecode.c.objc; path = NSDictionaryAdditions.m; sourceTree = "<group>"; };
		B7BC704E153D01B5005E85E2 /* NSStringAdditions.h */ = {isa = PBXFileReference; fileEncoding = 4; lastKnownFileType = sourcecode.c.h; path = NSStringAdditions.h; sourceTree = "<group>"; };
		B7BC704F153D01B5005E85E2 /* NSStringAdditions.m */ = {isa = PBXFileReference; fileEncoding = 4; lastKnownFileType = sourcecode.c.objc; path = NSStringAdditions.m; sourceTree = "<group>"; };
		B7BC7050153D01B5005E85E2 /* UIColorAdditions.h */ = {isa = PBXFileReference; fileEncoding = 4; lastKnownFileType = sourcecode.c.h; path = UIColorAdditions.h; sourceTree = "<group>"; };
		B7BC7051153D01B5005E85E2 /* UIColorAdditions.m */ = {isa = PBXFileReference; fileEncoding = 4; lastKnownFileType = sourcecode.c.objc; path = UIColorAdditions.m; sourceTree = "<group>"; };
		B7BC7052153D01B5005E85E2 /* UIFontAdditions.h */ = {isa = PBXFileReference; fileEncoding = 4; lastKnownFileType = sourcecode.c.h; path = UIFontAdditions.h; sourceTree = "<group>"; };
		B7BC7053153D01B5005E85E2 /* UIFontAdditions.m */ = {isa = PBXFileReference; fileEncoding = 4; lastKnownFileType = sourcecode.c.objc; path = UIFontAdditions.m; sourceTree = "<group>"; };
		B7BC7054153D01B5005E85E2 /* UIImage+Alpha.h */ = {isa = PBXFileReference; fileEncoding = 4; lastKnownFileType = sourcecode.c.h; path = "UIImage+Alpha.h"; sourceTree = "<group>"; };
		B7BC7055153D01B5005E85E2 /* UIImage+Alpha.m */ = {isa = PBXFileReference; fileEncoding = 4; lastKnownFileType = sourcecode.c.objc; path = "UIImage+Alpha.m"; sourceTree = "<group>"; };
		B7BC7056153D01B5005E85E2 /* UIImage+Resize.h */ = {isa = PBXFileReference; fileEncoding = 4; lastKnownFileType = sourcecode.c.h; path = "UIImage+Resize.h"; sourceTree = "<group>"; };
		B7BC7057153D01B5005E85E2 /* UIImage+Resize.m */ = {isa = PBXFileReference; fileEncoding = 4; lastKnownFileType = sourcecode.c.objc; path = "UIImage+Resize.m"; sourceTree = "<group>"; };
		B7BC7058153D01B5005E85E2 /* UIImage+RoundedCorner.h */ = {isa = PBXFileReference; fileEncoding = 4; lastKnownFileType = sourcecode.c.h; path = "UIImage+RoundedCorner.h"; sourceTree = "<group>"; };
		B7BC7059153D01B5005E85E2 /* UIImage+RoundedCorner.m */ = {isa = PBXFileReference; fileEncoding = 4; lastKnownFileType = sourcecode.c.objc; path = "UIImage+RoundedCorner.m"; sourceTree = "<group>"; };
		B7BC705A153D01B5005E85E2 /* UIImage-Extensions.h */ = {isa = PBXFileReference; fileEncoding = 4; lastKnownFileType = sourcecode.c.h; path = "UIImage-Extensions.h"; sourceTree = "<group>"; };
		B7BC705B153D01B5005E85E2 /* UIImage-Extensions.m */ = {isa = PBXFileReference; fileEncoding = 4; lastKnownFileType = sourcecode.c.objc; path = "UIImage-Extensions.m"; sourceTree = "<group>"; };
		B7BC705C153D01B5005E85E2 /* UITextViewAdditions.h */ = {isa = PBXFileReference; fileEncoding = 4; lastKnownFileType = sourcecode.c.h; path = UITextViewAdditions.h; sourceTree = "<group>"; };
		B7BC705D153D01B5005E85E2 /* UITextViewAdditions.m */ = {isa = PBXFileReference; fileEncoding = 4; lastKnownFileType = sourcecode.c.objc; path = UITextViewAdditions.m; sourceTree = "<group>"; };
		B7BC705E153D01B5005E85E2 /* UIView+Hierarchy.h */ = {isa = PBXFileReference; fileEncoding = 4; lastKnownFileType = sourcecode.c.h; path = "UIView+Hierarchy.h"; sourceTree = "<group>"; };
		B7BC705F153D01B5005E85E2 /* UIView+Hierarchy.m */ = {isa = PBXFileReference; fileEncoding = 4; lastKnownFileType = sourcecode.c.objc; path = "UIView+Hierarchy.m"; sourceTree = "<group>"; };
		B7BC7060153D01B5005E85E2 /* UIViewAdditions.h */ = {isa = PBXFileReference; fileEncoding = 4; lastKnownFileType = sourcecode.c.h; path = UIViewAdditions.h; sourceTree = "<group>"; };
		B7BC7061153D01B5005E85E2 /* UIViewAdditions.m */ = {isa = PBXFileReference; fileEncoding = 4; lastKnownFileType = sourcecode.c.objc; path = UIViewAdditions.m; sourceTree = "<group>"; };
		B7BC7063153D01B5005E85E2 /* AFItemView.h */ = {isa = PBXFileReference; fileEncoding = 4; lastKnownFileType = sourcecode.c.h; path = AFItemView.h; sourceTree = "<group>"; };
		B7BC7064153D01B5005E85E2 /* AFItemView.m */ = {isa = PBXFileReference; fileEncoding = 4; lastKnownFileType = sourcecode.c.objc; path = AFItemView.m; sourceTree = "<group>"; };
		B7BC7065153D01B5005E85E2 /* AFOpenFlowConstants.h */ = {isa = PBXFileReference; fileEncoding = 4; lastKnownFileType = sourcecode.c.h; path = AFOpenFlowConstants.h; sourceTree = "<group>"; };
		B7BC7066153D01B5005E85E2 /* AFOpenFlowView.h */ = {isa = PBXFileReference; fileEncoding = 4; lastKnownFileType = sourcecode.c.h; path = AFOpenFlowView.h; sourceTree = "<group>"; };
		B7BC7067153D01B5005E85E2 /* AFOpenFlowView.m */ = {isa = PBXFileReference; fileEncoding = 4; lastKnownFileType = sourcecode.c.objc; path = AFOpenFlowView.m; sourceTree = "<group>"; };
		B7BC7068153D01B5005E85E2 /* AFUIImageReflection.h */ = {isa = PBXFileReference; fileEncoding = 4; lastKnownFileType = sourcecode.c.h; path = AFUIImageReflection.h; sourceTree = "<group>"; };
		B7BC7069153D01B5005E85E2 /* AFUIImageReflection.m */ = {isa = PBXFileReference; fileEncoding = 4; lastKnownFileType = sourcecode.c.objc; path = AFUIImageReflection.m; sourceTree = "<group>"; };
		B7BC706B153D01B5005E85E2 /* EGORefreshTableHeaderView.h */ = {isa = PBXFileReference; fileEncoding = 4; lastKnownFileType = sourcecode.c.h; path = EGORefreshTableHeaderView.h; sourceTree = "<group>"; };
		B7BC706C153D01B5005E85E2 /* EGORefreshTableHeaderView.m */ = {isa = PBXFileReference; fileEncoding = 4; lastKnownFileType = sourcecode.c.objc; path = EGORefreshTableHeaderView.m; sourceTree = "<group>"; };
		B7BC706D153D01B5005E85E2 /* ToolsObject.h */ = {isa = PBXFileReference; fileEncoding = 4; lastKnownFileType = sourcecode.c.h; path = ToolsObject.h; sourceTree = "<group>"; };
		B7BC706E153D01B5005E85E2 /* ToolsObject.m */ = {isa = PBXFileReference; fileEncoding = 4; lastKnownFileType = sourcecode.c.objc; path = ToolsObject.m; sourceTree = "<group>"; };
		B7BC7217153D0223005E85E2 /* CoreTelephony.framework */ = {isa = PBXFileReference; lastKnownFileType = wrapper.framework; name = CoreTelephony.framework; path = System/Library/Frameworks/CoreTelephony.framework; sourceTree = SDKROOT; };
		B7BC7218153D0223005E85E2 /* libsqlite3.0.dylib */ = {isa = PBXFileReference; lastKnownFileType = "compiled.mach-o.dylib"; name = libsqlite3.0.dylib; path = usr/lib/libsqlite3.0.dylib; sourceTree = SDKROOT; };
		B7BC7219153D0223005E85E2 /* MessageUI.framework */ = {isa = PBXFileReference; lastKnownFileType = wrapper.framework; name = MessageUI.framework; path = System/Library/Frameworks/MessageUI.framework; sourceTree = SDKROOT; };
		B7BC721A153D0223005E85E2 /* libz.dylib */ = {isa = PBXFileReference; lastKnownFileType = "compiled.mach-o.dylib"; name = libz.dylib; path = /usr/lib/libz.dylib; sourceTree = "<absolute>"; };
		B7BC721B153D0223005E85E2 /* Security.framework */ = {isa = PBXFileReference; lastKnownFileType = wrapper.framework; name = Security.framework; path = /System/Library/Frameworks/Security.framework; sourceTree = "<absolute>"; };
		B7BC721C153D0223005E85E2 /* CFNetwork.framework */ = {isa = PBXFileReference; lastKnownFileType = wrapper.framework; name = CFNetwork.framework; path = System/Library/Frameworks/CFNetwork.framework; sourceTree = SDKROOT; };
		B7BC721D153D0223005E85E2 /* QuartzCore.framework */ = {isa = PBXFileReference; lastKnownFileType = wrapper.framework; name = QuartzCore.framework; path = /System/Library/Frameworks/QuartzCore.framework; sourceTree = "<absolute>"; };
		B7BC721E153D0223005E85E2 /* MobileCoreServices.framework */ = {isa = PBXFileReference; lastKnownFileType = wrapper.framework; name = MobileCoreServices.framework; path = System/Library/Frameworks/MobileCoreServices.framework; sourceTree = SDKROOT; };
		B7BC721F153D0223005E85E2 /* SystemConfiguration.framework */ = {isa = PBXFileReference; lastKnownFileType = wrapper.framework; name = SystemConfiguration.framework; path = System/Library/Frameworks/SystemConfiguration.framework; sourceTree = SDKROOT; };
		B7BC7220153D0223005E85E2 /* UIKit.framework */ = {isa = PBXFileReference; lastKnownFileType = wrapper.framework; name = UIKit.framework; path = System/Library/Frameworks/UIKit.framework; sourceTree = SDKROOT; };
		B7BC7221153D0223005E85E2 /* CoreGraphics.framework */ = {isa = PBXFileReference; lastKnownFileType = wrapper.framework; name = CoreGraphics.framework; path = System/Library/Frameworks/CoreGraphics.framework; sourceTree = SDKROOT; };
		B7BC7222153D0223005E85E2 /* UIKit.framework */ = {isa = PBXFileReference; lastKnownFileType = wrapper.framework; name = UIKit.framework; path = System/Library/Frameworks/UIKit.framework; sourceTree = SDKROOT; };
		B7BC7223153D0223005E85E2 /* CoreGraphics.framework */ = {isa = PBXFileReference; lastKnownFileType = wrapper.framework; name = CoreGraphics.framework; path = System/Library/Frameworks/CoreGraphics.framework; sourceTree = SDKROOT; };
		B7BC7224153D0223005E85E2 /* Foundation.framework */ = {isa = PBXFileReference; lastKnownFileType = wrapper.framework; name = Foundation.framework; path = System/Library/Frameworks/Foundation.framework; sourceTree = SDKROOT; };
		B7BC723C153D023B005E85E2 /* GlobalDataInfo.h */ = {isa = PBXFileReference; fileEncoding = 4; lastKnownFileType = sourcecode.c.h; path = GlobalDataInfo.h; sourceTree = "<group>"; };
		B7BC723D153D023B005E85E2 /* GlobalPointer.h */ = {isa = PBXFileReference; fileEncoding = 4; lastKnownFileType = sourcecode.c.h; path = GlobalPointer.h; sourceTree = "<group>"; };
		B7BC723E153D023B005E85E2 /* GlobalPointer.m */ = {isa = PBXFileReference; fileEncoding = 4; lastKnownFileType = sourcecode.c.objc; path = GlobalPointer.m; sourceTree = "<group>"; };
		B7BC7240153D023B005E85E2 /* UISizeSetData.h */ = {isa = PBXFileReference; fileEncoding = 4; lastKnownFileType = sourcecode.c.h; path = UISizeSetData.h; sourceTree = "<group>"; };
		B7BC7241153D023B005E85E2 /* UserInfoSave.h */ = {isa = PBXFileReference; fileEncoding = 4; lastKnownFileType = sourcecode.c.h; path = UserInfoSave.h; sourceTree = "<group>"; };
		B7BC7242153D023B005E85E2 /* UserInfoSave.m */ = {isa = PBXFileReference; fileEncoding = 4; lastKnownFileType = sourcecode.c.objc; path = UserInfoSave.m; sourceTree = "<group>"; };
		B7BC7243153D023B005E85E2 /* WelcomView.h */ = {isa = PBXFileReference; fileEncoding = 4; lastKnownFileType = sourcecode.c.h; path = WelcomView.h; sourceTree = "<group>"; };
		B7BC7244153D023B005E85E2 /* WelcomView.m */ = {isa = PBXFileReference; fileEncoding = 4; lastKnownFileType = sourcecode.c.objc; path = WelcomView.m; sourceTree = "<group>"; };
		B7BC7249153D0253005E85E2 /* BaseViewController.h */ = {isa = PBXFileReference; fileEncoding = 4; lastKnownFileType = sourcecode.c.h; path = BaseViewController.h; sourceTree = "<group>"; };
		B7BC724A153D0253005E85E2 /* BaseViewController.m */ = {isa = PBXFileReference; fileEncoding = 4; lastKnownFileType = sourcecode.c.objc; path = BaseViewController.m; sourceTree = "<group>"; };
		B7BC7251153D0253005E85E2 /* BaseTableModel.h */ = {isa = PBXFileReference; fileEncoding = 4; lastKnownFileType = sourcecode.c.h; path = BaseTableModel.h; sourceTree = "<group>"; };
		B7BC7252153D0253005E85E2 /* BaseTableModel.m */ = {isa = PBXFileReference; fileEncoding = 4; lastKnownFileType = sourcecode.c.objc; path = BaseTableModel.m; sourceTree = "<group>"; };
		B7BC7253153D0253005E85E2 /* TableCellModel.h */ = {isa = PBXFileReference; fileEncoding = 4; lastKnownFileType = sourcecode.c.h; path = TableCellModel.h; sourceTree = "<group>"; };
		B7BC7254153D0253005E85E2 /* TableCellModel.m */ = {isa = PBXFileReference; fileEncoding = 4; lastKnownFileType = sourcecode.c.objc; path = TableCellModel.m; sourceTree = "<group>"; };
		B7BC7257153D0253005E85E2 /* TableViewModel.xib */ = {isa = PBXFileReference; lastKnownFileType = file.xib; path = TableViewModel.xib; sourceTree = "<group>"; };
		B7BC72A8153D0375005E85E2 /* OperationView.h */ = {isa = PBXFileReference; fileEncoding = 4; lastKnownFileType = sourcecode.c.h; path = OperationView.h; sourceTree = "<group>"; };
		B7BC72A9153D0375005E85E2 /* OperationView.m */ = {isa = PBXFileReference; fileEncoding = 4; lastKnownFileType = sourcecode.c.objc; path = OperationView.m; sourceTree = "<group>"; };
		B7BC7388153D0903005E85E2 /* TestViewController.h */ = {isa = PBXFileReference; fileEncoding = 4; lastKnownFileType = sourcecode.c.h; path = TestViewController.h; sourceTree = "<group>"; };
		B7BC7389153D0903005E85E2 /* TestViewController.m */ = {isa = PBXFileReference; fileEncoding = 4; lastKnownFileType = sourcecode.c.objc; path = TestViewController.m; sourceTree = "<group>"; };
		B7BC7406153D0E84005E85E2 /* WebService.m */ = {isa = PBXFileReference; fileEncoding = 4; lastKnownFileType = sourcecode.c.objc; path = WebService.m; sourceTree = "<group>"; };
		B7BC741C153D0F29005E85E2 /* ASIAuthenticationDialog.h */ = {isa = PBXFileReference; fileEncoding = 4; lastKnownFileType = sourcecode.c.h; path = ASIAuthenticationDialog.h; sourceTree = "<group>"; };
		B7BC741D153D0F29005E85E2 /* ASIAuthenticationDialog.m */ = {isa = PBXFileReference; fileEncoding = 4; lastKnownFileType = sourcecode.c.objc; path = ASIAuthenticationDialog.m; sourceTree = "<group>"; };
		B7BC741E153D0F29005E85E2 /* ASICacheDelegate.h */ = {isa = PBXFileReference; fileEncoding = 4; lastKnownFileType = sourcecode.c.h; path = ASICacheDelegate.h; sourceTree = "<group>"; };
		B7BC741F153D0F29005E85E2 /* ASIDataCompressor.h */ = {isa = PBXFileReference; fileEncoding = 4; lastKnownFileType = sourcecode.c.h; path = ASIDataCompressor.h; sourceTree = "<group>"; };
		B7BC7420153D0F29005E85E2 /* ASIDataCompressor.m */ = {isa = PBXFileReference; fileEncoding = 4; lastKnownFileType = sourcecode.c.objc; path = ASIDataCompressor.m; sourceTree = "<group>"; };
		B7BC7421153D0F29005E85E2 /* ASIDataDecompressor.h */ = {isa = PBXFileReference; fileEncoding = 4; lastKnownFileType = sourcecode.c.h; path = ASIDataDecompressor.h; sourceTree = "<group>"; };
		B7BC7422153D0F29005E85E2 /* ASIDataDecompressor.m */ = {isa = PBXFileReference; fileEncoding = 4; lastKnownFileType = sourcecode.c.objc; path = ASIDataDecompressor.m; sourceTree = "<group>"; };
		B7BC7423153D0F29005E85E2 /* ASIDownloadCache.h */ = {isa = PBXFileReference; fileEncoding = 4; lastKnownFileType = sourcecode.c.h; path = ASIDownloadCache.h; sourceTree = "<group>"; };
		B7BC7424153D0F29005E85E2 /* ASIDownloadCache.m */ = {isa = PBXFileReference; fileEncoding = 4; lastKnownFileType = sourcecode.c.objc; path = ASIDownloadCache.m; sourceTree = "<group>"; };
		B7BC7425153D0F29005E85E2 /* ASIFormDataRequest.h */ = {isa = PBXFileReference; fileEncoding = 4; lastKnownFileType = sourcecode.c.h; path = ASIFormDataRequest.h; sourceTree = "<group>"; };
		B7BC7426153D0F29005E85E2 /* ASIFormDataRequest.m */ = {isa = PBXFileReference; fileEncoding = 4; lastKnownFileType = sourcecode.c.objc; path = ASIFormDataRequest.m; sourceTree = "<group>"; };
		B7BC7427153D0F29005E85E2 /* ASIHTTPRequest.h */ = {isa = PBXFileReference; fileEncoding = 4; lastKnownFileType = sourcecode.c.h; path = ASIHTTPRequest.h; sourceTree = "<group>"; };
		B7BC7428153D0F29005E85E2 /* ASIHTTPRequest.m */ = {isa = PBXFileReference; fileEncoding = 4; lastKnownFileType = sourcecode.c.objc; path = ASIHTTPRequest.m; sourceTree = "<group>"; };
		B7BC7429153D0F29005E85E2 /* ASIHTTPRequestConfig.h */ = {isa = PBXFileReference; fileEncoding = 4; lastKnownFileType = sourcecode.c.h; path = ASIHTTPRequestConfig.h; sourceTree = "<group>"; };
		B7BC742A153D0F29005E85E2 /* ASIHTTPRequestDelegate.h */ = {isa = PBXFileReference; fileEncoding = 4; lastKnownFileType = sourcecode.c.h; path = ASIHTTPRequestDelegate.h; sourceTree = "<group>"; };
		B7BC742B153D0F29005E85E2 /* ASIInputStream.h */ = {isa = PBXFileReference; fileEncoding = 4; lastKnownFileType = sourcecode.c.h; path = ASIInputStream.h; sourceTree = "<group>"; };
		B7BC742C153D0F29005E85E2 /* ASIInputStream.m */ = {isa = PBXFileReference; fileEncoding = 4; lastKnownFileType = sourcecode.c.objc; path = ASIInputStream.m; sourceTree = "<group>"; };
		B7BC742D153D0F29005E85E2 /* ASINetworkQueue.h */ = {isa = PBXFileReference; fileEncoding = 4; lastKnownFileType = sourcecode.c.h; path = ASINetworkQueue.h; sourceTree = "<group>"; };
		B7BC742E153D0F29005E85E2 /* ASINetworkQueue.m */ = {isa = PBXFileReference; fileEncoding = 4; lastKnownFileType = sourcecode.c.objc; path = ASINetworkQueue.m; sourceTree = "<group>"; };
		B7BC742F153D0F29005E85E2 /* ASIProgressDelegate.h */ = {isa = PBXFileReference; fileEncoding = 4; lastKnownFileType = sourcecode.c.h; path = ASIProgressDelegate.h; sourceTree = "<group>"; };
		B7BC7432153D0F29005E85E2 /* Reachability.h */ = {isa = PBXFileReference; fileEncoding = 4; lastKnownFileType = sourcecode.c.h; path = Reachability.h; sourceTree = "<group>"; };
		B7BC7433153D0F29005E85E2 /* Reachability.m */ = {isa = PBXFileReference; fileEncoding = 4; lastKnownFileType = sourcecode.c.objc; path = Reachability.m; sourceTree = "<group>"; };
/* End PBXFileReference section */

/* Begin PBXFrameworksBuildPhase section */
		1D60588F0D05DD3D006BFB54 /* Frameworks */ = {
			isa = PBXFrameworksBuildPhase;
			buildActionMask = 2147483647;
			files = (
				B7BC7225153D0223005E85E2 /* CoreTelephony.framework in Frameworks */,
				B7BC7226153D0223005E85E2 /* libsqlite3.0.dylib in Frameworks */,
				B7BC7227153D0223005E85E2 /* MessageUI.framework in Frameworks */,
				B7BC7228153D0223005E85E2 /* libz.dylib in Frameworks */,
				B7BC7229153D0223005E85E2 /* Security.framework in Frameworks */,
				B7BC722A153D0223005E85E2 /* CFNetwork.framework in Frameworks */,
				B7BC722B153D0223005E85E2 /* QuartzCore.framework in Frameworks */,
				B7BC722C153D0223005E85E2 /* MobileCoreServices.framework in Frameworks */,
				B7BC722D153D0223005E85E2 /* SystemConfiguration.framework in Frameworks */,
				B7BC722E153D0223005E85E2 /* UIKit.framework in Frameworks */,
				B7BC722F153D0223005E85E2 /* CoreGraphics.framework in Frameworks */,
				B7BC7230153D0223005E85E2 /* UIKit.framework in Frameworks */,
				B7BC7231153D0223005E85E2 /* CoreGraphics.framework in Frameworks */,
				B7BC7232153D0223005E85E2 /* Foundation.framework in Frameworks */,
			);
			runOnlyForDeploymentPostprocessing = 0;
		};
/* End PBXFrameworksBuildPhase section */

/* Begin PBXGroup section */
		080E96DDFE201D6D7F000001 /* Classes */ = {
			isa = PBXGroup;
			children = (
				B7BC6FE5153D0195005E85E2 /* mainClass */,
				B7BC723B153D023B005E85E2 /* GlobalDataSource */,
				B7BC7080153D01D7005E85E2 /* Model */,
				B7BC7048153D01B4005E85E2 /* Tools */,
				B7BC6FE8153D01AD005E85E2 /* WebService */,
				1D3623240D0F684500981E51 /* HundredMillion_AppDelegate.h */,
				1D3623250D0F684500981E51 /* HundredMillion_AppDelegate.m */,
			);
			path = Classes;
			sourceTree = "<group>";
		};
		19C28FACFE9D520D11CA2CBB /* Products */ = {
			isa = PBXGroup;
			children = (
				1D6058910D05DD3D006BFB54 /* HundredMillion .app */,
			);
			name = Products;
			sourceTree = "<group>";
		};
		29B97314FDCFA39411CA2CEA /* CustomTemplate */ = {
			isa = PBXGroup;
			children = (
				080E96DDFE201D6D7F000001 /* Classes */,
				29B97315FDCFA39411CA2CEA /* Other Sources */,
				29B97317FDCFA39411CA2CEA /* Resources */,
				29B97323FDCFA39411CA2CEA /* Frameworks */,
				19C28FACFE9D520D11CA2CBB /* Products */,
			);
			name = CustomTemplate;
			sourceTree = "<group>";
		};
		29B97315FDCFA39411CA2CEA /* Other Sources */ = {
			isa = PBXGroup;
			children = (
				32CA4F630368D1EE00C91783 /* HundredMillion__Prefix.pch */,
				29B97316FDCFA39411CA2CEA /* main.m */,
			);
			name = "Other Sources";
			sourceTree = "<group>";
		};
		29B97317FDCFA39411CA2CEA /* Resources */ = {
			isa = PBXGroup;
			children = (
				28AD733E0D9D9553002E5188 /* MainWindow.xib */,
				8D1107310486CEB800E47090 /* HundredMillion_-Info.plist */,
			);
			name = Resources;
			sourceTree = "<group>";
		};
		29B97323FDCFA39411CA2CEA /* Frameworks */ = {
			isa = PBXGroup;
			children = (
				B7BC7218153D0223005E85E2 /* libsqlite3.0.dylib */,
				B7BC721A153D0223005E85E2 /* libz.dylib */,
				B7BC7217153D0223005E85E2 /* CoreTelephony.framework */,
				B7BC7219153D0223005E85E2 /* MessageUI.framework */,
				B7BC721B153D0223005E85E2 /* Security.framework */,
				B7BC721C153D0223005E85E2 /* CFNetwork.framework */,
				B7BC721D153D0223005E85E2 /* QuartzCore.framework */,
				B7BC721E153D0223005E85E2 /* MobileCoreServices.framework */,
				B7BC721F153D0223005E85E2 /* SystemConfiguration.framework */,
				B7BC7220153D0223005E85E2 /* UIKit.framework */,
				B7BC7221153D0223005E85E2 /* CoreGraphics.framework */,
				B7BC7222153D0223005E85E2 /* UIKit.framework */,
				B7BC7223153D0223005E85E2 /* CoreGraphics.framework */,
				B7BC7224153D0223005E85E2 /* Foundation.framework */,
			);
			name = Frameworks;
			sourceTree = "<group>";
		};
		5A4E63BF169928580075456C /* waiteModel */ = {
			isa = PBXGroup;
			children = (
				5A4E63C0169928580075456C /* MBProgressHUD.h */,
				5A4E63C1169928580075456C /* MBProgressHUD.m */,
				5A4E63C2169928580075456C /* SVProgressHUD.bundle */,
				5A4E63C3169928580075456C /* SVProgressHUD.h */,
				5A4E63C4169928580075456C /* SVProgressHUD.m */,
				5A4E63C5169928580075456C /* WatingWindow.h */,
				5A4E63C6169928580075456C /* WatingWindow.m */,
			);
			path = waiteModel;
			sourceTree = "<group>";
		};
		5A5E69F61758C42300F5DD9E /* SDWebImage */ = {
			isa = PBXGroup;
			children = (
				5A5E69F71758C42400F5DD9E /* MKAnnotationView+WebCache.h */,
				5A5E69F81758C42400F5DD9E /* MKAnnotationView+WebCache.m */,
				5A5E69F91758C42400F5DD9E /* NSData+GIF.h */,
				5A5E69FA1758C42400F5DD9E /* NSData+GIF.m */,
				5A5E69FB1758C42400F5DD9E /* SDImageCache.h */,
				5A5E69FC1758C42400F5DD9E /* SDImageCache.m */,
				5A5E69FD1758C42400F5DD9E /* SDWebImageCompat.h */,
				5A5E69FE1758C42400F5DD9E /* SDWebImageCompat.m */,
				5A5E69FF1758C42400F5DD9E /* SDWebImageDecoder.h */,
				5A5E6A001758C42400F5DD9E /* SDWebImageDecoder.m */,
				5A5E6A011758C42400F5DD9E /* SDWebImageDownloader.h */,
				5A5E6A021758C42400F5DD9E /* SDWebImageDownloader.m */,
				5A5E6A031758C42400F5DD9E /* SDWebImageDownloaderOperation.h */,
				5A5E6A041758C42400F5DD9E /* SDWebImageDownloaderOperation.m */,
				5A5E6A051758C42400F5DD9E /* SDWebImageManager.h */,
				5A5E6A061758C42400F5DD9E /* SDWebImageManager.m */,
				5A5E6A071758C42400F5DD9E /* SDWebImageOperation.h */,
				5A5E6A081758C42400F5DD9E /* SDWebImagePrefetcher.h */,
				5A5E6A091758C42400F5DD9E /* SDWebImagePrefetcher.m */,
				5A5E6A0A1758C42400F5DD9E /* UIButton+WebCache.h */,
				5A5E6A0B1758C42400F5DD9E /* UIButton+WebCache.m */,
				5A5E6A0C1758C42400F5DD9E /* UIImage+GIF.h */,
				5A5E6A0D1758C42400F5DD9E /* UIImage+GIF.m */,
				5A5E6A0E1758C42400F5DD9E /* UIImageView+WebCache.h */,
				5A5E6A0F1758C42400F5DD9E /* UIImageView+WebCache.m */,
			);
			path = SDWebImage;
			sourceTree = "<group>";
		};
		B7BC6FE5153D0195005E85E2 /* mainClass */ = {
			isa = PBXGroup;
			children = (
				B7BC7388153D0903005E85E2 /* TestViewController.h */,
				B7BC7389153D0903005E85E2 /* TestViewController.m */,
			);
			path = mainClass;
			sourceTree = "<group>";
		};
		B7BC6FE8153D01AD005E85E2 /* WebService */ = {
			isa = PBXGroup;
			children = (
				5A5E69F61758C42300F5DD9E /* SDWebImage */,
				B7BC741B153D0F29005E85E2 /* ASIHTTPRequst */,
				B7BC7013153D01AD005E85E2 /* JSON */,
				B7BC7024153D01AD005E85E2 /* NetURL.h */,
				B7BC7027153D01AD005E85E2 /* WebService.h */,
				B7BC7406153D0E84005E85E2 /* WebService.m */,
				B7BC7029153D01AD005E85E2 /* WSCustomMethod.h */,
				B7BC702A153D01AD005E85E2 /* WSCustomMethod.m */,
				B7BC702B153D01AD005E85E2 /* WSUserMethod.h */,
				B7BC702C153D01AD005E85E2 /* WSUserMethod.m */,
			);
			path = WebService;
			sourceTree = "<group>";
		};
		B7BC7013153D01AD005E85E2 /* JSON */ = {
			isa = PBXGroup;
			children = (
				B7BC7014153D01AD005E85E2 /* JSON.h */,
				B7BC7015153D01AD005E85E2 /* NSObject+SBJSON.h */,
				B7BC7016153D01AD005E85E2 /* NSObject+SBJSON.m */,
				B7BC7017153D01AD005E85E2 /* NSString+SBJSON.h */,
				B7BC7018153D01AD005E85E2 /* NSString+SBJSON.m */,
				B7BC7019153D01AD005E85E2 /* SBJSON.h */,
				B7BC701A153D01AD005E85E2 /* SBJSON.m */,
				B7BC701B153D01AD005E85E2 /* SBJsonBase.h */,
				B7BC701C153D01AD005E85E2 /* SBJsonBase.m */,
				B7BC701D153D01AD005E85E2 /* SBJsonParser.h */,
				B7BC701E153D01AD005E85E2 /* SBJsonParser.m */,
				B7BC701F153D01AD005E85E2 /* SBJsonStreamWriter.h */,
				B7BC7020153D01AD005E85E2 /* SBJsonStreamWriter.m */,
				B7BC7021153D01AD005E85E2 /* SBJsonWriter.h */,
				B7BC7022153D01AD005E85E2 /* SBJsonWriter.m */,
				B7BC7023153D01AD005E85E2 /* SBProxyForJson.h */,
			);
			path = JSON;
			sourceTree = "<group>";
		};
		B7BC7048153D01B4005E85E2 /* Tools */ = {
			isa = PBXGroup;
			children = (
				B7BC7049153D01B4005E85E2 /* Additions */,
				B7BC7062153D01B5005E85E2 /* MyOpenFlow */,
				B7BC706A153D01B5005E85E2 /* RefreshTableHeaderView */,
				B7BC706D153D01B5005E85E2 /* ToolsObject.h */,
				B7BC706E153D01B5005E85E2 /* ToolsObject.m */,
			);
			path = Tools;
			sourceTree = "<group>";
		};
		B7BC7049153D01B4005E85E2 /* Additions */ = {
			isa = PBXGroup;
			children = (
				B7BC704A153D01B4005E85E2 /* NSDataAdditions.h */,
				B7BC704B153D01B5005E85E2 /* NSDataAdditions.m */,
				B7BC704C153D01B5005E85E2 /* NSDictionaryAdditions.h */,
				B7BC704D153D01B5005E85E2 /* NSDictionaryAdditions.m */,
				B7BC704E153D01B5005E85E2 /* NSStringAdditions.h */,
				B7BC704F153D01B5005E85E2 /* NSStringAdditions.m */,
				B7BC7050153D01B5005E85E2 /* UIColorAdditions.h */,
				B7BC7051153D01B5005E85E2 /* UIColorAdditions.m */,
				B7BC7052153D01B5005E85E2 /* UIFontAdditions.h */,
				B7BC7053153D01B5005E85E2 /* UIFontAdditions.m */,
				B7BC7054153D01B5005E85E2 /* UIImage+Alpha.h */,
				B7BC7055153D01B5005E85E2 /* UIImage+Alpha.m */,
				B7BC7056153D01B5005E85E2 /* UIImage+Resize.h */,
				B7BC7057153D01B5005E85E2 /* UIImage+Resize.m */,
				B7BC7058153D01B5005E85E2 /* UIImage+RoundedCorner.h */,
				B7BC7059153D01B5005E85E2 /* UIImage+RoundedCorner.m */,
				B7BC705A153D01B5005E85E2 /* UIImage-Extensions.h */,
				B7BC705B153D01B5005E85E2 /* UIImage-Extensions.m */,
				B7BC705C153D01B5005E85E2 /* UITextViewAdditions.h */,
				B7BC705D153D01B5005E85E2 /* UITextViewAdditions.m */,
				B7BC705E153D01B5005E85E2 /* UIView+Hierarchy.h */,
				B7BC705F153D01B5005E85E2 /* UIView+Hierarchy.m */,
				B7BC7060153D01B5005E85E2 /* UIViewAdditions.h */,
				B7BC7061153D01B5005E85E2 /* UIViewAdditions.m */,
			);
			path = Additions;
			sourceTree = "<group>";
		};
		B7BC7062153D01B5005E85E2 /* MyOpenFlow */ = {
			isa = PBXGroup;
			children = (
				B7BC7063153D01B5005E85E2 /* AFItemView.h */,
				B7BC7064153D01B5005E85E2 /* AFItemView.m */,
				B7BC7065153D01B5005E85E2 /* AFOpenFlowConstants.h */,
				B7BC7066153D01B5005E85E2 /* AFOpenFlowView.h */,
				B7BC7067153D01B5005E85E2 /* AFOpenFlowView.m */,
				B7BC7068153D01B5005E85E2 /* AFUIImageReflection.h */,
				B7BC7069153D01B5005E85E2 /* AFUIImageReflection.m */,
			);
			path = MyOpenFlow;
			sourceTree = "<group>";
		};
		B7BC706A153D01B5005E85E2 /* RefreshTableHeaderView */ = {
			isa = PBXGroup;
			children = (
				B7BC706B153D01B5005E85E2 /* EGORefreshTableHeaderView.h */,
				B7BC706C153D01B5005E85E2 /* EGORefreshTableHeaderView.m */,
			);
			path = RefreshTableHeaderView;
			sourceTree = "<group>";
		};
		B7BC7080153D01D7005E85E2 /* Model */ = {
			isa = PBXGroup;
			children = (
				5A4E63BF169928580075456C /* waiteModel */,
				B7BC7248153D0253005E85E2 /* BaseViewControllerModel */,
				B7BC7250153D0253005E85E2 /* TableModel */,
			);
			path = Model;
			sourceTree = "<group>";
		};
		B7BC723B153D023B005E85E2 /* GlobalDataSource */ = {
			isa = PBXGroup;
			children = (
				5A5E69F51758BF4900F5DD9E /* FontSizeConfig.h */,
				5A5E69F31758BF0D00F5DD9E /* QuickMethod.h */,
				5A5E69F41758BF0D00F5DD9E /* QuickMethod.m */,
				B7BC723C153D023B005E85E2 /* GlobalDataInfo.h */,
				B7BC723D153D023B005E85E2 /* GlobalPointer.h */,
				B7BC723E153D023B005E85E2 /* GlobalPointer.m */,
				B7BC7240153D023B005E85E2 /* UISizeSetData.h */,
				B7BC7241153D023B005E85E2 /* UserInfoSave.h */,
				B7BC7242153D023B005E85E2 /* UserInfoSave.m */,
				B7BC7243153D023B005E85E2 /* WelcomView.h */,
				B7BC7244153D023B005E85E2 /* WelcomView.m */,
			);
			path = GlobalDataSource;
			sourceTree = "<group>";
		};
		B7BC7248153D0253005E85E2 /* BaseViewControllerModel */ = {
			isa = PBXGroup;
			children = (
				B7BC72A8153D0375005E85E2 /* OperationView.h */,
				B7BC72A9153D0375005E85E2 /* OperationView.m */,
				B7BC7249153D0253005E85E2 /* BaseViewController.h */,
				B7BC724A153D0253005E85E2 /* BaseViewController.m */,
			);
			path = BaseViewControllerModel;
			sourceTree = "<group>";
		};
		B7BC7250153D0253005E85E2 /* TableModel */ = {
			isa = PBXGroup;
			children = (
				B7BC7251153D0253005E85E2 /* BaseTableModel.h */,
				B7BC7252153D0253005E85E2 /* BaseTableModel.m */,
				B7BC7253153D0253005E85E2 /* TableCellModel.h */,
				B7BC7254153D0253005E85E2 /* TableCellModel.m */,
				5A5E69F11758BEAD00F5DD9E /* TableViewModel.h */,
				5A5E69F21758BEAE00F5DD9E /* TableViewModel.m */,
				B7BC7257153D0253005E85E2 /* TableViewModel.xib */,
			);
			path = TableModel;
			sourceTree = "<group>";
		};
		B7BC741B153D0F29005E85E2 /* ASIHTTPRequst */ = {
			isa = PBXGroup;
			children = (
				B7BC741C153D0F29005E85E2 /* ASIAuthenticationDialog.h */,
				B7BC741D153D0F29005E85E2 /* ASIAuthenticationDialog.m */,
				B7BC741E153D0F29005E85E2 /* ASICacheDelegate.h */,
				B7BC741F153D0F29005E85E2 /* ASIDataCompressor.h */,
				B7BC7420153D0F29005E85E2 /* ASIDataCompressor.m */,
				B7BC7421153D0F29005E85E2 /* ASIDataDecompressor.h */,
				B7BC7422153D0F29005E85E2 /* ASIDataDecompressor.m */,
				B7BC7423153D0F29005E85E2 /* ASIDownloadCache.h */,
				B7BC7424153D0F29005E85E2 /* ASIDownloadCache.m */,
				B7BC7425153D0F29005E85E2 /* ASIFormDataRequest.h */,
				B7BC7426153D0F29005E85E2 /* ASIFormDataRequest.m */,
				B7BC7427153D0F29005E85E2 /* ASIHTTPRequest.h */,
				B7BC7428153D0F29005E85E2 /* ASIHTTPRequest.m */,
				B7BC7429153D0F29005E85E2 /* ASIHTTPRequestConfig.h */,
				B7BC742A153D0F29005E85E2 /* ASIHTTPRequestDelegate.h */,
				B7BC742B153D0F29005E85E2 /* ASIInputStream.h */,
				B7BC742C153D0F29005E85E2 /* ASIInputStream.m */,
				B7BC742D153D0F29005E85E2 /* ASINetworkQueue.h */,
				B7BC742E153D0F29005E85E2 /* ASINetworkQueue.m */,
				B7BC742F153D0F29005E85E2 /* ASIProgressDelegate.h */,
				B7BC7430153D0F29005E85E2 /* External */,
			);
			path = ASIHTTPRequst;
			sourceTree = "<group>";
		};
		B7BC7430153D0F29005E85E2 /* External */ = {
			isa = PBXGroup;
			children = (
				B7BC7431153D0F29005E85E2 /* Reachability */,
			);
			path = External;
			sourceTree = "<group>";
		};
		B7BC7431153D0F29005E85E2 /* Reachability */ = {
			isa = PBXGroup;
			children = (
				B7BC7432153D0F29005E85E2 /* Reachability.h */,
				B7BC7433153D0F29005E85E2 /* Reachability.m */,
			);
			path = Reachability;
			sourceTree = "<group>";
		};
/* End PBXGroup section */

/* Begin PBXNativeTarget section */
		1D6058900D05DD3D006BFB54 /* HundredMillion  */ = {
			isa = PBXNativeTarget;
			buildConfigurationList = 1D6058960D05DD3E006BFB54 /* Build configuration list for PBXNativeTarget "HundredMillion " */;
			buildPhases = (
				1D60588D0D05DD3D006BFB54 /* Resources */,
				1D60588E0D05DD3D006BFB54 /* Sources */,
				1D60588F0D05DD3D006BFB54 /* Frameworks */,
			);
			buildRules = (
			);
			dependencies = (
			);
			name = "HundredMillion ";
			productName = "HundredMillion ";
			productReference = 1D6058910D05DD3D006BFB54 /* HundredMillion .app */;
			productType = "com.apple.product-type.application";
		};
/* End PBXNativeTarget section */

/* Begin PBXProject section */
		29B97313FDCFA39411CA2CEA /* Project object */ = {
			isa = PBXProject;
			buildConfigurationList = C01FCF4E08A954540054247B /* Build configuration list for PBXProject "HundredMillion " */;
			compatibilityVersion = "Xcode 3.2";
			developmentRegion = English;
			hasScannedForEncodings = 1;
			knownRegions = (
				English,
				Japanese,
				French,
				German,
			);
			mainGroup = 29B97314FDCFA39411CA2CEA /* CustomTemplate */;
			projectDirPath = "";
			projectRoot = "";
			targets = (
				1D6058900D05DD3D006BFB54 /* HundredMillion  */,
			);
		};
/* End PBXProject section */

/* Begin PBXResourcesBuildPhase section */
		1D60588D0D05DD3D006BFB54 /* Resources */ = {
			isa = PBXResourcesBuildPhase;
			buildActionMask = 2147483647;
			files = (
				28AD733F0D9D9553002E5188 /* MainWindow.xib in Resources */,
				B7BC725F153D0253005E85E2 /* TableViewModel.xib in Resources */,
				5A4E63C8169928580075456C /* SVProgressHUD.bundle in Resources */,
			);
			runOnlyForDeploymentPostprocessing = 0;
		};
/* End PBXResourcesBuildPhase section */

/* Begin PBXSourcesBuildPhase section */
		1D60588E0D05DD3D006BFB54 /* Sources */ = {
			isa = PBXSourcesBuildPhase;
			buildActionMask = 2147483647;
			files = (
				1D60589B0D05DD56006BFB54 /* main.m in Sources */,
				1D3623260D0F684500981E51 /* HundredMillion_AppDelegate.m in Sources */,
				B7BC703D153D01AD005E85E2 /* NSObject+SBJSON.m in Sources */,
				B7BC703E153D01AD005E85E2 /* NSString+SBJSON.m in Sources */,
				B7BC703F153D01AD005E85E2 /* SBJSON.m in Sources */,
				B7BC7040153D01AD005E85E2 /* SBJsonBase.m in Sources */,
				B7BC7041153D01AD005E85E2 /* SBJsonParser.m in Sources */,
				B7BC7042153D01AD005E85E2 /* SBJsonStreamWriter.m in Sources */,
				B7BC7043153D01AD005E85E2 /* SBJsonWriter.m in Sources */,
				B7BC7046153D01AD005E85E2 /* WSCustomMethod.m in Sources */,
				B7BC7047153D01AD005E85E2 /* WSUserMethod.m in Sources */,
				B7BC706F153D01B5005E85E2 /* NSDataAdditions.m in Sources */,
				B7BC7070153D01B5005E85E2 /* NSDictionaryAdditions.m in Sources */,
				B7BC7071153D01B5005E85E2 /* NSStringAdditions.m in Sources */,
				B7BC7072153D01B5005E85E2 /* UIColorAdditions.m in Sources */,
				B7BC7073153D01B5005E85E2 /* UIFontAdditions.m in Sources */,
				B7BC7074153D01B5005E85E2 /* UIImage+Alpha.m in Sources */,
				B7BC7075153D01B5005E85E2 /* UIImage+Resize.m in Sources */,
				B7BC7076153D01B5005E85E2 /* UIImage+RoundedCorner.m in Sources */,
				B7BC7077153D01B5005E85E2 /* UIImage-Extensions.m in Sources */,
				B7BC7078153D01B5005E85E2 /* UITextViewAdditions.m in Sources */,
				B7BC7079153D01B5005E85E2 /* UIView+Hierarchy.m in Sources */,
				B7BC707A153D01B5005E85E2 /* UIViewAdditions.m in Sources */,
				B7BC707B153D01B5005E85E2 /* AFItemView.m in Sources */,
				B7BC707C153D01B5005E85E2 /* AFOpenFlowView.m in Sources */,
				B7BC707D153D01B5005E85E2 /* AFUIImageReflection.m in Sources */,
				B7BC707E153D01B5005E85E2 /* EGORefreshTableHeaderView.m in Sources */,
				B7BC707F153D01B5005E85E2 /* ToolsObject.m in Sources */,
				B7BC7245153D023B005E85E2 /* GlobalPointer.m in Sources */,
				B7BC7246153D023B005E85E2 /* UserInfoSave.m in Sources */,
				B7BC7247153D023B005E85E2 /* WelcomView.m in Sources */,
				B7BC7258153D0253005E85E2 /* BaseViewController.m in Sources */,
				B7BC725C153D0253005E85E2 /* BaseTableModel.m in Sources */,
				B7BC725D153D0253005E85E2 /* TableCellModel.m in Sources */,
				B7BC72AA153D0375005E85E2 /* OperationView.m in Sources */,
				B7BC738A153D0903005E85E2 /* TestViewController.m in Sources */,
				B7BC7407153D0E84005E85E2 /* WebService.m in Sources */,
				B7BC7434153D0F29005E85E2 /* ASIAuthenticationDialog.m in Sources */,
				B7BC7435153D0F29005E85E2 /* ASIDataCompressor.m in Sources */,
				B7BC7436153D0F29005E85E2 /* ASIDataDecompressor.m in Sources */,
				B7BC7437153D0F29005E85E2 /* ASIDownloadCache.m in Sources */,
				B7BC7438153D0F29005E85E2 /* ASIFormDataRequest.m in Sources */,
				B7BC7439153D0F29005E85E2 /* ASIHTTPRequest.m in Sources */,
				B7BC743A153D0F29005E85E2 /* ASIInputStream.m in Sources */,
				B7BC743B153D0F29005E85E2 /* ASINetworkQueue.m in Sources */,
				B7BC743C153D0F29005E85E2 /* Reachability.m in Sources */,
				5A4E63C7169928580075456C /* MBProgressHUD.m in Sources */,
				5A4E63C9169928580075456C /* SVProgressHUD.m in Sources */,
				5A4E63CA169928580075456C /* WatingWindow.m in Sources */,
				5A5E6A101758C42400F5DD9E /* MKAnnotationView+WebCache.m in Sources */,
				5A5E6A111758C42400F5DD9E /* NSData+GIF.m in Sources */,
				5A5E6A121758C42400F5DD9E /* SDImageCache.m in Sources */,
				5A5E6A131758C42400F5DD9E /* SDWebImageCompat.m in Sources */,
				5A5E6A141758C42400F5DD9E /* SDWebImageDecoder.m in Sources */,
				5A5E6A151758C42400F5DD9E /* SDWebImageDownloader.m in Sources */,
				5A5E6A161758C42400F5DD9E /* SDWebImageDownloaderOperation.m in Sources */,
				5A5E6A171758C42400F5DD9E /* SDWebImageManager.m in Sources */,
				5A5E6A181758C42400F5DD9E /* SDWebImagePrefetcher.m in Sources */,
				5A5E6A191758C42400F5DD9E /* UIButton+WebCache.m in Sources */,
				5A5E6A1A1758C42400F5DD9E /* UIImage+GIF.m in Sources */,
				5A5E6A1B1758C42400F5DD9E /* UIImageView+WebCache.m in Sources */,
			);
			runOnlyForDeploymentPostprocessing = 0;
		};
/* End PBXSourcesBuildPhase section */

/* Begin XCBuildConfiguration section */
		1D6058940D05DD3E006BFB54 /* Debug */ = {
			isa = XCBuildConfiguration;
			buildSettings = {
				ALWAYS_SEARCH_USER_PATHS = NO;
				COPY_PHASE_STRIP = NO;
				GCC_DYNAMIC_NO_PIC = NO;
				GCC_OPTIMIZATION_LEVEL = 0;
				GCC_PRECOMPILE_PREFIX_HEADER = YES;
				GCC_PREFIX_HEADER = HundredMillion__Prefix.pch;
				INFOPLIST_FILE = "HundredMillion_-Info.plist";
				PRODUCT_NAME = "HundredMillion ";
			};
			name = Debug;
		};
		1D6058950D05DD3E006BFB54 /* Release */ = {
			isa = XCBuildConfiguration;
			buildSettings = {
				ALWAYS_SEARCH_USER_PATHS = NO;
				COPY_PHASE_STRIP = YES;
				GCC_PRECOMPILE_PREFIX_HEADER = YES;
				GCC_PREFIX_HEADER = HundredMillion__Prefix.pch;
				INFOPLIST_FILE = "HundredMillion_-Info.plist";
				PRODUCT_NAME = "HundredMillion ";
				VALIDATE_PRODUCT = YES;
			};
			name = Release;
		};
		C01FCF4F08A954540054247B /* Debug */ = {
			isa = XCBuildConfiguration;
			buildSettings = {
				ARCHS = "$(ARCHS_STANDARD_32_BIT)";
				CLANG_ENABLE_OBJC_ARC = NO;
				"CODE_SIGN_IDENTITY[sdk=iphoneos*]" = "iPhone Developer";
				GCC_C_LANGUAGE_STANDARD = c99;
				GCC_WARN_ABOUT_RETURN_TYPE = YES;
				GCC_WARN_UNUSED_VARIABLE = YES;
				PREBINDING = NO;
				SDKROOT = iphoneos;
			};
			name = Debug;
		};
		C01FCF5008A954540054247B /* Release */ = {
			isa = XCBuildConfiguration;
			buildSettings = {
				ARCHS = "$(ARCHS_STANDARD_32_BIT)";
				CLANG_ENABLE_OBJC_ARC = NO;
				"CODE_SIGN_IDENTITY[sdk=iphoneos*]" = "iPhone Developer";
				GCC_C_LANGUAGE_STANDARD = c99;
				GCC_WARN_ABOUT_RETURN_TYPE = YES;
				GCC_WARN_UNUSED_VARIABLE = YES;
				OTHER_CFLAGS = "-DNS_BLOCK_ASSERTIONS=1";
				PREBINDING = NO;
				SDKROOT = iphoneos;
			};
			name = Release;
		};
/* End XCBuildConfiguration section */

/* Begin XCConfigurationList section */
		1D6058960D05DD3E006BFB54 /* Build configuration list for PBXNativeTarget "HundredMillion " */ = {
			isa = XCConfigurationList;
			buildConfigurations = (
				1D6058940D05DD3E006BFB54 /* Debug */,
				1D6058950D05DD3E006BFB54 /* Release */,
			);
			defaultConfigurationIsVisible = 0;
			defaultConfigurationName = Release;
		};
		C01FCF4E08A954540054247B /* Build configuration list for PBXProject "HundredMillion " */ = {
			isa = XCConfigurationList;
			buildConfigurations = (
				C01FCF4F08A954540054247B /* Debug */,
				C01FCF5008A954540054247B /* Release */,
			);
			defaultConfigurationIsVisible = 0;
			defaultConfigurationName = Release;
		};
/* End XCConfigurationList section */
	};
	rootObject = 29B97313FDCFA39411CA2CEA /* Project object */;
}
