// !$*UTF8*$!
{
	archiveVersion = 1;
	classes = {
	};
	objectVersion = 46;
	objects = {

/* Begin PBXBuildFile section */
		1D3623260D0F684500981E51 /* HundredMillion_AppDelegate.m in Sources */ = {isa = PBXBuildFile; fileRef = 1D3623250D0F684500981E51 /* HundredMillion_AppDelegate.m */; settings = {COMPILER_FLAGS = "-fno-objc-arc  "; }; };
		1D60589B0D05DD56006BFB54 /* main.m in Sources */ = {isa = PBXBuildFile; fileRef = 29B97316FDCFA39411CA2CEA /* main.m */; settings = {COMPILER_FLAGS = "-fno-objc-arc  "; }; };
		28AD733F0D9D9553002E5188 /* MainWindow.xib in Resources */ = {isa = PBXBuildFile; fileRef = 28AD733E0D9D9553002E5188 /* MainWindow.xib */; };
		5A249F3E175AF2DD009A9DCC /* libMobClickLibrary.a in Frameworks */ = {isa = PBXBuildFile; fileRef = 5A249F3C175AF2DD009A9DCC /* libMobClickLibrary.a */; };
		5A249F69175B0DB3009A9DCC /* OpenGLES.framework in Frameworks */ = {isa = PBXBuildFile; fileRef = 5A249F68175B0DB3009A9DCC /* OpenGLES.framework */; };
		5A24A008175B1BFA009A9DCC /* blueArrow@2x.png in Resources */ = {isa = PBXBuildFile; fileRef = 5A24A007175B1BFA009A9DCC /* blueArrow@2x.png */; };
		5A24A00D175B2143009A9DCC /* QuickMethod.m in Sources */ = {isa = PBXBuildFile; fileRef = 5A5E69F41758BF0D00F5DD9E /* QuickMethod.m */; settings = {COMPILER_FLAGS = "-fno-objc-arc  "; }; };
		5A24A020175B2504009A9DCC /* appicon_lite.png in Resources */ = {isa = PBXBuildFile; fileRef = 5A24A016175B2504009A9DCC /* appicon_lite.png */; };
		5A24A021175B2504009A9DCC /* appicon_lite@2x.png in Resources */ = {isa = PBXBuildFile; fileRef = 5A24A017175B2504009A9DCC /* appicon_lite@2x.png */; };
		5A24A022175B2504009A9DCC /* Default-568h@2x.png in Resources */ = {isa = PBXBuildFile; fileRef = 5A24A018175B2504009A9DCC /* Default-568h@2x.png */; };
		5A24A023175B2504009A9DCC /* Default.png in Resources */ = {isa = PBXBuildFile; fileRef = 5A24A019175B2504009A9DCC /* Default.png */; };
		5A24A024175B2504009A9DCC /* Default@2x.png in Resources */ = {isa = PBXBuildFile; fileRef = 5A24A01A175B2504009A9DCC /* Default@2x.png */; };
		5A24A025175B2504009A9DCC /* left_back_button@2x.png in Resources */ = {isa = PBXBuildFile; fileRef = 5A24A01D175B2504009A9DCC /* left_back_button@2x.png */; };
		5A24A026175B2504009A9DCC /* nabarBgImage.png in Resources */ = {isa = PBXBuildFile; fileRef = 5A24A01E175B2504009A9DCC /* nabarBgImage.png */; };
		5A24A027175B2504009A9DCC /* rightBarBtnImage.png in Resources */ = {isa = PBXBuildFile; fileRef = 5A24A01F175B2504009A9DCC /* rightBarBtnImage.png */; };
		5A24A02F175B2C22009A9DCC /* UserCenterViewController.m in Sources */ = {isa = PBXBuildFile; fileRef = 5A24A02E175B2C22009A9DCC /* UserCenterViewController.m */; };
		5A24A036175B2DC6009A9DCC /* UserLoginViewController.m in Sources */ = {isa = PBXBuildFile; fileRef = 5A24A035175B2DC6009A9DCC /* UserLoginViewController.m */; };
		5A24A03A175B3402009A9DCC /* passwordvisibleselectImage.png in Resources */ = {isa = PBXBuildFile; fileRef = 5A24A038175B3402009A9DCC /* passwordvisibleselectImage.png */; };
		5A24A03B175B3402009A9DCC /* passwordvisibleUnselectImage.png in Resources */ = {isa = PBXBuildFile; fileRef = 5A24A039175B3402009A9DCC /* passwordvisibleUnselectImage.png */; };
		5A24A041175B4207009A9DCC /* CoreLocation.framework in Frameworks */ = {isa = PBXBuildFile; fileRef = 5A24A040175B4207009A9DCC /* CoreLocation.framework */; };
		5A24A044175B4812009A9DCC /* UserRegisteredViewController.m in Sources */ = {isa = PBXBuildFile; fileRef = 5A24A043175B4812009A9DCC /* UserRegisteredViewController.m */; };
		5A24A048175B9CB2009A9DCC /* MedicineDetailViewController.m in Sources */ = {isa = PBXBuildFile; fileRef = 5A24A047175B9CB2009A9DCC /* MedicineDetailViewController.m */; };
		5A42F517175A299E00792109 /* ImageIO.framework in Frameworks */ = {isa = PBXBuildFile; fileRef = 5A42F516175A299E00792109 /* ImageIO.framework */; };
		5A42F532175A29A800792109 /* MKAnnotationView+WebCache.m in Sources */ = {isa = PBXBuildFile; fileRef = 5A42F51A175A29A800792109 /* MKAnnotationView+WebCache.m */; };
		5A42F533175A29A800792109 /* NSData+GIF.m in Sources */ = {isa = PBXBuildFile; fileRef = 5A42F51C175A29A800792109 /* NSData+GIF.m */; };
		5A42F534175A29A800792109 /* SDImageCache.m in Sources */ = {isa = PBXBuildFile; fileRef = 5A42F51E175A29A800792109 /* SDImageCache.m */; };
		5A42F535175A29A800792109 /* SDWebImageCompat.m in Sources */ = {isa = PBXBuildFile; fileRef = 5A42F520175A29A800792109 /* SDWebImageCompat.m */; };
		5A42F536175A29A800792109 /* SDWebImageDecoder.m in Sources */ = {isa = PBXBuildFile; fileRef = 5A42F522175A29A800792109 /* SDWebImageDecoder.m */; };
		5A42F537175A29A800792109 /* SDWebImageDownloader.m in Sources */ = {isa = PBXBuildFile; fileRef = 5A42F524175A29A800792109 /* SDWebImageDownloader.m */; };
		5A42F538175A29A800792109 /* SDWebImageDownloaderOperation.m in Sources */ = {isa = PBXBuildFile; fileRef = 5A42F526175A29A800792109 /* SDWebImageDownloaderOperation.m */; };
		5A42F539175A29A800792109 /* SDWebImageManager.m in Sources */ = {isa = PBXBuildFile; fileRef = 5A42F528175A29A800792109 /* SDWebImageManager.m */; };
		5A42F53A175A29A800792109 /* SDWebImagePrefetcher.m in Sources */ = {isa = PBXBuildFile; fileRef = 5A42F52B175A29A800792109 /* SDWebImagePrefetcher.m */; };
		5A42F53B175A29A800792109 /* UIButton+WebCache.m in Sources */ = {isa = PBXBuildFile; fileRef = 5A42F52D175A29A800792109 /* UIButton+WebCache.m */; };
		5A42F53C175A29A800792109 /* UIImage+GIF.m in Sources */ = {isa = PBXBuildFile; fileRef = 5A42F52F175A29A800792109 /* UIImage+GIF.m */; };
		5A42F53D175A29A800792109 /* UIImageView+WebCache.m in Sources */ = {isa = PBXBuildFile; fileRef = 5A42F531175A29A800792109 /* UIImageView+WebCache.m */; };
		5A42F544175A2AD200792109 /* DBDataCache.m in Sources */ = {isa = PBXBuildFile; fileRef = 5A42F541175A2AD200792109 /* DBDataCache.m */; settings = {COMPILER_FLAGS = "-fno-objc-arc  "; }; };
		5A42F545175A2AD200792109 /* DBDataCacheManager.m in Sources */ = {isa = PBXBuildFile; fileRef = 5A42F543175A2AD200792109 /* DBDataCacheManager.m */; settings = {COMPILER_FLAGS = "-fno-objc-arc  "; }; };
		5A42F562175A2C9700792109 /* FMDatabase.m in Sources */ = {isa = PBXBuildFile; fileRef = 5A42F559175A2C9700792109 /* FMDatabase.m */; settings = {COMPILER_FLAGS = "-fno-objc-arc  "; }; };
		5A42F563175A2C9700792109 /* FMDatabaseAdditions.m in Sources */ = {isa = PBXBuildFile; fileRef = 5A42F55B175A2C9700792109 /* FMDatabaseAdditions.m */; settings = {COMPILER_FLAGS = "-fno-objc-arc  "; }; };
		5A42F564175A2C9700792109 /* FMDatabasePool.m in Sources */ = {isa = PBXBuildFile; fileRef = 5A42F55D175A2C9700792109 /* FMDatabasePool.m */; settings = {COMPILER_FLAGS = "-fno-objc-arc  "; }; };
		5A42F565175A2C9700792109 /* FMDatabaseQueue.m in Sources */ = {isa = PBXBuildFile; fileRef = 5A42F55F175A2C9700792109 /* FMDatabaseQueue.m */; settings = {COMPILER_FLAGS = "-fno-objc-arc  "; }; };
		5A42F566175A2C9700792109 /* FMResultSet.m in Sources */ = {isa = PBXBuildFile; fileRef = 5A42F561175A2C9700792109 /* FMResultSet.m */; settings = {COMPILER_FLAGS = "-fno-objc-arc  "; }; };
		5A42F569175A459400792109 /* HomePageViewController.m in Sources */ = {isa = PBXBuildFile; fileRef = 5A42F568175A459400792109 /* HomePageViewController.m */; };
		5A4E63C7169928580075456C /* MBProgressHUD.m in Sources */ = {isa = PBXBuildFile; fileRef = 5A4E63C1169928580075456C /* MBProgressHUD.m */; settings = {COMPILER_FLAGS = "-fno-objc-arc  "; }; };
		5A4E63C8169928580075456C /* SVProgressHUD.bundle in Resources */ = {isa = PBXBuildFile; fileRef = 5A4E63C2169928580075456C /* SVProgressHUD.bundle */; };
		5A4E63C9169928580075456C /* SVProgressHUD.m in Sources */ = {isa = PBXBuildFile; fileRef = 5A4E63C4169928580075456C /* SVProgressHUD.m */; };
		5A4E63CA169928580075456C /* WatingWindow.m in Sources */ = {isa = PBXBuildFile; fileRef = 5A4E63C6169928580075456C /* WatingWindow.m */; settings = {COMPILER_FLAGS = "-fno-objc-arc  "; }; };
		5A6AB6EF1759D24B00CBF622 /* MapKit.framework in Frameworks */ = {isa = PBXBuildFile; fileRef = 5A6AB6EE1759D24B00CBF622 /* MapKit.framework */; };
		5A6AB6F11759D25500CBF622 /* MediaPlayer.framework in Frameworks */ = {isa = PBXBuildFile; fileRef = 5A6AB6F01759D25500CBF622 /* MediaPlayer.framework */; };
		5A6AB6F31759D28A00CBF622 /* libz.1.2.5.dylib in Frameworks */ = {isa = PBXBuildFile; fileRef = 5A6AB6F21759D28A00CBF622 /* libz.1.2.5.dylib */; };
		5AC79D64175A498B006C378A /* BaseViewController.m in Sources */ = {isa = PBXBuildFile; fileRef = B7BC724A153D0253005E85E2 /* BaseViewController.m */; };
		5AC79D68175A4C0F006C378A /* AskPriceRootViewController.m in Sources */ = {isa = PBXBuildFile; fileRef = 5AC79D67175A4C0F006C378A /* AskPriceRootViewController.m */; };
		5AC79D6B175A4CFC006C378A /* SeachMedicineTableView.m in Sources */ = {isa = PBXBuildFile; fileRef = 5AC79D6A175A4CFC006C378A /* SeachMedicineTableView.m */; };
		5AC79D6F175A4D32006C378A /* LoadingMoreFooterView.m in Sources */ = {isa = PBXBuildFile; fileRef = 5AC79D6E175A4D32006C378A /* LoadingMoreFooterView.m */; settings = {COMPILER_FLAGS = "-fno-objc-arc  "; }; };
		5AC79D7E175A4DB0006C378A /* BaseTableModel.m in Sources */ = {isa = PBXBuildFile; fileRef = 5AC79D78175A4DB0006C378A /* BaseTableModel.m */; settings = {COMPILER_FLAGS = "-fno-objc-arc  "; }; };
		5AC79D7F175A4DB0006C378A /* TableCellModel.m in Sources */ = {isa = PBXBuildFile; fileRef = 5AC79D7A175A4DB0006C378A /* TableCellModel.m */; };
		5AC79D80175A4DB0006C378A /* TableViewModel.m in Sources */ = {isa = PBXBuildFile; fileRef = 5AC79D7C175A4DB0006C378A /* TableViewModel.m */; };
		5AC79D81175A4DB0006C378A /* TableViewModel.xib in Resources */ = {isa = PBXBuildFile; fileRef = 5AC79D7D175A4DB0006C378A /* TableViewModel.xib */; };
		5AC79D87175A5232006C378A /* SeachMedicineTableViewCell.m in Sources */ = {isa = PBXBuildFile; fileRef = 5AC79D86175A5232006C378A /* SeachMedicineTableViewCell.m */; };
		B7BC703D153D01AD005E85E2 /* NSObject+SBJSON.m in Sources */ = {isa = PBXBuildFile; fileRef = B7BC7016153D01AD005E85E2 /* NSObject+SBJSON.m */; settings = {COMPILER_FLAGS = "-fno-objc-arc  "; }; };
		B7BC703E153D01AD005E85E2 /* NSString+SBJSON.m in Sources */ = {isa = PBXBuildFile; fileRef = B7BC7018153D01AD005E85E2 /* NSString+SBJSON.m */; settings = {COMPILER_FLAGS = "-fno-objc-arc  "; }; };
		B7BC703F153D01AD005E85E2 /* SBJSON.m in Sources */ = {isa = PBXBuildFile; fileRef = B7BC701A153D01AD005E85E2 /* SBJSON.m */; settings = {COMPILER_FLAGS = "-fno-objc-arc  "; }; };
		B7BC7040153D01AD005E85E2 /* SBJsonBase.m in Sources */ = {isa = PBXBuildFile; fileRef = B7BC701C153D01AD005E85E2 /* SBJsonBase.m */; settings = {COMPILER_FLAGS = "-fno-objc-arc  "; }; };
		B7BC7041153D01AD005E85E2 /* SBJsonParser.m in Sources */ = {isa = PBXBuildFile; fileRef = B7BC701E153D01AD005E85E2 /* SBJsonParser.m */; settings = {COMPILER_FLAGS = "-fno-objc-arc  "; }; };
		B7BC7042153D01AD005E85E2 /* SBJsonStreamWriter.m in Sources */ = {isa = PBXBuildFile; fileRef = B7BC7020153D01AD005E85E2 /* SBJsonStreamWriter.m */; settings = {COMPILER_FLAGS = "-fno-objc-arc  "; }; };
		B7BC7043153D01AD005E85E2 /* SBJsonWriter.m in Sources */ = {isa = PBXBuildFile; fileRef = B7BC7022153D01AD005E85E2 /* SBJsonWriter.m */; settings = {COMPILER_FLAGS = "-fno-objc-arc  "; }; };
		B7BC7047153D01AD005E85E2 /* WSUserMethod.m in Sources */ = {isa = PBXBuildFile; fileRef = B7BC702C153D01AD005E85E2 /* WSUserMethod.m */; settings = {COMPILER_FLAGS = "-fno-objc-arc  "; }; };
		B7BC706F153D01B5005E85E2 /* NSDataAdditions.m in Sources */ = {isa = PBXBuildFile; fileRef = B7BC704B153D01B5005E85E2 /* NSDataAdditions.m */; settings = {COMPILER_FLAGS = "-fno-objc-arc  "; }; };
		B7BC7070153D01B5005E85E2 /* NSDictionaryAdditions.m in Sources */ = {isa = PBXBuildFile; fileRef = B7BC704D153D01B5005E85E2 /* NSDictionaryAdditions.m */; settings = {COMPILER_FLAGS = "-fno-objc-arc  "; }; };
		B7BC7071153D01B5005E85E2 /* NSStringAdditions.m in Sources */ = {isa = PBXBuildFile; fileRef = B7BC704F153D01B5005E85E2 /* NSStringAdditions.m */; settings = {COMPILER_FLAGS = "-fno-objc-arc  "; }; };
		B7BC7072153D01B5005E85E2 /* UIColorAdditions.m in Sources */ = {isa = PBXBuildFile; fileRef = B7BC7051153D01B5005E85E2 /* UIColorAdditions.m */; settings = {COMPILER_FLAGS = "-fno-objc-arc  "; }; };
		B7BC7073153D01B5005E85E2 /* UIFontAdditions.m in Sources */ = {isa = PBXBuildFile; fileRef = B7BC7053153D01B5005E85E2 /* UIFontAdditions.m */; settings = {COMPILER_FLAGS = "-fno-objc-arc  "; }; };
		B7BC7074153D01B5005E85E2 /* UIImage+Alpha.m in Sources */ = {isa = PBXBuildFile; fileRef = B7BC7055153D01B5005E85E2 /* UIImage+Alpha.m */; settings = {COMPILER_FLAGS = "-fno-objc-arc  "; }; };
		B7BC7075153D01B5005E85E2 /* UIImage+Resize.m in Sources */ = {isa = PBXBuildFile; fileRef = B7BC7057153D01B5005E85E2 /* UIImage+Resize.m */; settings = {COMPILER_FLAGS = "-fno-objc-arc  "; }; };
		B7BC7076153D01B5005E85E2 /* UIImage+RoundedCorner.m in Sources */ = {isa = PBXBuildFile; fileRef = B7BC7059153D01B5005E85E2 /* UIImage+RoundedCorner.m */; settings = {COMPILER_FLAGS = "-fno-objc-arc  "; }; };
		B7BC7077153D01B5005E85E2 /* UIImage-Extensions.m in Sources */ = {isa = PBXBuildFile; fileRef = B7BC705B153D01B5005E85E2 /* UIImage-Extensions.m */; settings = {COMPILER_FLAGS = "-fno-objc-arc  "; }; };
		B7BC7078153D01B5005E85E2 /* UITextViewAdditions.m in Sources */ = {isa = PBXBuildFile; fileRef = B7BC705D153D01B5005E85E2 /* UITextViewAdditions.m */; settings = {COMPILER_FLAGS = "-fno-objc-arc  "; }; };
		B7BC7079153D01B5005E85E2 /* UIView+Hierarchy.m in Sources */ = {isa = PBXBuildFile; fileRef = B7BC705F153D01B5005E85E2 /* UIView+Hierarchy.m */; settings = {COMPILER_FLAGS = "-fno-objc-arc  "; }; };
		B7BC707A153D01B5005E85E2 /* UIViewAdditions.m in Sources */ = {isa = PBXBuildFile; fileRef = B7BC7061153D01B5005E85E2 /* UIViewAdditions.m */; settings = {COMPILER_FLAGS = "-fno-objc-arc  "; }; };
		B7BC707B153D01B5005E85E2 /* AFItemView.m in Sources */ = {isa = PBXBuildFile; fileRef = B7BC7064153D01B5005E85E2 /* AFItemView.m */; settings = {COMPILER_FLAGS = "-fno-objc-arc  "; }; };
		B7BC707C153D01B5005E85E2 /* AFOpenFlowView.m in Sources */ = {isa = PBXBuildFile; fileRef = B7BC7067153D01B5005E85E2 /* AFOpenFlowView.m */; settings = {COMPILER_FLAGS = "-fno-objc-arc  "; }; };
		B7BC707D153D01B5005E85E2 /* AFUIImageReflection.m in Sources */ = {isa = PBXBuildFile; fileRef = B7BC7069153D01B5005E85E2 /* AFUIImageReflection.m */; settings = {COMPILER_FLAGS = "-fno-objc-arc  "; }; };
		B7BC707E153D01B5005E85E2 /* EGORefreshTableHeaderView.m in Sources */ = {isa = PBXBuildFile; fileRef = B7BC706C153D01B5005E85E2 /* EGORefreshTableHeaderView.m */; settings = {COMPILER_FLAGS = "-fno-objc-arc  "; }; };
		B7BC707F153D01B5005E85E2 /* ToolsObject.m in Sources */ = {isa = PBXBuildFile; fileRef = B7BC706E153D01B5005E85E2 /* ToolsObject.m */; settings = {COMPILER_FLAGS = "-fno-objc-arc  "; }; };
		B7BC7225153D0223005E85E2 /* CoreTelephony.framework in Frameworks */ = {isa = PBXBuildFile; fileRef = B7BC7217153D0223005E85E2 /* CoreTelephony.framework */; };
		B7BC7226153D0223005E85E2 /* libsqlite3.0.dylib in Frameworks */ = {isa = PBXBuildFile; fileRef = B7BC7218153D0223005E85E2 /* libsqlite3.0.dylib */; };
		B7BC7227153D0223005E85E2 /* MessageUI.framework in Frameworks */ = {isa = PBXBuildFile; fileRef = B7BC7219153D0223005E85E2 /* MessageUI.framework */; };
		B7BC7228153D0223005E85E2 /* libz.dylib in Frameworks */ = {isa = PBXBuildFile; fileRef = B7BC721A153D0223005E85E2 /* libz.dylib */; };
		B7BC7229153D0223005E85E2 /* Security.framework in Frameworks */ = {isa = PBXBuildFile; fileRef = B7BC721B153D0223005E85E2 /* Security.framework */; };
		B7BC722A153D0223005E85E2 /* CFNetwork.framework in Frameworks */ = {isa = PBXBuildFile; fileRef = B7BC721C153D0223005E85E2 /* CFNetwork.framework */; };
		B7BC722B153D0223005E85E2 /* QuartzCore.framework in Frameworks */ = {isa = PBXBuildFile; fileRef = B7BC721D153D0223005E85E2 /* QuartzCore.framework */; };
		B7BC722C153D0223005E85E2 /* MobileCoreServices.framework in Frameworks */ = {isa = PBXBuildFile; fileRef = B7BC721E153D0223005E85E2 /* MobileCoreServices.framework */; };
		B7BC722D153D0223005E85E2 /* SystemConfiguration.framework in Frameworks */ = {isa = PBXBuildFile; fileRef = B7BC721F153D0223005E85E2 /* SystemConfiguration.framework */; };
		B7BC722E153D0223005E85E2 /* UIKit.framework in Frameworks */ = {isa = PBXBuildFile; fileRef = B7BC7220153D0223005E85E2 /* UIKit.framework */; };
		B7BC722F153D0223005E85E2 /* CoreGraphics.framework in Frameworks */ = {isa = PBXBuildFile; fileRef = B7BC7221153D0223005E85E2 /* CoreGraphics.framework */; };
		B7BC7230153D0223005E85E2 /* UIKit.framework in Frameworks */ = {isa = PBXBuildFile; fileRef = B7BC7222153D0223005E85E2 /* UIKit.framework */; };
		B7BC7231153D0223005E85E2 /* CoreGraphics.framework in Frameworks */ = {isa = PBXBuildFile; fileRef = B7BC7223153D0223005E85E2 /* CoreGraphics.framework */; };
		B7BC7232153D0223005E85E2 /* Foundation.framework in Frameworks */ = {isa = PBXBuildFile; fileRef = B7BC7224153D0223005E85E2 /* Foundation.framework */; };
		B7BC7245153D023B005E85E2 /* GlobalPointer.m in Sources */ = {isa = PBXBuildFile; fileRef = B7BC723E153D023B005E85E2 /* GlobalPointer.m */; settings = {COMPILER_FLAGS = "-fno-objc-arc  "; }; };
		B7BC7246153D023B005E85E2 /* UserInfoSave.m in Sources */ = {isa = PBXBuildFile; fileRef = B7BC7242153D023B005E85E2 /* UserInfoSave.m */; settings = {COMPILER_FLAGS = "-fno-objc-arc  "; }; };
		B7BC7247153D023B005E85E2 /* WelcomView.m in Sources */ = {isa = PBXBuildFile; fileRef = B7BC7244153D023B005E85E2 /* WelcomView.m */; settings = {COMPILER_FLAGS = "-fno-objc-arc  "; }; };
		B7BC72AA153D0375005E85E2 /* OperationView.m in Sources */ = {isa = PBXBuildFile; fileRef = B7BC72A9153D0375005E85E2 /* OperationView.m */; settings = {COMPILER_FLAGS = "-fno-objc-arc  "; }; };
		B7BC738A153D0903005E85E2 /* TestViewController.m in Sources */ = {isa = PBXBuildFile; fileRef = B7BC7389153D0903005E85E2 /* TestViewController.m */; settings = {COMPILER_FLAGS = "-fno-objc-arc  "; }; };
		B7BC7407153D0E84005E85E2 /* WebService.m in Sources */ = {isa = PBXBuildFile; fileRef = B7BC7406153D0E84005E85E2 /* WebService.m */; settings = {COMPILER_FLAGS = "-fno-objc-arc  "; }; };
		B7BC7434153D0F29005E85E2 /* ASIAuthenticationDialog.m in Sources */ = {isa = PBXBuildFile; fileRef = B7BC741D153D0F29005E85E2 /* ASIAuthenticationDialog.m */; settings = {COMPILER_FLAGS = "-fno-objc-arc  "; }; };
		B7BC7435153D0F29005E85E2 /* ASIDataCompressor.m in Sources */ = {isa = PBXBuildFile; fileRef = B7BC7420153D0F29005E85E2 /* ASIDataCompressor.m */; settings = {COMPILER_FLAGS = "-fno-objc-arc  "; }; };
		B7BC7436153D0F29005E85E2 /* ASIDataDecompressor.m in Sources */ = {isa = PBXBuildFile; fileRef = B7BC7422153D0F29005E85E2 /* ASIDataDecompressor.m */; settings = {COMPILER_FLAGS = "-fno-objc-arc  "; }; };
		B7BC7437153D0F29005E85E2 /* ASIDownloadCache.m in Sources */ = {isa = PBXBuildFile; fileRef = B7BC7424153D0F29005E85E2 /* ASIDownloadCache.m */; settings = {COMPILER_FLAGS = "-fno-objc-arc  "; }; };
		B7BC7438153D0F29005E85E2 /* ASIFormDataRequest.m in Sources */ = {isa = PBXBuildFile; fileRef = B7BC7426153D0F29005E85E2 /* ASIFormDataRequest.m */; settings = {COMPILER_FLAGS = "-fno-objc-arc  "; }; };
		B7BC7439153D0F29005E85E2 /* ASIHTTPRequest.m in Sources */ = {isa = PBXBuildFile; fileRef = B7BC7428153D0F29005E85E2 /* ASIHTTPRequest.m */; settings = {COMPILER_FLAGS = "-fno-objc-arc  "; }; };
		B7BC743A153D0F29005E85E2 /* ASIInputStream.m in Sources */ = {isa = PBXBuildFile; fileRef = B7BC742C153D0F29005E85E2 /* ASIInputStream.m */; settings = {COMPILER_FLAGS = "-fno-objc-arc  "; }; };
		B7BC743B153D0F29005E85E2 /* ASINetworkQueue.m in Sources */ = {isa = PBXBuildFile; fileRef = B7BC742E153D0F29005E85E2 /* ASINetworkQueue.m */; settings = {COMPILER_FLAGS = "-fno-objc-arc  "; }; };
		B7BC743C153D0F29005E85E2 /* Reachability.m in Sources */ = {isa = PBXBuildFile; fileRef = B7BC7433153D0F29005E85E2 /* Reachability.m */; settings = {COMPILER_FLAGS = "-fno-objc-arc  "; }; };
		C5B19168175B9C8D00759F6C /* ShoppingCartTableView.m in Sources */ = {isa = PBXBuildFile; fileRef = C5B19167175B9C8D00759F6C /* ShoppingCartTableView.m */; };
/* End PBXBuildFile section */

/* Begin PBXFileReference section */
		1D3623240D0F684500981E51 /* HundredMillion_AppDelegate.h */ = {isa = PBXFileReference; fileEncoding = 4; lastKnownFileType = sourcecode.c.h; path = HundredMillion_AppDelegate.h; sourceTree = "<group>"; };
		1D3623250D0F684500981E51 /* HundredMillion_AppDelegate.m */ = {isa = PBXFileReference; fileEncoding = 4; lastKnownFileType = sourcecode.c.objc; path = HundredMillion_AppDelegate.m; sourceTree = "<group>"; };
		1D6058910D05DD3D006BFB54 /* HundredMillion .app */ = {isa = PBXFileReference; explicitFileType = wrapper.application; includeInIndex = 0; path = "HundredMillion .app"; sourceTree = BUILT_PRODUCTS_DIR; };
		28AD733E0D9D9553002E5188 /* MainWindow.xib */ = {isa = PBXFileReference; lastKnownFileType = file.xib; path = MainWindow.xib; sourceTree = "<group>"; };
		29B97316FDCFA39411CA2CEA /* main.m */ = {isa = PBXFileReference; fileEncoding = 4; lastKnownFileType = sourcecode.c.objc; path = main.m; sourceTree = "<group>"; };
		32CA4F630368D1EE00C91783 /* HundredMillion__Prefix.pch */ = {isa = PBXFileReference; fileEncoding = 4; lastKnownFileType = sourcecode.c.h; path = HundredMillion__Prefix.pch; sourceTree = "<group>"; };
		5A249F3C175AF2DD009A9DCC /* libMobClickLibrary.a */ = {isa = PBXFileReference; lastKnownFileType = archive.ar; path = libMobClickLibrary.a; sourceTree = "<group>"; };
		5A249F3D175AF2DD009A9DCC /* MobClick.h */ = {isa = PBXFileReference; fileEncoding = 4; lastKnownFileType = sourcecode.c.h; path = MobClick.h; sourceTree = "<group>"; };
		5A249F68175B0DB3009A9DCC /* OpenGLES.framework */ = {isa = PBXFileReference; lastKnownFileType = wrapper.framework; name = OpenGLES.framework; path = System/Library/Frameworks/OpenGLES.framework; sourceTree = SDKROOT; };
		5A24A007175B1BFA009A9DCC /* blueArrow@2x.png */ = {isa = PBXFileReference; lastKnownFileType = image.png; path = "blueArrow@2x.png"; sourceTree = "<group>"; };
		5A24A016175B2504009A9DCC /* appicon_lite.png */ = {isa = PBXFileReference; lastKnownFileType = image.png; path = appicon_lite.png; sourceTree = "<group>"; };
		5A24A017175B2504009A9DCC /* appicon_lite@2x.png */ = {isa = PBXFileReference; lastKnownFileType = image.png; path = "appicon_lite@2x.png"; sourceTree = "<group>"; };
		5A24A018175B2504009A9DCC /* Default-568h@2x.png */ = {isa = PBXFileReference; lastKnownFileType = image.png; path = "Default-568h@2x.png"; sourceTree = "<group>"; };
		5A24A019175B2504009A9DCC /* Default.png */ = {isa = PBXFileReference; lastKnownFileType = image.png; path = Default.png; sourceTree = "<group>"; };
		5A24A01A175B2504009A9DCC /* Default@2x.png */ = {isa = PBXFileReference; lastKnownFileType = image.png; path = "Default@2x.png"; sourceTree = "<group>"; };
		5A24A01D175B2504009A9DCC /* left_back_button@2x.png */ = {isa = PBXFileReference; lastKnownFileType = image.png; path = "left_back_button@2x.png"; sourceTree = "<group>"; };
		5A24A01E175B2504009A9DCC /* nabarBgImage.png */ = {isa = PBXFileReference; lastKnownFileType = image.png; path = nabarBgImage.png; sourceTree = "<group>"; };
		5A24A01F175B2504009A9DCC /* rightBarBtnImage.png */ = {isa = PBXFileReference; lastKnownFileType = image.png; path = rightBarBtnImage.png; sourceTree = "<group>"; };
		5A24A02D175B2C22009A9DCC /* UserCenterViewController.h */ = {isa = PBXFileReference; fileEncoding = 4; lastKnownFileType = sourcecode.c.h; path = UserCenterViewController.h; sourceTree = "<group>"; };
		5A24A02E175B2C22009A9DCC /* UserCenterViewController.m */ = {isa = PBXFileReference; fileEncoding = 4; lastKnownFileType = sourcecode.c.objc; path = UserCenterViewController.m; sourceTree = "<group>"; };
		5A24A035175B2DC6009A9DCC /* UserLoginViewController.m */ = {isa = PBXFileReference; fileEncoding = 4; lastKnownFileType = sourcecode.c.objc; path = UserLoginViewController.m; sourceTree = "<group>"; };
		5A24A037175B2DCC009A9DCC /* UserLoginViewController.h */ = {isa = PBXFileReference; fileEncoding = 4; lastKnownFileType = sourcecode.c.h; path = UserLoginViewController.h; sourceTree = "<group>"; };
		5A24A038175B3402009A9DCC /* passwordvisibleselectImage.png */ = {isa = PBXFileReference; lastKnownFileType = image.png; name = passwordvisibleselectImage.png; path = testImage/passwordvisibleselectImage.png; sourceTree = "<group>"; };
		5A24A039175B3402009A9DCC /* passwordvisibleUnselectImage.png */ = {isa = PBXFileReference; lastKnownFileType = image.png; name = passwordvisibleUnselectImage.png; path = testImage/passwordvisibleUnselectImage.png; sourceTree = "<group>"; };
		5A24A040175B4207009A9DCC /* CoreLocation.framework */ = {isa = PBXFileReference; lastKnownFileType = wrapper.framework; name = CoreLocation.framework; path = System/Library/Frameworks/CoreLocation.framework; sourceTree = SDKROOT; };
		5A24A042175B4812009A9DCC /* UserRegisteredViewController.h */ = {isa = PBXFileReference; fileEncoding = 4; lastKnownFileType = sourcecode.c.h; path = UserRegisteredViewController.h; sourceTree = "<group>"; };
		5A24A043175B4812009A9DCC /* UserRegisteredViewController.m */ = {isa = PBXFileReference; fileEncoding = 4; lastKnownFileType = sourcecode.c.objc; path = UserRegisteredViewController.m; sourceTree = "<group>"; };
		5A24A046175B9CB1009A9DCC /* MedicineDetailViewController.h */ = {isa = PBXFileReference; fileEncoding = 4; lastKnownFileType = sourcecode.c.h; path = MedicineDetailViewController.h; sourceTree = "<group>"; };
		5A24A047175B9CB2009A9DCC /* MedicineDetailViewController.m */ = {isa = PBXFileReference; fileEncoding = 4; lastKnownFileType = sourcecode.c.objc; path = MedicineDetailViewController.m; sourceTree = "<group>"; };
		5A42F516175A299E00792109 /* ImageIO.framework */ = {isa = PBXFileReference; lastKnownFileType = wrapper.framework; name = ImageIO.framework; path = System/Library/Frameworks/ImageIO.framework; sourceTree = SDKROOT; };
		5A42F519175A29A800792109 /* MKAnnotationView+WebCache.h */ = {isa = PBXFileReference; fileEncoding = 4; lastKnownFileType = sourcecode.c.h; path = "MKAnnotationView+WebCache.h"; sourceTree = "<group>"; };
		5A42F51A175A29A800792109 /* MKAnnotationView+WebCache.m */ = {isa = PBXFileReference; fileEncoding = 4; lastKnownFileType = sourcecode.c.objc; path = "MKAnnotationView+WebCache.m"; sourceTree = "<group>"; };
		5A42F51B175A29A800792109 /* NSData+GIF.h */ = {isa = PBXFileReference; fileEncoding = 4; lastKnownFileType = sourcecode.c.h; path = "NSData+GIF.h"; sourceTree = "<group>"; };
		5A42F51C175A29A800792109 /* NSData+GIF.m */ = {isa = PBXFileReference; fileEncoding = 4; lastKnownFileType = sourcecode.c.objc; path = "NSData+GIF.m"; sourceTree = "<group>"; };
		5A42F51D175A29A800792109 /* SDImageCache.h */ = {isa = PBXFileReference; fileEncoding = 4; lastKnownFileType = sourcecode.c.h; path = SDImageCache.h; sourceTree = "<group>"; };
		5A42F51E175A29A800792109 /* SDImageCache.m */ = {isa = PBXFileReference; fileEncoding = 4; lastKnownFileType = sourcecode.c.objc; path = SDImageCache.m; sourceTree = "<group>"; };
		5A42F51F175A29A800792109 /* SDWebImageCompat.h */ = {isa = PBXFileReference; fileEncoding = 4; lastKnownFileType = sourcecode.c.h; path = SDWebImageCompat.h; sourceTree = "<group>"; };
		5A42F520175A29A800792109 /* SDWebImageCompat.m */ = {isa = PBXFileReference; fileEncoding = 4; lastKnownFileType = sourcecode.c.objc; path = SDWebImageCompat.m; sourceTree = "<group>"; };
		5A42F521175A29A800792109 /* SDWebImageDecoder.h */ = {isa = PBXFileReference; fileEncoding = 4; lastKnownFileType = sourcecode.c.h; path = SDWebImageDecoder.h; sourceTree = "<group>"; };
		5A42F522175A29A800792109 /* SDWebImageDecoder.m */ = {isa = PBXFileReference; fileEncoding = 4; lastKnownFileType = sourcecode.c.objc; path = SDWebImageDecoder.m; sourceTree = "<group>"; };
		5A42F523175A29A800792109 /* SDWebImageDownloader.h */ = {isa = PBXFileReference; fileEncoding = 4; lastKnownFileType = sourcecode.c.h; path = SDWebImageDownloader.h; sourceTree = "<group>"; };
		5A42F524175A29A800792109 /* SDWebImageDownloader.m */ = {isa = PBXFileReference; fileEncoding = 4; lastKnownFileType = sourcecode.c.objc; path = SDWebImageDownloader.m; sourceTree = "<group>"; };
		5A42F525175A29A800792109 /* SDWebImageDownloaderOperation.h */ = {isa = PBXFileReference; fileEncoding = 4; lastKnownFileType = sourcecode.c.h; path = SDWebImageDownloaderOperation.h; sourceTree = "<group>"; };
		5A42F526175A29A800792109 /* SDWebImageDownloaderOperation.m */ = {isa = PBXFileReference; fileEncoding = 4; lastKnownFileType = sourcecode.c.objc; path = SDWebImageDownloaderOperation.m; sourceTree = "<group>"; };
		5A42F527175A29A800792109 /* SDWebImageManager.h */ = {isa = PBXFileReference; fileEncoding = 4; lastKnownFileType = sourcecode.c.h; path = SDWebImageManager.h; sourceTree = "<group>"; };
		5A42F528175A29A800792109 /* SDWebImageManager.m */ = {isa = PBXFileReference; fileEncoding = 4; lastKnownFileType = sourcecode.c.objc; path = SDWebImageManager.m; sourceTree = "<group>"; };
		5A42F529175A29A800792109 /* SDWebImageOperation.h */ = {isa = PBXFileReference; fileEncoding = 4; lastKnownFileType = sourcecode.c.h; path = SDWebImageOperation.h; sourceTree = "<group>"; };
		5A42F52A175A29A800792109 /* SDWebImagePrefetcher.h */ = {isa = PBXFileReference; fileEncoding = 4; lastKnownFileType = sourcecode.c.h; path = SDWebImagePrefetcher.h; sourceTree = "<group>"; };
		5A42F52B175A29A800792109 /* SDWebImagePrefetcher.m */ = {isa = PBXFileReference; fileEncoding = 4; lastKnownFileType = sourcecode.c.objc; path = SDWebImagePrefetcher.m; sourceTree = "<group>"; };
		5A42F52C175A29A800792109 /* UIButton+WebCache.h */ = {isa = PBXFileReference; fileEncoding = 4; lastKnownFileType = sourcecode.c.h; path = "UIButton+WebCache.h"; sourceTree = "<group>"; };
		5A42F52D175A29A800792109 /* UIButton+WebCache.m */ = {isa = PBXFileReference; fileEncoding = 4; lastKnownFileType = sourcecode.c.objc; path = "UIButton+WebCache.m"; sourceTree = "<group>"; };
		5A42F52E175A29A800792109 /* UIImage+GIF.h */ = {isa = PBXFileReference; fileEncoding = 4; lastKnownFileType = sourcecode.c.h; path = "UIImage+GIF.h"; sourceTree = "<group>"; };
		5A42F52F175A29A800792109 /* UIImage+GIF.m */ = {isa = PBXFileReference; fileEncoding = 4; lastKnownFileType = sourcecode.c.objc; path = "UIImage+GIF.m"; sourceTree = "<group>"; };
		5A42F530175A29A800792109 /* UIImageView+WebCache.h */ = {isa = PBXFileReference; fileEncoding = 4; lastKnownFileType = sourcecode.c.h; path = "UIImageView+WebCache.h"; sourceTree = "<group>"; };
		5A42F531175A29A800792109 /* UIImageView+WebCache.m */ = {isa = PBXFileReference; fileEncoding = 4; lastKnownFileType = sourcecode.c.objc; path = "UIImageView+WebCache.m"; sourceTree = "<group>"; };
		5A42F53F175A2AD200792109 /* DataCacheDefine.h */ = {isa = PBXFileReference; fileEncoding = 4; lastKnownFileType = sourcecode.c.h; path = DataCacheDefine.h; sourceTree = "<group>"; };
		5A42F540175A2AD200792109 /* DBDataCache.h */ = {isa = PBXFileReference; fileEncoding = 4; lastKnownFileType = sourcecode.c.h; path = DBDataCache.h; sourceTree = "<group>"; };
		5A42F541175A2AD200792109 /* DBDataCache.m */ = {isa = PBXFileReference; fileEncoding = 4; lastKnownFileType = sourcecode.c.objc; path = DBDataCache.m; sourceTree = "<group>"; };
		5A42F542175A2AD200792109 /* DBDataCacheManager.h */ = {isa = PBXFileReference; fileEncoding = 4; lastKnownFileType = sourcecode.c.h; path = DBDataCacheManager.h; sourceTree = "<group>"; };
		5A42F543175A2AD200792109 /* DBDataCacheManager.m */ = {isa = PBXFileReference; fileEncoding = 4; lastKnownFileType = sourcecode.c.objc; path = DBDataCacheManager.m; sourceTree = "<group>"; };
		5A42F558175A2C9700792109 /* FMDatabase.h */ = {isa = PBXFileReference; fileEncoding = 4; lastKnownFileType = sourcecode.c.h; path = FMDatabase.h; sourceTree = "<group>"; };
		5A42F559175A2C9700792109 /* FMDatabase.m */ = {isa = PBXFileReference; fileEncoding = 4; lastKnownFileType = sourcecode.c.objc; path = FMDatabase.m; sourceTree = "<group>"; };
		5A42F55A175A2C9700792109 /* FMDatabaseAdditions.h */ = {isa = PBXFileReference; fileEncoding = 4; lastKnownFileType = sourcecode.c.h; path = FMDatabaseAdditions.h; sourceTree = "<group>"; };
		5A42F55B175A2C9700792109 /* FMDatabaseAdditions.m */ = {isa = PBXFileReference; fileEncoding = 4; lastKnownFileType = sourcecode.c.objc; path = FMDatabaseAdditions.m; sourceTree = "<group>"; };
		5A42F55C175A2C9700792109 /* FMDatabasePool.h */ = {isa = PBXFileReference; fileEncoding = 4; lastKnownFileType = sourcecode.c.h; path = FMDatabasePool.h; sourceTree = "<group>"; };
		5A42F55D175A2C9700792109 /* FMDatabasePool.m */ = {isa = PBXFileReference; fileEncoding = 4; lastKnownFileType = sourcecode.c.objc; path = FMDatabasePool.m; sourceTree = "<group>"; };
		5A42F55E175A2C9700792109 /* FMDatabaseQueue.h */ = {isa = PBXFileReference; fileEncoding = 4; lastKnownFileType = sourcecode.c.h; path = FMDatabaseQueue.h; sourceTree = "<group>"; };
		5A42F55F175A2C9700792109 /* FMDatabaseQueue.m */ = {isa = PBXFileReference; fileEncoding = 4; lastKnownFileType = sourcecode.c.objc; path = FMDatabaseQueue.m; sourceTree = "<group>"; };
		5A42F560175A2C9700792109 /* FMResultSet.h */ = {isa = PBXFileReference; fileEncoding = 4; lastKnownFileType = sourcecode.c.h; path = FMResultSet.h; sourceTree = "<group>"; };
		5A42F561175A2C9700792109 /* FMResultSet.m */ = {isa = PBXFileReference; fileEncoding = 4; lastKnownFileType = sourcecode.c.objc; path = FMResultSet.m; sourceTree = "<group>"; };
		5A42F567175A459400792109 /* HomePageViewController.h */ = {isa = PBXFileReference; fileEncoding = 4; lastKnownFileType = sourcecode.c.h; path = HomePageViewController.h; sourceTree = "<group>"; };
		5A42F568175A459400792109 /* HomePageViewController.m */ = {isa = PBXFileReference; fileEncoding = 4; lastKnownFileType = sourcecode.c.objc; path = HomePageViewController.m; sourceTree = "<group>"; };
		5A4E63C0169928580075456C /* MBProgressHUD.h */ = {isa = PBXFileReference; fileEncoding = 4; lastKnownFileType = sourcecode.c.h; path = MBProgressHUD.h; sourceTree = "<group>"; };
		5A4E63C1169928580075456C /* MBProgressHUD.m */ = {isa = PBXFileReference; fileEncoding = 4; lastKnownFileType = sourcecode.c.objc; path = MBProgressHUD.m; sourceTree = "<group>"; };
		5A4E63C2169928580075456C /* SVProgressHUD.bundle */ = {isa = PBXFileReference; lastKnownFileType = "wrapper.plug-in"; path = SVProgressHUD.bundle; sourceTree = "<group>"; };
		5A4E63C3169928580075456C /* SVProgressHUD.h */ = {isa = PBXFileReference; fileEncoding = 4; lastKnownFileType = sourcecode.c.h; path = SVProgressHUD.h; sourceTree = "<group>"; };
		5A4E63C4169928580075456C /* SVProgressHUD.m */ = {isa = PBXFileReference; fileEncoding = 4; lastKnownFileType = sourcecode.c.objc; path = SVProgressHUD.m; sourceTree = "<group>"; };
		5A4E63C5169928580075456C /* WatingWindow.h */ = {isa = PBXFileReference; fileEncoding = 4; lastKnownFileType = sourcecode.c.h; path = WatingWindow.h; sourceTree = "<group>"; };
		5A4E63C6169928580075456C /* WatingWindow.m */ = {isa = PBXFileReference; fileEncoding = 4; lastKnownFileType = sourcecode.c.objc; path = WatingWindow.m; sourceTree = "<group>"; };
		5A5E69F31758BF0D00F5DD9E /* QuickMethod.h */ = {isa = PBXFileReference; lastKnownFileType = sourcecode.c.h; path = QuickMethod.h; sourceTree = "<group>"; };
		5A5E69F41758BF0D00F5DD9E /* QuickMethod.m */ = {isa = PBXFileReference; lastKnownFileType = sourcecode.c.objc; path = QuickMethod.m; sourceTree = "<group>"; };
		5A5E69F51758BF4900F5DD9E /* FontSizeConfig.h */ = {isa = PBXFileReference; fileEncoding = 4; lastKnownFileType = sourcecode.c.h; path = FontSizeConfig.h; sourceTree = "<group>"; };
		5A6AB6EE1759D24B00CBF622 /* MapKit.framework */ = {isa = PBXFileReference; lastKnownFileType = wrapper.framework; name = MapKit.framework; path = System/Library/Frameworks/MapKit.framework; sourceTree = SDKROOT; };
		5A6AB6F01759D25500CBF622 /* MediaPlayer.framework */ = {isa = PBXFileReference; lastKnownFileType = wrapper.framework; name = MediaPlayer.framework; path = System/Library/Frameworks/MediaPlayer.framework; sourceTree = SDKROOT; };
		5A6AB6F21759D28A00CBF622 /* libz.1.2.5.dylib */ = {isa = PBXFileReference; lastKnownFileType = "compiled.mach-o.dylib"; name = libz.1.2.5.dylib; path = usr/lib/libz.1.2.5.dylib; sourceTree = SDKROOT; };
		5AC79D66175A4C0F006C378A /* AskPriceRootViewController.h */ = {isa = PBXFileReference; fileEncoding = 4; lastKnownFileType = sourcecode.c.h; path = AskPriceRootViewController.h; sourceTree = "<group>"; };
		5AC79D67175A4C0F006C378A /* AskPriceRootViewController.m */ = {isa = PBXFileReference; fileEncoding = 4; lastKnownFileType = sourcecode.c.objc; path = AskPriceRootViewController.m; sourceTree = "<group>"; };
		5AC79D69175A4CFC006C378A /* SeachMedicineTableView.h */ = {isa = PBXFileReference; fileEncoding = 4; lastKnownFileType = sourcecode.c.h; path = SeachMedicineTableView.h; sourceTree = "<group>"; };
		5AC79D6A175A4CFC006C378A /* SeachMedicineTableView.m */ = {isa = PBXFileReference; fileEncoding = 4; lastKnownFileType = sourcecode.c.objc; path = SeachMedicineTableView.m; sourceTree = "<group>"; };
		5AC79D6D175A4D32006C378A /* LoadingMoreFooterView.h */ = {isa = PBXFileReference; fileEncoding = 4; lastKnownFileType = sourcecode.c.h; path = LoadingMoreFooterView.h; sourceTree = "<group>"; };
		5AC79D6E175A4D32006C378A /* LoadingMoreFooterView.m */ = {isa = PBXFileReference; fileEncoding = 4; lastKnownFileType = sourcecode.c.objc; path = LoadingMoreFooterView.m; sourceTree = "<group>"; };
		5AC79D77175A4DB0006C378A /* BaseTableModel.h */ = {isa = PBXFileReference; fileEncoding = 4; lastKnownFileType = sourcecode.c.h; path = BaseTableModel.h; sourceTree = "<group>"; };
		5AC79D78175A4DB0006C378A /* BaseTableModel.m */ = {isa = PBXFileReference; fileEncoding = 4; lastKnownFileType = sourcecode.c.objc; path = BaseTableModel.m; sourceTree = "<group>"; };
		5AC79D79175A4DB0006C378A /* TableCellModel.h */ = {isa = PBXFileReference; fileEncoding = 4; lastKnownFileType = sourcecode.c.h; path = TableCellModel.h; sourceTree = "<group>"; };
		5AC79D7A175A4DB0006C378A /* TableCellModel.m */ = {isa = PBXFileReference; fileEncoding = 4; lastKnownFileType = sourcecode.c.objc; path = TableCellModel.m; sourceTree = "<group>"; };
		5AC79D7B175A4DB0006C378A /* TableViewModel.h */ = {isa = PBXFileReference; fileEncoding = 4; lastKnownFileType = sourcecode.c.h; path = TableViewModel.h; sourceTree = "<group>"; };
		5AC79D7C175A4DB0006C378A /* TableViewModel.m */ = {isa = PBXFileReference; fileEncoding = 4; lastKnownFileType = sourcecode.c.objc; path = TableViewModel.m; sourceTree = "<group>"; };
		5AC79D7D175A4DB0006C378A /* TableViewModel.xib */ = {isa = PBXFileReference; fileEncoding = 4; lastKnownFileType = file.xib; path = TableViewModel.xib; sourceTree = "<group>"; };
		5AC79D85175A5232006C378A /* SeachMedicineTableViewCell.h */ = {isa = PBXFileReference; fileEncoding = 4; lastKnownFileType = sourcecode.c.h; path = SeachMedicineTableViewCell.h; sourceTree = "<group>"; };
		5AC79D86175A5232006C378A /* SeachMedicineTableViewCell.m */ = {isa = PBXFileReference; fileEncoding = 4; lastKnownFileType = sourcecode.c.objc; path = SeachMedicineTableViewCell.m; sourceTree = "<group>"; };
		8D1107310486CEB800E47090 /* HundredMillion_-Info.plist */ = {isa = PBXFileReference; fileEncoding = 4; lastKnownFileType = text.plist.xml; path = "HundredMillion_-Info.plist"; plistStructureDefinitionIdentifier = "com.apple.xcode.plist.structure-definition.iphone.info-plist"; sourceTree = "<group>"; };
		B7BC7014153D01AD005E85E2 /* JSON.h */ = {isa = PBXFileReference; fileEncoding = 4; lastKnownFileType = sourcecode.c.h; path = JSON.h; sourceTree = "<group>"; };
		B7BC7015153D01AD005E85E2 /* NSObject+SBJSON.h */ = {isa = PBXFileReference; fileEncoding = 4; lastKnownFileType = sourcecode.c.h; path = "NSObject+SBJSON.h"; sourceTree = "<group>"; };
		B7BC7016153D01AD005E85E2 /* NSObject+SBJSON.m */ = {isa = PBXFileReference; fileEncoding = 4; lastKnownFileType = sourcecode.c.objc; path = "NSObject+SBJSON.m"; sourceTree = "<group>"; };
		B7BC7017153D01AD005E85E2 /* NSString+SBJSON.h */ = {isa = PBXFileReference; fileEncoding = 4; lastKnownFileType = sourcecode.c.h; path = "NSString+SBJSON.h"; sourceTree = "<group>"; };
		B7BC7018153D01AD005E85E2 /* NSString+SBJSON.m */ = {isa = PBXFileReference; fileEncoding = 4; lastKnownFileType = sourcecode.c.objc; path = "NSString+SBJSON.m"; sourceTree = "<group>"; };
		B7BC7019153D01AD005E85E2 /* SBJSON.h */ = {isa = PBXFileReference; fileEncoding = 4; lastKnownFileType = sourcecode.c.h; path = SBJSON.h; sourceTree = "<group>"; };
		B7BC701A153D01AD005E85E2 /* SBJSON.m */ = {isa = PBXFileReference; fileEncoding = 4; lastKnownFileType = sourcecode.c.objc; path = SBJSON.m; sourceTree = "<group>"; };
		B7BC701B153D01AD005E85E2 /* SBJsonBase.h */ = {isa = PBXFileReference; fileEncoding = 4; lastKnownFileType = sourcecode.c.h; path = SBJsonBase.h; sourceTree = "<group>"; };
		B7BC701C153D01AD005E85E2 /* SBJsonBase.m */ = {isa = PBXFileReference; fileEncoding = 4; lastKnownFileType = sourcecode.c.objc; path = SBJsonBase.m; sourceTree = "<group>"; };
		B7BC701D153D01AD005E85E2 /* SBJsonParser.h */ = {isa = PBXFileReference; fileEncoding = 4; lastKnownFileType = sourcecode.c.h; path = SBJsonParser.h; sourceTree = "<group>"; };
		B7BC701E153D01AD005E85E2 /* SBJsonParser.m */ = {isa = PBXFileReference; fileEncoding = 4; lastKnownFileType = sourcecode.c.objc; path = SBJsonParser.m; sourceTree = "<group>"; };
		B7BC701F153D01AD005E85E2 /* SBJsonStreamWriter.h */ = {isa = PBXFileReference; fileEncoding = 4; lastKnownFileType = sourcecode.c.h; path = SBJsonStreamWriter.h; sourceTree = "<group>"; };
		B7BC7020153D01AD005E85E2 /* SBJsonStreamWriter.m */ = {isa = PBXFileReference; fileEncoding = 4; lastKnownFileType = sourcecode.c.objc; path = SBJsonStreamWriter.m; sourceTree = "<group>"; };
		B7BC7021153D01AD005E85E2 /* SBJsonWriter.h */ = {isa = PBXFileReference; fileEncoding = 4; lastKnownFileType = sourcecode.c.h; path = SBJsonWriter.h; sourceTree = "<group>"; };
		B7BC7022153D01AD005E85E2 /* SBJsonWriter.m */ = {isa = PBXFileReference; fileEncoding = 4; lastKnownFileType = sourcecode.c.objc; path = SBJsonWriter.m; sourceTree = "<group>"; };
		B7BC7023153D01AD005E85E2 /* SBProxyForJson.h */ = {isa = PBXFileReference; fileEncoding = 4; lastKnownFileType = sourcecode.c.h; path = SBProxyForJson.h; sourceTree = "<group>"; };
		B7BC7024153D01AD005E85E2 /* NetURL.h */ = {isa = PBXFileReference; fileEncoding = 4; lastKnownFileType = sourcecode.c.h; path = NetURL.h; sourceTree = "<group>"; };
		B7BC7027153D01AD005E85E2 /* WebService.h */ = {isa = PBXFileReference; fileEncoding = 4; lastKnownFileType = sourcecode.c.h; path = WebService.h; sourceTree = "<group>"; };
		B7BC702B153D01AD005E85E2 /* WSUserMethod.h */ = {isa = PBXFileReference; fileEncoding = 4; lastKnownFileType = sourcecode.c.h; path = WSUserMethod.h; sourceTree = "<group>"; };
		B7BC702C153D01AD005E85E2 /* WSUserMethod.m */ = {isa = PBXFileReference; fileEncoding = 4; lastKnownFileType = sourcecode.c.objc; path = WSUserMethod.m; sourceTree = "<group>"; };
		B7BC704A153D01B4005E85E2 /* NSDataAdditions.h */ = {isa = PBXFileReference; fileEncoding = 4; lastKnownFileType = sourcecode.c.h; path = NSDataAdditions.h; sourceTree = "<group>"; };
		B7BC704B153D01B5005E85E2 /* NSDataAdditions.m */ = {isa = PBXFileReference; fileEncoding = 4; lastKnownFileType = sourcecode.c.objc; path = NSDataAdditions.m; sourceTree = "<group>"; };
		B7BC704C153D01B5005E85E2 /* NSDictionaryAdditions.h */ = {isa = PBXFileReference; fileEncoding = 4; lastKnownFileType = sourcecode.c.h; path = NSDictionaryAdditions.h; sourceTree = "<group>"; };
		B7BC704D153D01B5005E85E2 /* NSDictionaryAdditions.m */ = {isa = PBXFileReference; fileEncoding = 4; lastKnownFileType = sourcecode.c.objc; path = NSDictionaryAdditions.m; sourceTree = "<group>"; };
		B7BC704E153D01B5005E85E2 /* NSStringAdditions.h */ = {isa = PBXFileReference; fileEncoding = 4; lastKnownFileType = sourcecode.c.h; path = NSStringAdditions.h; sourceTree = "<group>"; };
		B7BC704F153D01B5005E85E2 /* NSStringAdditions.m */ = {isa = PBXFileReference; fileEncoding = 4; lastKnownFileType = sourcecode.c.objc; path = NSStringAdditions.m; sourceTree = "<group>"; };
		B7BC7050153D01B5005E85E2 /* UIColorAdditions.h */ = {isa = PBXFileReference; fileEncoding = 4; lastKnownFileType = sourcecode.c.h; path = UIColorAdditions.h; sourceTree = "<group>"; };
		B7BC7051153D01B5005E85E2 /* UIColorAdditions.m */ = {isa = PBXFileReference; fileEncoding = 4; lastKnownFileType = sourcecode.c.objc; path = UIColorAdditions.m; sourceTree = "<group>"; };
		B7BC7052153D01B5005E85E2 /* UIFontAdditions.h */ = {isa = PBXFileReference; fileEncoding = 4; lastKnownFileType = sourcecode.c.h; path = UIFontAdditions.h; sourceTree = "<group>"; };
		B7BC7053153D01B5005E85E2 /* UIFontAdditions.m */ = {isa = PBXFileReference; fileEncoding = 4; lastKnownFileType = sourcecode.c.objc; path = UIFontAdditions.m; sourceTree = "<group>"; };
		B7BC7054153D01B5005E85E2 /* UIImage+Alpha.h */ = {isa = PBXFileReference; fileEncoding = 4; lastKnownFileType = sourcecode.c.h; path = "UIImage+Alpha.h"; sourceTree = "<group>"; };
		B7BC7055153D01B5005E85E2 /* UIImage+Alpha.m */ = {isa = PBXFileReference; fileEncoding = 4; lastKnownFileType = sourcecode.c.objc; path = "UIImage+Alpha.m"; sourceTree = "<group>"; };
		B7BC7056153D01B5005E85E2 /* UIImage+Resize.h */ = {isa = PBXFileReference; fileEncoding = 4; lastKnownFileType = sourcecode.c.h; path = "UIImage+Resize.h"; sourceTree = "<group>"; };
		B7BC7057153D01B5005E85E2 /* UIImage+Resize.m */ = {isa = PBXFileReference; fileEncoding = 4; lastKnownFileType = sourcecode.c.objc; path = "UIImage+Resize.m"; sourceTree = "<group>"; };
		B7BC7058153D01B5005E85E2 /* UIImage+RoundedCorner.h */ = {isa = PBXFileReference; fileEncoding = 4; lastKnownFileType = sourcecode.c.h; path = "UIImage+RoundedCorner.h"; sourceTree = "<group>"; };
		B7BC7059153D01B5005E85E2 /* UIImage+RoundedCorner.m */ = {isa = PBXFileReference; fileEncoding = 4; lastKnownFileType = sourcecode.c.objc; path = "UIImage+RoundedCorner.m"; sourceTree = "<group>"; };
		B7BC705A153D01B5005E85E2 /* UIImage-Extensions.h */ = {isa = PBXFileReference; fileEncoding = 4; lastKnownFileType = sourcecode.c.h; path = "UIImage-Extensions.h"; sourceTree = "<group>"; };
		B7BC705B153D01B5005E85E2 /* UIImage-Extensions.m */ = {isa = PBXFileReference; fileEncoding = 4; lastKnownFileType = sourcecode.c.objc; path = "UIImage-Extensions.m"; sourceTree = "<group>"; };
		B7BC705C153D01B5005E85E2 /* UITextViewAdditions.h */ = {isa = PBXFileReference; fileEncoding = 4; lastKnownFileType = sourcecode.c.h; path = UITextViewAdditions.h; sourceTree = "<group>"; };
		B7BC705D153D01B5005E85E2 /* UITextViewAdditions.m */ = {isa = PBXFileReference; fileEncoding = 4; lastKnownFileType = sourcecode.c.objc; path = UITextViewAdditions.m; sourceTree = "<group>"; };
		B7BC705E153D01B5005E85E2 /* UIView+Hierarchy.h */ = {isa = PBXFileReference; fileEncoding = 4; lastKnownFileType = sourcecode.c.h; path = "UIView+Hierarchy.h"; sourceTree = "<group>"; };
		B7BC705F153D01B5005E85E2 /* UIView+Hierarchy.m */ = {isa = PBXFileReference; fileEncoding = 4; lastKnownFileType = sourcecode.c.objc; path = "UIView+Hierarchy.m"; sourceTree = "<group>"; };
		B7BC7060153D01B5005E85E2 /* UIViewAdditions.h */ = {isa = PBXFileReference; fileEncoding = 4; lastKnownFileType = sourcecode.c.h; path = UIViewAdditions.h; sourceTree = "<group>"; };
		B7BC7061153D01B5005E85E2 /* UIViewAdditions.m */ = {isa = PBXFileReference; fileEncoding = 4; lastKnownFileType = sourcecode.c.objc; path = UIViewAdditions.m; sourceTree = "<group>"; };
		B7BC7063153D01B5005E85E2 /* AFItemView.h */ = {isa = PBXFileReference; fileEncoding = 4; lastKnownFileType = sourcecode.c.h; path = AFItemView.h; sourceTree = "<group>"; };
		B7BC7064153D01B5005E85E2 /* AFItemView.m */ = {isa = PBXFileReference; fileEncoding = 4; lastKnownFileType = sourcecode.c.objc; path = AFItemView.m; sourceTree = "<group>"; };
		B7BC7065153D01B5005E85E2 /* AFOpenFlowConstants.h */ = {isa = PBXFileReference; fileEncoding = 4; lastKnownFileType = sourcecode.c.h; path = AFOpenFlowConstants.h; sourceTree = "<group>"; };
		B7BC7066153D01B5005E85E2 /* AFOpenFlowView.h */ = {isa = PBXFileReference; fileEncoding = 4; lastKnownFileType = sourcecode.c.h; path = AFOpenFlowView.h; sourceTree = "<group>"; };
		B7BC7067153D01B5005E85E2 /* AFOpenFlowView.m */ = {isa = PBXFileReference; fileEncoding = 4; lastKnownFileType = sourcecode.c.objc; path = AFOpenFlowView.m; sourceTree = "<group>"; };
		B7BC7068153D01B5005E85E2 /* AFUIImageReflection.h */ = {isa = PBXFileReference; fileEncoding = 4; lastKnownFileType = sourcecode.c.h; path = AFUIImageReflection.h; sourceTree = "<group>"; };
		B7BC7069153D01B5005E85E2 /* AFUIImageReflection.m */ = {isa = PBXFileReference; fileEncoding = 4; lastKnownFileType = sourcecode.c.objc; path = AFUIImageReflection.m; sourceTree = "<group>"; };
		B7BC706B153D01B5005E85E2 /* EGORefreshTableHeaderView.h */ = {isa = PBXFileReference; fileEncoding = 4; lastKnownFileType = sourcecode.c.h; path = EGORefreshTableHeaderView.h; sourceTree = "<group>"; };
		B7BC706C153D01B5005E85E2 /* EGORefreshTableHeaderView.m */ = {isa = PBXFileReference; fileEncoding = 4; lastKnownFileType = sourcecode.c.objc; path = EGORefreshTableHeaderView.m; sourceTree = "<group>"; };
		B7BC706D153D01B5005E85E2 /* ToolsObject.h */ = {isa = PBXFileReference; fileEncoding = 4; lastKnownFileType = sourcecode.c.h; path = ToolsObject.h; sourceTree = "<group>"; };
		B7BC706E153D01B5005E85E2 /* ToolsObject.m */ = {isa = PBXFileReference; fileEncoding = 4; lastKnownFileType = sourcecode.c.objc; path = ToolsObject.m; sourceTree = "<group>"; };
		B7BC7217153D0223005E85E2 /* CoreTelephony.framework */ = {isa = PBXFileReference; lastKnownFileType = wrapper.framework; name = CoreTelephony.framework; path = System/Library/Frameworks/CoreTelephony.framework; sourceTree = SDKROOT; };
		B7BC7218153D0223005E85E2 /* libsqlite3.0.dylib */ = {isa = PBXFileReference; lastKnownFileType = "compiled.mach-o.dylib"; name = libsqlite3.0.dylib; path = usr/lib/libsqlite3.0.dylib; sourceTree = SDKROOT; };
		B7BC7219153D0223005E85E2 /* MessageUI.framework */ = {isa = PBXFileReference; lastKnownFileType = wrapper.framework; name = MessageUI.framework; path = System/Library/Frameworks/MessageUI.framework; sourceTree = SDKROOT; };
		B7BC721A153D0223005E85E2 /* libz.dylib */ = {isa = PBXFileReference; lastKnownFileType = "compiled.mach-o.dylib"; name = libz.dylib; path = /usr/lib/libz.dylib; sourceTree = "<absolute>"; };
		B7BC721B153D0223005E85E2 /* Security.framework */ = {isa = PBXFileReference; lastKnownFileType = wrapper.framework; name = Security.framework; path = /System/Library/Frameworks/Security.framework; sourceTree = "<absolute>"; };
		B7BC721C153D0223005E85E2 /* CFNetwork.framework */ = {isa = PBXFileReference; lastKnownFileType = wrapper.framework; name = CFNetwork.framework; path = System/Library/Frameworks/CFNetwork.framework; sourceTree = SDKROOT; };
		B7BC721D153D0223005E85E2 /* QuartzCore.framework */ = {isa = PBXFileReference; lastKnownFileType = wrapper.framework; name = QuartzCore.framework; path = /System/Library/Frameworks/QuartzCore.framework; sourceTree = "<absolute>"; };
		B7BC721E153D0223005E85E2 /* MobileCoreServices.framework */ = {isa = PBXFileReference; lastKnownFileType = wrapper.framework; name = MobileCoreServices.framework; path = System/Library/Frameworks/MobileCoreServices.framework; sourceTree = SDKROOT; };
		B7BC721F153D0223005E85E2 /* SystemConfiguration.framework */ = {isa = PBXFileReference; lastKnownFileType = wrapper.framework; name = SystemConfiguration.framework; path = System/Library/Frameworks/SystemConfiguration.framework; sourceTree = SDKROOT; };
		B7BC7220153D0223005E85E2 /* UIKit.framework */ = {isa = PBXFileReference; lastKnownFileType = wrapper.framework; name = UIKit.framework; path = System/Library/Frameworks/UIKit.framework; sourceTree = SDKROOT; };
		B7BC7221153D0223005E85E2 /* CoreGraphics.framework */ = {isa = PBXFileReference; lastKnownFileType = wrapper.framework; name = CoreGraphics.framework; path = System/Library/Frameworks/CoreGraphics.framework; sourceTree = SDKROOT; };
		B7BC7222153D0223005E85E2 /* UIKit.framework */ = {isa = PBXFileReference; lastKnownFileType = wrapper.framework; name = UIKit.framework; path = System/Library/Frameworks/UIKit.framework; sourceTree = SDKROOT; };
		B7BC7223153D0223005E85E2 /* CoreGraphics.framework */ = {isa = PBXFileReference; lastKnownFileType = wrapper.framework; name = CoreGraphics.framework; path = System/Library/Frameworks/CoreGraphics.framework; sourceTree = SDKROOT; };
		B7BC7224153D0223005E85E2 /* Foundation.framework */ = {isa = PBXFileReference; lastKnownFileType = wrapper.framework; name = Foundation.framework; path = System/Library/Frameworks/Foundation.framework; sourceTree = SDKROOT; };
		B7BC723C153D023B005E85E2 /* GlobalDataInfo.h */ = {isa = PBXFileReference; fileEncoding = 4; lastKnownFileType = sourcecode.c.h; path = GlobalDataInfo.h; sourceTree = "<group>"; };
		B7BC723D153D023B005E85E2 /* GlobalPointer.h */ = {isa = PBXFileReference; fileEncoding = 4; lastKnownFileType = sourcecode.c.h; path = GlobalPointer.h; sourceTree = "<group>"; };
		B7BC723E153D023B005E85E2 /* GlobalPointer.m */ = {isa = PBXFileReference; fileEncoding = 4; lastKnownFileType = sourcecode.c.objc; path = GlobalPointer.m; sourceTree = "<group>"; };
		B7BC7240153D023B005E85E2 /* UISizeSetData.h */ = {isa = PBXFileReference; fileEncoding = 4; lastKnownFileType = sourcecode.c.h; path = UISizeSetData.h; sourceTree = "<group>"; };
		B7BC7241153D023B005E85E2 /* UserInfoSave.h */ = {isa = PBXFileReference; fileEncoding = 4; lastKnownFileType = sourcecode.c.h; path = UserInfoSave.h; sourceTree = "<group>"; };
		B7BC7242153D023B005E85E2 /* UserInfoSave.m */ = {isa = PBXFileReference; fileEncoding = 4; lastKnownFileType = sourcecode.c.objc; path = UserInfoSave.m; sourceTree = "<group>"; };
		B7BC7243153D023B005E85E2 /* WelcomView.h */ = {isa = PBXFileReference; fileEncoding = 4; lastKnownFileType = sourcecode.c.h; path = WelcomView.h; sourceTree = "<group>"; };
		B7BC7244153D023B005E85E2 /* WelcomView.m */ = {isa = PBXFileReference; fileEncoding = 4; lastKnownFileType = sourcecode.c.objc; path = WelcomView.m; sourceTree = "<group>"; };
		B7BC7249153D0253005E85E2 /* BaseViewController.h */ = {isa = PBXFileReference; fileEncoding = 4; lastKnownFileType = sourcecode.c.h; path = BaseViewController.h; sourceTree = "<group>"; };
		B7BC724A153D0253005E85E2 /* BaseViewController.m */ = {isa = PBXFileReference; fileEncoding = 4; lastKnownFileType = sourcecode.c.objc; path = BaseViewController.m; sourceTree = "<group>"; };
		B7BC72A8153D0375005E85E2 /* OperationView.h */ = {isa = PBXFileReference; fileEncoding = 4; lastKnownFileType = sourcecode.c.h; path = OperationView.h; sourceTree = "<group>"; };
		B7BC72A9153D0375005E85E2 /* OperationView.m */ = {isa = PBXFileReference; fileEncoding = 4; lastKnownFileType = sourcecode.c.objc; path = OperationView.m; sourceTree = "<group>"; };
		B7BC7388153D0903005E85E2 /* TestViewController.h */ = {isa = PBXFileReference; fileEncoding = 4; lastKnownFileType = sourcecode.c.h; path = TestViewController.h; sourceTree = "<group>"; };
		B7BC7389153D0903005E85E2 /* TestViewController.m */ = {isa = PBXFileReference; fileEncoding = 4; lastKnownFileType = sourcecode.c.objc; path = TestViewController.m; sourceTree = "<group>"; };
		B7BC7406153D0E84005E85E2 /* WebService.m */ = {isa = PBXFileReference; fileEncoding = 4; lastKnownFileType = sourcecode.c.objc; path = WebService.m; sourceTree = "<group>"; };
		B7BC741C153D0F29005E85E2 /* ASIAuthenticationDialog.h */ = {isa = PBXFileReference; fileEncoding = 4; lastKnownFileType = sourcecode.c.h; path = ASIAuthenticationDialog.h; sourceTree = "<group>"; };
		B7BC741D153D0F29005E85E2 /* ASIAuthenticationDialog.m */ = {isa = PBXFileReference; fileEncoding = 4; lastKnownFileType = sourcecode.c.objc; path = ASIAuthenticationDialog.m; sourceTree = "<group>"; };
		B7BC741E153D0F29005E85E2 /* ASICacheDelegate.h */ = {isa = PBXFileReference; fileEncoding = 4; lastKnownFileType = sourcecode.c.h; path = ASICacheDelegate.h; sourceTree = "<group>"; };
		B7BC741F153D0F29005E85E2 /* ASIDataCompressor.h */ = {isa = PBXFileReference; fileEncoding = 4; lastKnownFileType = sourcecode.c.h; path = ASIDataCompressor.h; sourceTree = "<group>"; };
		B7BC7420153D0F29005E85E2 /* ASIDataCompressor.m */ = {isa = PBXFileReference; fileEncoding = 4; lastKnownFileType = sourcecode.c.objc; path = ASIDataCompressor.m; sourceTree = "<group>"; };
		B7BC7421153D0F29005E85E2 /* ASIDataDecompressor.h */ = {isa = PBXFileReference; fileEncoding = 4; lastKnownFileType = sourcecode.c.h; path = ASIDataDecompressor.h; sourceTree = "<group>"; };
		B7BC7422153D0F29005E85E2 /* ASIDataDecompressor.m */ = {isa = PBXFileReference; fileEncoding = 4; lastKnownFileType = sourcecode.c.objc; path = ASIDataDecompressor.m; sourceTree = "<group>"; };
		B7BC7423153D0F29005E85E2 /* ASIDownloadCache.h */ = {isa = PBXFileReference; fileEncoding = 4; lastKnownFileType = sourcecode.c.h; path = ASIDownloadCache.h; sourceTree = "<group>"; };
		B7BC7424153D0F29005E85E2 /* ASIDownloadCache.m */ = {isa = PBXFileReference; fileEncoding = 4; lastKnownFileType = sourcecode.c.objc; path = ASIDownloadCache.m; sourceTree = "<group>"; };
		B7BC7425153D0F29005E85E2 /* ASIFormDataRequest.h */ = {isa = PBXFileReference; fileEncoding = 4; lastKnownFileType = sourcecode.c.h; path = ASIFormDataRequest.h; sourceTree = "<group>"; };
		B7BC7426153D0F29005E85E2 /* ASIFormDataRequest.m */ = {isa = PBXFileReference; fileEncoding = 4; lastKnownFileType = sourcecode.c.objc; path = ASIFormDataRequest.m; sourceTree = "<group>"; };
		B7BC7427153D0F29005E85E2 /* ASIHTTPRequest.h */ = {isa = PBXFileReference; fileEncoding = 4; lastKnownFileType = sourcecode.c.h; path = ASIHTTPRequest.h; sourceTree = "<group>"; };
		B7BC7428153D0F29005E85E2 /* ASIHTTPRequest.m */ = {isa = PBXFileReference; fileEncoding = 4; lastKnownFileType = sourcecode.c.objc; path = ASIHTTPRequest.m; sourceTree = "<group>"; };
		B7BC7429153D0F29005E85E2 /* ASIHTTPRequestConfig.h */ = {isa = PBXFileReference; fileEncoding = 4; lastKnownFileType = sourcecode.c.h; path = ASIHTTPRequestConfig.h; sourceTree = "<group>"; };
		B7BC742A153D0F29005E85E2 /* ASIHTTPRequestDelegate.h */ = {isa = PBXFileReference; fileEncoding = 4; lastKnownFileType = sourcecode.c.h; path = ASIHTTPRequestDelegate.h; sourceTree = "<group>"; };
		B7BC742B153D0F29005E85E2 /* ASIInputStream.h */ = {isa = PBXFileReference; fileEncoding = 4; lastKnownFileType = sourcecode.c.h; path = ASIInputStream.h; sourceTree = "<group>"; };
		B7BC742C153D0F29005E85E2 /* ASIInputStream.m */ = {isa = PBXFileReference; fileEncoding = 4; lastKnownFileType = sourcecode.c.objc; path = ASIInputStream.m; sourceTree = "<group>"; };
		B7BC742D153D0F29005E85E2 /* ASINetworkQueue.h */ = {isa = PBXFileReference; fileEncoding = 4; lastKnownFileType = sourcecode.c.h; path = ASINetworkQueue.h; sourceTree = "<group>"; };
		B7BC742E153D0F29005E85E2 /* ASINetworkQueue.m */ = {isa = PBXFileReference; fileEncoding = 4; lastKnownFileType = sourcecode.c.objc; path = ASINetworkQueue.m; sourceTree = "<group>"; };
		B7BC742F153D0F29005E85E2 /* ASIProgressDelegate.h */ = {isa = PBXFileReference; fileEncoding = 4; lastKnownFileType = sourcecode.c.h; path = ASIProgressDelegate.h; sourceTree = "<group>"; };
		B7BC7432153D0F29005E85E2 /* Reachability.h */ = {isa = PBXFileReference; fileEncoding = 4; lastKnownFileType = sourcecode.c.h; path = Reachability.h; sourceTree = "<group>"; };
		B7BC7433153D0F29005E85E2 /* Reachability.m */ = {isa = PBXFileReference; fileEncoding = 4; lastKnownFileType = sourcecode.c.objc; path = Reachability.m; sourceTree = "<group>"; };
		C5B19166175B9C8D00759F6C /* ShoppingCartTableView.h */ = {isa = PBXFileReference; fileEncoding = 4; lastKnownFileType = sourcecode.c.h; path = ShoppingCartTableView.h; sourceTree = "<group>"; };
		C5B19167175B9C8D00759F6C /* ShoppingCartTableView.m */ = {isa = PBXFileReference; fileEncoding = 4; lastKnownFileType = sourcecode.c.objc; path = ShoppingCartTableView.m; sourceTree = "<group>"; };
/* End PBXFileReference section */

/* Begin PBXFrameworksBuildPhase section */
		1D60588F0D05DD3D006BFB54 /* Frameworks */ = {
			isa = PBXFrameworksBuildPhase;
			buildActionMask = 2147483647;
			files = (
				5A249F69175B0DB3009A9DCC /* OpenGLES.framework in Frameworks */,
				5A42F517175A299E00792109 /* ImageIO.framework in Frameworks */,
				B7BC722A153D0223005E85E2 /* CFNetwork.framework in Frameworks */,
				5A6AB6F31759D28A00CBF622 /* libz.1.2.5.dylib in Frameworks */,
				5A6AB6F11759D25500CBF622 /* MediaPlayer.framework in Frameworks */,
				5A6AB6EF1759D24B00CBF622 /* MapKit.framework in Frameworks */,
				B7BC7225153D0223005E85E2 /* CoreTelephony.framework in Frameworks */,
				B7BC7226153D0223005E85E2 /* libsqlite3.0.dylib in Frameworks */,
				B7BC7227153D0223005E85E2 /* MessageUI.framework in Frameworks */,
				B7BC7228153D0223005E85E2 /* libz.dylib in Frameworks */,
				B7BC7229153D0223005E85E2 /* Security.framework in Frameworks */,
				B7BC722B153D0223005E85E2 /* QuartzCore.framework in Frameworks */,
				B7BC722C153D0223005E85E2 /* MobileCoreServices.framework in Frameworks */,
				B7BC722D153D0223005E85E2 /* SystemConfiguration.framework in Frameworks */,
				B7BC722E153D0223005E85E2 /* UIKit.framework in Frameworks */,
				B7BC722F153D0223005E85E2 /* CoreGraphics.framework in Frameworks */,
				B7BC7230153D0223005E85E2 /* UIKit.framework in Frameworks */,
				B7BC7231153D0223005E85E2 /* CoreGraphics.framework in Frameworks */,
				B7BC7232153D0223005E85E2 /* Foundation.framework in Frameworks */,
				5A249F3E175AF2DD009A9DCC /* libMobClickLibrary.a in Frameworks */,
				5A24A041175B4207009A9DCC /* CoreLocation.framework in Frameworks */,
			);
			runOnlyForDeploymentPostprocessing = 0;
		};
/* End PBXFrameworksBuildPhase section */

/* Begin PBXGroup section */
		080E96DDFE201D6D7F000001 /* Classes */ = {
			isa = PBXGroup;
			children = (
				5A42F556175A2C7B00792109 /* OtherFrameWork */,
				B7BC6FE5153D0195005E85E2 /* mainClass */,
				B7BC723B153D023B005E85E2 /* GlobalDataSource */,
				B7BC7080153D01D7005E85E2 /* Model */,
				B7BC7048153D01B4005E85E2 /* Tools */,
				B7BC6FE8153D01AD005E85E2 /* WebService */,
				1D3623240D0F684500981E51 /* HundredMillion_AppDelegate.h */,
				1D3623250D0F684500981E51 /* HundredMillion_AppDelegate.m */,
			);
			path = Classes;
			sourceTree = "<group>";
		};
		19C28FACFE9D520D11CA2CBB /* Products */ = {
			isa = PBXGroup;
			children = (
				1D6058910D05DD3D006BFB54 /* HundredMillion .app */,
			);
			name = Products;
			sourceTree = "<group>";
		};
		29B97314FDCFA39411CA2CEA /* CustomTemplate */ = {
			isa = PBXGroup;
			children = (
				5A24A015175B2504009A9DCC /* imageSouce */,
				5A249F68175B0DB3009A9DCC /* OpenGLES.framework */,
				5A42F516175A299E00792109 /* ImageIO.framework */,
				5A6AB6F21759D28A00CBF622 /* libz.1.2.5.dylib */,
				080E96DDFE201D6D7F000001 /* Classes */,
				29B97315FDCFA39411CA2CEA /* Other Sources */,
				29B97317FDCFA39411CA2CEA /* Resources */,
				29B97323FDCFA39411CA2CEA /* Frameworks */,
				19C28FACFE9D520D11CA2CBB /* Products */,
			);
			name = CustomTemplate;
			sourceTree = "<group>";
		};
		29B97315FDCFA39411CA2CEA /* Other Sources */ = {
			isa = PBXGroup;
			children = (
				32CA4F630368D1EE00C91783 /* HundredMillion__Prefix.pch */,
				29B97316FDCFA39411CA2CEA /* main.m */,
			);
			name = "Other Sources";
			sourceTree = "<group>";
		};
		29B97317FDCFA39411CA2CEA /* Resources */ = {
			isa = PBXGroup;
			children = (
				28AD733E0D9D9553002E5188 /* MainWindow.xib */,
				8D1107310486CEB800E47090 /* HundredMillion_-Info.plist */,
			);
			name = Resources;
			sourceTree = "<group>";
		};
		29B97323FDCFA39411CA2CEA /* Frameworks */ = {
			isa = PBXGroup;
			children = (
				5A24A040175B4207009A9DCC /* CoreLocation.framework */,
				5A6AB6F01759D25500CBF622 /* MediaPlayer.framework */,
				5A6AB6EE1759D24B00CBF622 /* MapKit.framework */,
				B7BC7218153D0223005E85E2 /* libsqlite3.0.dylib */,
				B7BC721A153D0223005E85E2 /* libz.dylib */,
				B7BC7217153D0223005E85E2 /* CoreTelephony.framework */,
				B7BC7219153D0223005E85E2 /* MessageUI.framework */,
				B7BC721B153D0223005E85E2 /* Security.framework */,
				B7BC721C153D0223005E85E2 /* CFNetwork.framework */,
				B7BC721D153D0223005E85E2 /* QuartzCore.framework */,
				B7BC721E153D0223005E85E2 /* MobileCoreServices.framework */,
				B7BC721F153D0223005E85E2 /* SystemConfiguration.framework */,
				B7BC7220153D0223005E85E2 /* UIKit.framework */,
				B7BC7221153D0223005E85E2 /* CoreGraphics.framework */,
				B7BC7222153D0223005E85E2 /* UIKit.framework */,
				B7BC7223153D0223005E85E2 /* CoreGraphics.framework */,
				B7BC7224153D0223005E85E2 /* Foundation.framework */,
			);
			name = Frameworks;
			sourceTree = "<group>";
		};
		5A249F3B175AF2DD009A9DCC /* UMAnalytics_Sdk_2.2.0.OpenUDID */ = {
			isa = PBXGroup;
			children = (
				5A249F3C175AF2DD009A9DCC /* libMobClickLibrary.a */,
				5A249F3D175AF2DD009A9DCC /* MobClick.h */,
			);
			path = UMAnalytics_Sdk_2.2.0.OpenUDID;
			sourceTree = "<group>";
		};
		5A24A015175B2504009A9DCC /* imageSouce */ = {
			isa = PBXGroup;
			children = (
				5A24A016175B2504009A9DCC /* appicon_lite.png */,
				5A24A038175B3402009A9DCC /* passwordvisibleselectImage.png */,
				5A24A039175B3402009A9DCC /* passwordvisibleUnselectImage.png */,
				5A24A017175B2504009A9DCC /* appicon_lite@2x.png */,
				5A24A018175B2504009A9DCC /* Default-568h@2x.png */,
				5A24A019175B2504009A9DCC /* Default.png */,
				5A24A01A175B2504009A9DCC /* Default@2x.png */,
				5A24A01B175B2504009A9DCC /* mainImage */,
				5A24A01C175B2504009A9DCC /* testImage */,
			);
			path = imageSouce;
			sourceTree = "<group>";
		};
		5A24A01B175B2504009A9DCC /* mainImage */ = {
			isa = PBXGroup;
			children = (
			);
			path = mainImage;
			sourceTree = "<group>";
		};
		5A24A01C175B2504009A9DCC /* testImage */ = {
			isa = PBXGroup;
			children = (
				5A24A01D175B2504009A9DCC /* left_back_button@2x.png */,
				5A24A01E175B2504009A9DCC /* nabarBgImage.png */,
				5A24A01F175B2504009A9DCC /* rightBarBtnImage.png */,
			);
			path = testImage;
			sourceTree = "<group>";
		};
		5A24A028175B2AE3009A9DCC /* user center */ = {
			isa = PBXGroup;
			children = (
				5A24A029175B2B00009A9DCC /* user Login */,
				5A24A02D175B2C22009A9DCC /* UserCenterViewController.h */,
				5A24A02E175B2C22009A9DCC /* UserCenterViewController.m */,
			);
			path = "user center";
			sourceTree = "<group>";
		};
		5A24A029175B2B00009A9DCC /* user Login */ = {
			isa = PBXGroup;
			children = (
				5A24A037175B2DCC009A9DCC /* UserLoginViewController.h */,
				5A24A035175B2DC6009A9DCC /* UserLoginViewController.m */,
				5A24A042175B4812009A9DCC /* UserRegisteredViewController.h */,
				5A24A043175B4812009A9DCC /* UserRegisteredViewController.m */,
			);
			path = "user Login";
			sourceTree = "<group>";
		};
		5A42F518175A29A800792109 /* SDWebImage */ = {
			isa = PBXGroup;
			children = (
				5A42F519175A29A800792109 /* MKAnnotationView+WebCache.h */,
				5A42F51A175A29A800792109 /* MKAnnotationView+WebCache.m */,
				5A42F51B175A29A800792109 /* NSData+GIF.h */,
				5A42F51C175A29A800792109 /* NSData+GIF.m */,
				5A42F51D175A29A800792109 /* SDImageCache.h */,
				5A42F51E175A29A800792109 /* SDImageCache.m */,
				5A42F51F175A29A800792109 /* SDWebImageCompat.h */,
				5A42F520175A29A800792109 /* SDWebImageCompat.m */,
				5A42F521175A29A800792109 /* SDWebImageDecoder.h */,
				5A42F522175A29A800792109 /* SDWebImageDecoder.m */,
				5A42F523175A29A800792109 /* SDWebImageDownloader.h */,
				5A42F524175A29A800792109 /* SDWebImageDownloader.m */,
				5A42F525175A29A800792109 /* SDWebImageDownloaderOperation.h */,
				5A42F526175A29A800792109 /* SDWebImageDownloaderOperation.m */,
				5A42F527175A29A800792109 /* SDWebImageManager.h */,
				5A42F528175A29A800792109 /* SDWebImageManager.m */,
				5A42F529175A29A800792109 /* SDWebImageOperation.h */,
				5A42F52A175A29A800792109 /* SDWebImagePrefetcher.h */,
				5A42F52B175A29A800792109 /* SDWebImagePrefetcher.m */,
				5A42F52C175A29A800792109 /* UIButton+WebCache.h */,
				5A42F52D175A29A800792109 /* UIButton+WebCache.m */,
				5A42F52E175A29A800792109 /* UIImage+GIF.h */,
				5A42F52F175A29A800792109 /* UIImage+GIF.m */,
				5A42F530175A29A800792109 /* UIImageView+WebCache.h */,
				5A42F531175A29A800792109 /* UIImageView+WebCache.m */,
			);
			path = SDWebImage;
			sourceTree = "<group>";
		};
		5A42F53E175A2AD200792109 /* dataSave */ = {
			isa = PBXGroup;
			children = (
				5A42F53F175A2AD200792109 /* DataCacheDefine.h */,
				5A42F540175A2AD200792109 /* DBDataCache.h */,
				5A42F541175A2AD200792109 /* DBDataCache.m */,
				5A42F542175A2AD200792109 /* DBDataCacheManager.h */,
				5A42F543175A2AD200792109 /* DBDataCacheManager.m */,
			);
			path = dataSave;
			sourceTree = "<group>";
		};
		5A42F556175A2C7B00792109 /* OtherFrameWork */ = {
			isa = PBXGroup;
			children = (
				5A249F3B175AF2DD009A9DCC /* UMAnalytics_Sdk_2.2.0.OpenUDID */,
				5A42F557175A2C9700792109 /* FMDB */,
			);
			path = OtherFrameWork;
			sourceTree = "<group>";
		};
		5A42F557175A2C9700792109 /* FMDB */ = {
			isa = PBXGroup;
			children = (
				5A42F558175A2C9700792109 /* FMDatabase.h */,
				5A42F559175A2C9700792109 /* FMDatabase.m */,
				5A42F55A175A2C9700792109 /* FMDatabaseAdditions.h */,
				5A42F55B175A2C9700792109 /* FMDatabaseAdditions.m */,
				5A42F55C175A2C9700792109 /* FMDatabasePool.h */,
				5A42F55D175A2C9700792109 /* FMDatabasePool.m */,
				5A42F55E175A2C9700792109 /* FMDatabaseQueue.h */,
				5A42F55F175A2C9700792109 /* FMDatabaseQueue.m */,
				5A42F560175A2C9700792109 /* FMResultSet.h */,
				5A42F561175A2C9700792109 /* FMResultSet.m */,
			);
			path = FMDB;
			sourceTree = "<group>";
		};
		5A4E63BF169928580075456C /* waiteModel */ = {
			isa = PBXGroup;
			children = (
				5A4E63C0169928580075456C /* MBProgressHUD.h */,
				5A4E63C1169928580075456C /* MBProgressHUD.m */,
				5A4E63C2169928580075456C /* SVProgressHUD.bundle */,
				5A4E63C3169928580075456C /* SVProgressHUD.h */,
				5A4E63C4169928580075456C /* SVProgressHUD.m */,
				5A4E63C5169928580075456C /* WatingWindow.h */,
				5A4E63C6169928580075456C /* WatingWindow.m */,
			);
			path = waiteModel;
			sourceTree = "<group>";
		};
		5AC79D65175A4BFE006C378A /* ask Price */ = {
			isa = PBXGroup;
			children = (
				5AC79D66175A4C0F006C378A /* AskPriceRootViewController.h */,
				5AC79D67175A4C0F006C378A /* AskPriceRootViewController.m */,
				5AC79D69175A4CFC006C378A /* SeachMedicineTableView.h */,
				5AC79D6A175A4CFC006C378A /* SeachMedicineTableView.m */,
				5AC79D85175A5232006C378A /* SeachMedicineTableViewCell.h */,
				5AC79D86175A5232006C378A /* SeachMedicineTableViewCell.m */,
<<<<<<< HEAD
				5A24A046175B9CB1009A9DCC /* MedicineDetailViewController.h */,
				5A24A047175B9CB2009A9DCC /* MedicineDetailViewController.m */,
=======
				C5B19166175B9C8D00759F6C /* ShoppingCartTableView.h */,
				C5B19167175B9C8D00759F6C /* ShoppingCartTableView.m */,
>>>>>>> 7d02aa55467ebbab91f9787da7da6a5f4374efac
			);
			path = "ask Price";
			sourceTree = "<group>";
		};
		5AC79D6C175A4D32006C378A /* LoadingMoreFooterView */ = {
			isa = PBXGroup;
			children = (
				5AC79D6D175A4D32006C378A /* LoadingMoreFooterView.h */,
				5AC79D6E175A4D32006C378A /* LoadingMoreFooterView.m */,
			);
			path = LoadingMoreFooterView;
			sourceTree = "<group>";
		};
		B7BC6FE5153D0195005E85E2 /* mainClass */ = {
			isa = PBXGroup;
			children = (
				5A24A028175B2AE3009A9DCC /* user center */,
				5AC79D65175A4BFE006C378A /* ask Price */,
				B7BC7388153D0903005E85E2 /* TestViewController.h */,
				B7BC7389153D0903005E85E2 /* TestViewController.m */,
				5A42F567175A459400792109 /* HomePageViewController.h */,
				5A42F568175A459400792109 /* HomePageViewController.m */,
			);
			path = mainClass;
			sourceTree = "<group>";
		};
		B7BC6FE8153D01AD005E85E2 /* WebService */ = {
			isa = PBXGroup;
			children = (
				5A42F518175A29A800792109 /* SDWebImage */,
				B7BC741B153D0F29005E85E2 /* ASIHTTPRequst */,
				B7BC7013153D01AD005E85E2 /* JSON */,
				B7BC7024153D01AD005E85E2 /* NetURL.h */,
				B7BC7027153D01AD005E85E2 /* WebService.h */,
				B7BC7406153D0E84005E85E2 /* WebService.m */,
				B7BC702B153D01AD005E85E2 /* WSUserMethod.h */,
				B7BC702C153D01AD005E85E2 /* WSUserMethod.m */,
			);
			path = WebService;
			sourceTree = "<group>";
		};
		B7BC7013153D01AD005E85E2 /* JSON */ = {
			isa = PBXGroup;
			children = (
				B7BC7014153D01AD005E85E2 /* JSON.h */,
				B7BC7015153D01AD005E85E2 /* NSObject+SBJSON.h */,
				B7BC7016153D01AD005E85E2 /* NSObject+SBJSON.m */,
				B7BC7017153D01AD005E85E2 /* NSString+SBJSON.h */,
				B7BC7018153D01AD005E85E2 /* NSString+SBJSON.m */,
				B7BC7019153D01AD005E85E2 /* SBJSON.h */,
				B7BC701A153D01AD005E85E2 /* SBJSON.m */,
				B7BC701B153D01AD005E85E2 /* SBJsonBase.h */,
				B7BC701C153D01AD005E85E2 /* SBJsonBase.m */,
				B7BC701D153D01AD005E85E2 /* SBJsonParser.h */,
				B7BC701E153D01AD005E85E2 /* SBJsonParser.m */,
				B7BC701F153D01AD005E85E2 /* SBJsonStreamWriter.h */,
				B7BC7020153D01AD005E85E2 /* SBJsonStreamWriter.m */,
				B7BC7021153D01AD005E85E2 /* SBJsonWriter.h */,
				B7BC7022153D01AD005E85E2 /* SBJsonWriter.m */,
				B7BC7023153D01AD005E85E2 /* SBProxyForJson.h */,
			);
			path = JSON;
			sourceTree = "<group>";
		};
		B7BC7048153D01B4005E85E2 /* Tools */ = {
			isa = PBXGroup;
			children = (
				B7BC7049153D01B4005E85E2 /* Additions */,
				B7BC7062153D01B5005E85E2 /* MyOpenFlow */,
				B7BC706A153D01B5005E85E2 /* RefreshTableHeaderView */,
				B7BC706D153D01B5005E85E2 /* ToolsObject.h */,
				B7BC706E153D01B5005E85E2 /* ToolsObject.m */,
			);
			path = Tools;
			sourceTree = "<group>";
		};
		B7BC7049153D01B4005E85E2 /* Additions */ = {
			isa = PBXGroup;
			children = (
				B7BC704A153D01B4005E85E2 /* NSDataAdditions.h */,
				B7BC704B153D01B5005E85E2 /* NSDataAdditions.m */,
				B7BC704C153D01B5005E85E2 /* NSDictionaryAdditions.h */,
				B7BC704D153D01B5005E85E2 /* NSDictionaryAdditions.m */,
				B7BC704E153D01B5005E85E2 /* NSStringAdditions.h */,
				B7BC704F153D01B5005E85E2 /* NSStringAdditions.m */,
				B7BC7050153D01B5005E85E2 /* UIColorAdditions.h */,
				B7BC7051153D01B5005E85E2 /* UIColorAdditions.m */,
				B7BC7052153D01B5005E85E2 /* UIFontAdditions.h */,
				B7BC7053153D01B5005E85E2 /* UIFontAdditions.m */,
				B7BC7054153D01B5005E85E2 /* UIImage+Alpha.h */,
				B7BC7055153D01B5005E85E2 /* UIImage+Alpha.m */,
				B7BC7056153D01B5005E85E2 /* UIImage+Resize.h */,
				B7BC7057153D01B5005E85E2 /* UIImage+Resize.m */,
				B7BC7058153D01B5005E85E2 /* UIImage+RoundedCorner.h */,
				B7BC7059153D01B5005E85E2 /* UIImage+RoundedCorner.m */,
				B7BC705A153D01B5005E85E2 /* UIImage-Extensions.h */,
				B7BC705B153D01B5005E85E2 /* UIImage-Extensions.m */,
				B7BC705C153D01B5005E85E2 /* UITextViewAdditions.h */,
				B7BC705D153D01B5005E85E2 /* UITextViewAdditions.m */,
				B7BC705E153D01B5005E85E2 /* UIView+Hierarchy.h */,
				B7BC705F153D01B5005E85E2 /* UIView+Hierarchy.m */,
				B7BC7060153D01B5005E85E2 /* UIViewAdditions.h */,
				B7BC7061153D01B5005E85E2 /* UIViewAdditions.m */,
			);
			path = Additions;
			sourceTree = "<group>";
		};
		B7BC7062153D01B5005E85E2 /* MyOpenFlow */ = {
			isa = PBXGroup;
			children = (
				B7BC7063153D01B5005E85E2 /* AFItemView.h */,
				B7BC7064153D01B5005E85E2 /* AFItemView.m */,
				B7BC7065153D01B5005E85E2 /* AFOpenFlowConstants.h */,
				B7BC7066153D01B5005E85E2 /* AFOpenFlowView.h */,
				B7BC7067153D01B5005E85E2 /* AFOpenFlowView.m */,
				B7BC7068153D01B5005E85E2 /* AFUIImageReflection.h */,
				B7BC7069153D01B5005E85E2 /* AFUIImageReflection.m */,
			);
			path = MyOpenFlow;
			sourceTree = "<group>";
		};
		B7BC706A153D01B5005E85E2 /* RefreshTableHeaderView */ = {
			isa = PBXGroup;
			children = (
				5A24A007175B1BFA009A9DCC /* blueArrow@2x.png */,
				B7BC706B153D01B5005E85E2 /* EGORefreshTableHeaderView.h */,
				B7BC706C153D01B5005E85E2 /* EGORefreshTableHeaderView.m */,
			);
			path = RefreshTableHeaderView;
			sourceTree = "<group>";
		};
		B7BC7080153D01D7005E85E2 /* Model */ = {
			isa = PBXGroup;
			children = (
				5A42F53E175A2AD200792109 /* dataSave */,
				5A4E63BF169928580075456C /* waiteModel */,
				B7BC7248153D0253005E85E2 /* BaseViewControllerModel */,
				B7BC7250153D0253005E85E2 /* TableModel */,
			);
			path = Model;
			sourceTree = "<group>";
		};
		B7BC723B153D023B005E85E2 /* GlobalDataSource */ = {
			isa = PBXGroup;
			children = (
				5A5E69F51758BF4900F5DD9E /* FontSizeConfig.h */,
				5A5E69F31758BF0D00F5DD9E /* QuickMethod.h */,
				5A5E69F41758BF0D00F5DD9E /* QuickMethod.m */,
				B7BC723C153D023B005E85E2 /* GlobalDataInfo.h */,
				B7BC723D153D023B005E85E2 /* GlobalPointer.h */,
				B7BC723E153D023B005E85E2 /* GlobalPointer.m */,
				B7BC7240153D023B005E85E2 /* UISizeSetData.h */,
				B7BC7241153D023B005E85E2 /* UserInfoSave.h */,
				B7BC7242153D023B005E85E2 /* UserInfoSave.m */,
				B7BC7243153D023B005E85E2 /* WelcomView.h */,
				B7BC7244153D023B005E85E2 /* WelcomView.m */,
			);
			path = GlobalDataSource;
			sourceTree = "<group>";
		};
		B7BC7248153D0253005E85E2 /* BaseViewControllerModel */ = {
			isa = PBXGroup;
			children = (
				B7BC72A8153D0375005E85E2 /* OperationView.h */,
				B7BC72A9153D0375005E85E2 /* OperationView.m */,
				B7BC7249153D0253005E85E2 /* BaseViewController.h */,
				B7BC724A153D0253005E85E2 /* BaseViewController.m */,
			);
			path = BaseViewControllerModel;
			sourceTree = "<group>";
		};
		B7BC7250153D0253005E85E2 /* TableModel */ = {
			isa = PBXGroup;
			children = (
				5AC79D77175A4DB0006C378A /* BaseTableModel.h */,
				5AC79D78175A4DB0006C378A /* BaseTableModel.m */,
				5AC79D79175A4DB0006C378A /* TableCellModel.h */,
				5AC79D7A175A4DB0006C378A /* TableCellModel.m */,
				5AC79D7B175A4DB0006C378A /* TableViewModel.h */,
				5AC79D7C175A4DB0006C378A /* TableViewModel.m */,
				5AC79D7D175A4DB0006C378A /* TableViewModel.xib */,
				5AC79D6C175A4D32006C378A /* LoadingMoreFooterView */,
			);
			path = TableModel;
			sourceTree = "<group>";
		};
		B7BC741B153D0F29005E85E2 /* ASIHTTPRequst */ = {
			isa = PBXGroup;
			children = (
				B7BC741C153D0F29005E85E2 /* ASIAuthenticationDialog.h */,
				B7BC741D153D0F29005E85E2 /* ASIAuthenticationDialog.m */,
				B7BC741E153D0F29005E85E2 /* ASICacheDelegate.h */,
				B7BC741F153D0F29005E85E2 /* ASIDataCompressor.h */,
				B7BC7420153D0F29005E85E2 /* ASIDataCompressor.m */,
				B7BC7421153D0F29005E85E2 /* ASIDataDecompressor.h */,
				B7BC7422153D0F29005E85E2 /* ASIDataDecompressor.m */,
				B7BC7423153D0F29005E85E2 /* ASIDownloadCache.h */,
				B7BC7424153D0F29005E85E2 /* ASIDownloadCache.m */,
				B7BC7425153D0F29005E85E2 /* ASIFormDataRequest.h */,
				B7BC7426153D0F29005E85E2 /* ASIFormDataRequest.m */,
				B7BC7427153D0F29005E85E2 /* ASIHTTPRequest.h */,
				B7BC7428153D0F29005E85E2 /* ASIHTTPRequest.m */,
				B7BC7429153D0F29005E85E2 /* ASIHTTPRequestConfig.h */,
				B7BC742A153D0F29005E85E2 /* ASIHTTPRequestDelegate.h */,
				B7BC742B153D0F29005E85E2 /* ASIInputStream.h */,
				B7BC742C153D0F29005E85E2 /* ASIInputStream.m */,
				B7BC742D153D0F29005E85E2 /* ASINetworkQueue.h */,
				B7BC742E153D0F29005E85E2 /* ASINetworkQueue.m */,
				B7BC742F153D0F29005E85E2 /* ASIProgressDelegate.h */,
				B7BC7430153D0F29005E85E2 /* External */,
			);
			path = ASIHTTPRequst;
			sourceTree = "<group>";
		};
		B7BC7430153D0F29005E85E2 /* External */ = {
			isa = PBXGroup;
			children = (
				B7BC7431153D0F29005E85E2 /* Reachability */,
			);
			path = External;
			sourceTree = "<group>";
		};
		B7BC7431153D0F29005E85E2 /* Reachability */ = {
			isa = PBXGroup;
			children = (
				B7BC7432153D0F29005E85E2 /* Reachability.h */,
				B7BC7433153D0F29005E85E2 /* Reachability.m */,
			);
			path = Reachability;
			sourceTree = "<group>";
		};
/* End PBXGroup section */

/* Begin PBXNativeTarget section */
		1D6058900D05DD3D006BFB54 /* HundredMillion  */ = {
			isa = PBXNativeTarget;
			buildConfigurationList = 1D6058960D05DD3E006BFB54 /* Build configuration list for PBXNativeTarget "HundredMillion " */;
			buildPhases = (
				1D60588D0D05DD3D006BFB54 /* Resources */,
				1D60588E0D05DD3D006BFB54 /* Sources */,
				1D60588F0D05DD3D006BFB54 /* Frameworks */,
			);
			buildRules = (
			);
			dependencies = (
			);
			name = "HundredMillion ";
			productName = "HundredMillion ";
			productReference = 1D6058910D05DD3D006BFB54 /* HundredMillion .app */;
			productType = "com.apple.product-type.application";
		};
/* End PBXNativeTarget section */

/* Begin PBXProject section */
		29B97313FDCFA39411CA2CEA /* Project object */ = {
			isa = PBXProject;
			buildConfigurationList = C01FCF4E08A954540054247B /* Build configuration list for PBXProject "HundredMillion " */;
			compatibilityVersion = "Xcode 3.2";
			developmentRegion = English;
			hasScannedForEncodings = 1;
			knownRegions = (
				English,
				Japanese,
				French,
				German,
			);
			mainGroup = 29B97314FDCFA39411CA2CEA /* CustomTemplate */;
			projectDirPath = "";
			projectRoot = "";
			targets = (
				1D6058900D05DD3D006BFB54 /* HundredMillion  */,
			);
		};
/* End PBXProject section */

/* Begin PBXResourcesBuildPhase section */
		1D60588D0D05DD3D006BFB54 /* Resources */ = {
			isa = PBXResourcesBuildPhase;
			buildActionMask = 2147483647;
			files = (
				28AD733F0D9D9553002E5188 /* MainWindow.xib in Resources */,
				5A4E63C8169928580075456C /* SVProgressHUD.bundle in Resources */,
				5AC79D81175A4DB0006C378A /* TableViewModel.xib in Resources */,
				5A24A008175B1BFA009A9DCC /* blueArrow@2x.png in Resources */,
				5A24A020175B2504009A9DCC /* appicon_lite.png in Resources */,
				5A24A021175B2504009A9DCC /* appicon_lite@2x.png in Resources */,
				5A24A022175B2504009A9DCC /* Default-568h@2x.png in Resources */,
				5A24A023175B2504009A9DCC /* Default.png in Resources */,
				5A24A024175B2504009A9DCC /* Default@2x.png in Resources */,
				5A24A025175B2504009A9DCC /* left_back_button@2x.png in Resources */,
				5A24A026175B2504009A9DCC /* nabarBgImage.png in Resources */,
				5A24A027175B2504009A9DCC /* rightBarBtnImage.png in Resources */,
				5A24A03A175B3402009A9DCC /* passwordvisibleselectImage.png in Resources */,
				5A24A03B175B3402009A9DCC /* passwordvisibleUnselectImage.png in Resources */,
			);
			runOnlyForDeploymentPostprocessing = 0;
		};
/* End PBXResourcesBuildPhase section */

/* Begin PBXSourcesBuildPhase section */
		1D60588E0D05DD3D006BFB54 /* Sources */ = {
			isa = PBXSourcesBuildPhase;
			buildActionMask = 2147483647;
			files = (
				5A24A00D175B2143009A9DCC /* QuickMethod.m in Sources */,
				5AC79D64175A498B006C378A /* BaseViewController.m in Sources */,
				1D60589B0D05DD56006BFB54 /* main.m in Sources */,
				1D3623260D0F684500981E51 /* HundredMillion_AppDelegate.m in Sources */,
				B7BC703D153D01AD005E85E2 /* NSObject+SBJSON.m in Sources */,
				B7BC703E153D01AD005E85E2 /* NSString+SBJSON.m in Sources */,
				B7BC703F153D01AD005E85E2 /* SBJSON.m in Sources */,
				B7BC7040153D01AD005E85E2 /* SBJsonBase.m in Sources */,
				B7BC7041153D01AD005E85E2 /* SBJsonParser.m in Sources */,
				B7BC7042153D01AD005E85E2 /* SBJsonStreamWriter.m in Sources */,
				B7BC7043153D01AD005E85E2 /* SBJsonWriter.m in Sources */,
				B7BC7047153D01AD005E85E2 /* WSUserMethod.m in Sources */,
				B7BC706F153D01B5005E85E2 /* NSDataAdditions.m in Sources */,
				B7BC7070153D01B5005E85E2 /* NSDictionaryAdditions.m in Sources */,
				B7BC7071153D01B5005E85E2 /* NSStringAdditions.m in Sources */,
				B7BC7072153D01B5005E85E2 /* UIColorAdditions.m in Sources */,
				B7BC7073153D01B5005E85E2 /* UIFontAdditions.m in Sources */,
				B7BC7074153D01B5005E85E2 /* UIImage+Alpha.m in Sources */,
				B7BC7075153D01B5005E85E2 /* UIImage+Resize.m in Sources */,
				B7BC7076153D01B5005E85E2 /* UIImage+RoundedCorner.m in Sources */,
				B7BC7077153D01B5005E85E2 /* UIImage-Extensions.m in Sources */,
				B7BC7078153D01B5005E85E2 /* UITextViewAdditions.m in Sources */,
				B7BC7079153D01B5005E85E2 /* UIView+Hierarchy.m in Sources */,
				B7BC707A153D01B5005E85E2 /* UIViewAdditions.m in Sources */,
				B7BC707B153D01B5005E85E2 /* AFItemView.m in Sources */,
				B7BC707C153D01B5005E85E2 /* AFOpenFlowView.m in Sources */,
				B7BC707D153D01B5005E85E2 /* AFUIImageReflection.m in Sources */,
				B7BC707E153D01B5005E85E2 /* EGORefreshTableHeaderView.m in Sources */,
				B7BC707F153D01B5005E85E2 /* ToolsObject.m in Sources */,
				B7BC7245153D023B005E85E2 /* GlobalPointer.m in Sources */,
				B7BC7246153D023B005E85E2 /* UserInfoSave.m in Sources */,
				B7BC7247153D023B005E85E2 /* WelcomView.m in Sources */,
				B7BC72AA153D0375005E85E2 /* OperationView.m in Sources */,
				B7BC738A153D0903005E85E2 /* TestViewController.m in Sources */,
				B7BC7407153D0E84005E85E2 /* WebService.m in Sources */,
				B7BC7434153D0F29005E85E2 /* ASIAuthenticationDialog.m in Sources */,
				B7BC7435153D0F29005E85E2 /* ASIDataCompressor.m in Sources */,
				B7BC7436153D0F29005E85E2 /* ASIDataDecompressor.m in Sources */,
				B7BC7437153D0F29005E85E2 /* ASIDownloadCache.m in Sources */,
				B7BC7438153D0F29005E85E2 /* ASIFormDataRequest.m in Sources */,
				B7BC7439153D0F29005E85E2 /* ASIHTTPRequest.m in Sources */,
				B7BC743A153D0F29005E85E2 /* ASIInputStream.m in Sources */,
				B7BC743B153D0F29005E85E2 /* ASINetworkQueue.m in Sources */,
				B7BC743C153D0F29005E85E2 /* Reachability.m in Sources */,
				5A4E63C7169928580075456C /* MBProgressHUD.m in Sources */,
				5A4E63C9169928580075456C /* SVProgressHUD.m in Sources */,
				5A4E63CA169928580075456C /* WatingWindow.m in Sources */,
				5A42F532175A29A800792109 /* MKAnnotationView+WebCache.m in Sources */,
				5A42F533175A29A800792109 /* NSData+GIF.m in Sources */,
				5A42F534175A29A800792109 /* SDImageCache.m in Sources */,
				5A42F535175A29A800792109 /* SDWebImageCompat.m in Sources */,
				5A42F536175A29A800792109 /* SDWebImageDecoder.m in Sources */,
				5A42F537175A29A800792109 /* SDWebImageDownloader.m in Sources */,
				5A42F538175A29A800792109 /* SDWebImageDownloaderOperation.m in Sources */,
				5A42F539175A29A800792109 /* SDWebImageManager.m in Sources */,
				5A42F53A175A29A800792109 /* SDWebImagePrefetcher.m in Sources */,
				5A42F53B175A29A800792109 /* UIButton+WebCache.m in Sources */,
				5A42F53C175A29A800792109 /* UIImage+GIF.m in Sources */,
				5A42F53D175A29A800792109 /* UIImageView+WebCache.m in Sources */,
				5A42F544175A2AD200792109 /* DBDataCache.m in Sources */,
				5A42F545175A2AD200792109 /* DBDataCacheManager.m in Sources */,
				5A42F562175A2C9700792109 /* FMDatabase.m in Sources */,
				5A42F563175A2C9700792109 /* FMDatabaseAdditions.m in Sources */,
				5A42F564175A2C9700792109 /* FMDatabasePool.m in Sources */,
				5A42F565175A2C9700792109 /* FMDatabaseQueue.m in Sources */,
				5A42F566175A2C9700792109 /* FMResultSet.m in Sources */,
				5A42F569175A459400792109 /* HomePageViewController.m in Sources */,
				5AC79D68175A4C0F006C378A /* AskPriceRootViewController.m in Sources */,
				5AC79D6B175A4CFC006C378A /* SeachMedicineTableView.m in Sources */,
				5AC79D6F175A4D32006C378A /* LoadingMoreFooterView.m in Sources */,
				5AC79D7E175A4DB0006C378A /* BaseTableModel.m in Sources */,
				5AC79D7F175A4DB0006C378A /* TableCellModel.m in Sources */,
				5AC79D80175A4DB0006C378A /* TableViewModel.m in Sources */,
				5AC79D87175A5232006C378A /* SeachMedicineTableViewCell.m in Sources */,
				5A24A02F175B2C22009A9DCC /* UserCenterViewController.m in Sources */,
				5A24A036175B2DC6009A9DCC /* UserLoginViewController.m in Sources */,
				5A24A044175B4812009A9DCC /* UserRegisteredViewController.m in Sources */,
<<<<<<< HEAD
				5A24A048175B9CB2009A9DCC /* MedicineDetailViewController.m in Sources */,
=======
				C5B19168175B9C8D00759F6C /* ShoppingCartTableView.m in Sources */,
>>>>>>> 7d02aa55467ebbab91f9787da7da6a5f4374efac
			);
			runOnlyForDeploymentPostprocessing = 0;
		};
/* End PBXSourcesBuildPhase section */

/* Begin XCBuildConfiguration section */
		1D6058940D05DD3E006BFB54 /* Debug */ = {
			isa = XCBuildConfiguration;
			buildSettings = {
				ALWAYS_SEARCH_USER_PATHS = NO;
				COPY_PHASE_STRIP = NO;
				GCC_DYNAMIC_NO_PIC = NO;
				GCC_OPTIMIZATION_LEVEL = 0;
				GCC_PRECOMPILE_PREFIX_HEADER = YES;
				GCC_PREFIX_HEADER = HundredMillion__Prefix.pch;
				HEADER_SEARCH_PATHS = "\"$(SRCROOT)/Classes/OtherFrameWork/baiduMap/inc\"";
				INFOPLIST_FILE = "HundredMillion_-Info.plist";
				IPHONEOS_DEPLOYMENT_TARGET = 5.0;
				LIBRARY_SEARCH_PATHS = (
					"$(inherited)",
					"\"$(SRCROOT)/Classes/OtherFrameWork/UMAnalytics_Sdk_2.2.0.OpenUDID\"",
					"\"$(SRCROOT)/Classes/OtherFrameWork/baiduMap/libs/Release-iphoneos\"",
					"\"$(SRCROOT)/Classes/OtherFrameWork/baiduMap/libs/Release-iphonesimulator\"",
					"\"$(SRCROOT)/Classes/OtherFrameWork/baiduMap/",
				);
				OTHER_LDFLAGS = "-ObjC";
				PRODUCT_NAME = "HundredMillion ";
			};
			name = Debug;
		};
		1D6058950D05DD3E006BFB54 /* Release */ = {
			isa = XCBuildConfiguration;
			buildSettings = {
				ALWAYS_SEARCH_USER_PATHS = NO;
				COPY_PHASE_STRIP = YES;
				GCC_PRECOMPILE_PREFIX_HEADER = YES;
				GCC_PREFIX_HEADER = HundredMillion__Prefix.pch;
				HEADER_SEARCH_PATHS = "\"$(SRCROOT)/Classes/OtherFrameWork/baiduMap/inc\"";
				INFOPLIST_FILE = "HundredMillion_-Info.plist";
				IPHONEOS_DEPLOYMENT_TARGET = 5.0;
				LIBRARY_SEARCH_PATHS = (
					"$(inherited)",
					"\"$(SRCROOT)/Classes/OtherFrameWork/UMAnalytics_Sdk_2.2.0.OpenUDID\"",
					"\"$(SRCROOT)/Classes/OtherFrameWork/baiduMap/libs/Release-iphoneos\"",
					"\"$(SRCROOT)/Classes/OtherFrameWork/baiduMap/libs/Release-iphonesimulator\"",
					"\"$(SRCROOT)/Classes/OtherFrameWork/baiduMap/",
				);
				OTHER_LDFLAGS = "-ObjC";
				PRODUCT_NAME = "HundredMillion ";
				VALIDATE_PRODUCT = YES;
			};
			name = Release;
		};
		C01FCF4F08A954540054247B /* Debug */ = {
			isa = XCBuildConfiguration;
			buildSettings = {
				ARCHS = "$(ARCHS_STANDARD_32_BIT)";
				CLANG_ENABLE_OBJC_ARC = YES;
				"CODE_SIGN_IDENTITY[sdk=iphoneos*]" = "iPhone Developer";
				GCC_C_LANGUAGE_STANDARD = c99;
				GCC_WARN_ABOUT_RETURN_TYPE = YES;
				GCC_WARN_UNUSED_VARIABLE = YES;
				IPHONEOS_DEPLOYMENT_TARGET = 5.0;
				PREBINDING = NO;
				SDKROOT = iphoneos;
			};
			name = Debug;
		};
		C01FCF5008A954540054247B /* Release */ = {
			isa = XCBuildConfiguration;
			buildSettings = {
				ARCHS = "$(ARCHS_STANDARD_32_BIT)";
				CLANG_ENABLE_OBJC_ARC = YES;
				"CODE_SIGN_IDENTITY[sdk=iphoneos*]" = "iPhone Developer";
				GCC_C_LANGUAGE_STANDARD = c99;
				GCC_WARN_ABOUT_RETURN_TYPE = YES;
				GCC_WARN_UNUSED_VARIABLE = YES;
				IPHONEOS_DEPLOYMENT_TARGET = 5.0;
				OTHER_CFLAGS = "-DNS_BLOCK_ASSERTIONS=1";
				PREBINDING = NO;
				SDKROOT = iphoneos;
			};
			name = Release;
		};
/* End XCBuildConfiguration section */

/* Begin XCConfigurationList section */
		1D6058960D05DD3E006BFB54 /* Build configuration list for PBXNativeTarget "HundredMillion " */ = {
			isa = XCConfigurationList;
			buildConfigurations = (
				1D6058940D05DD3E006BFB54 /* Debug */,
				1D6058950D05DD3E006BFB54 /* Release */,
			);
			defaultConfigurationIsVisible = 0;
			defaultConfigurationName = Release;
		};
		C01FCF4E08A954540054247B /* Build configuration list for PBXProject "HundredMillion " */ = {
			isa = XCConfigurationList;
			buildConfigurations = (
				C01FCF4F08A954540054247B /* Debug */,
				C01FCF5008A954540054247B /* Release */,
			);
			defaultConfigurationIsVisible = 0;
			defaultConfigurationName = Release;
		};
/* End XCConfigurationList section */
	};
	rootObject = 29B97313FDCFA39411CA2CEA /* Project object */;
}
